
Microsoft Visual Studio Solution File, Format Version 12.00
# Visual Studio 15
VisualStudioVersion = 15.0.27004.2010
MinimumVisualStudioVersion = 10.0.40219.1
Project("{9A19103F-16F7-4668-BE54-9A1E7A4F7556}") = "VSS.MasterData.Models", "VSS.MasterData.Models.csproj", "{D1D4FC70-DA13-4E18-AC10-06A8636A07F5}"
EndProject
Project("{9A19103F-16F7-4668-BE54-9A1E7A4F7556}") = "VSS.MasterData.Models.UnitTests", "..\test\UnitTests\VSS.MasterData.Models.UnitTests.csproj", "{312BAA53-21D3-448C-9330-34877972AFD7}"
EndProject
Global
	GlobalSection(SolutionConfigurationPlatforms) = preSolution
		Debug|Any CPU = Debug|Any CPU
		Release|Any CPU = Release|Any CPU
	EndGlobalSection
	GlobalSection(ProjectConfigurationPlatforms) = postSolution
		{D1D4FC70-DA13-4E18-AC10-06A8636A07F5}.Debug|Any CPU.ActiveCfg = Debug|Any CPU
		{D1D4FC70-DA13-4E18-AC10-06A8636A07F5}.Debug|Any CPU.Build.0 = Debug|Any CPU
		{D1D4FC70-DA13-4E18-AC10-06A8636A07F5}.Release|Any CPU.ActiveCfg = Release|Any CPU
		{D1D4FC70-DA13-4E18-AC10-06A8636A07F5}.Release|Any CPU.Build.0 = Release|Any CPU
		{312BAA53-21D3-448C-9330-34877972AFD7}.Debug|Any CPU.ActiveCfg = Debug|Any CPU
		{312BAA53-21D3-448C-9330-34877972AFD7}.Debug|Any CPU.Build.0 = Debug|Any CPU
		{312BAA53-21D3-448C-9330-34877972AFD7}.Release|Any CPU.ActiveCfg = Release|Any CPU
		{312BAA53-21D3-448C-9330-34877972AFD7}.Release|Any CPU.Build.0 = Release|Any CPU
	EndGlobalSection
	GlobalSection(SolutionProperties) = preSolution
		HideSolutionNode = FALSE
	EndGlobalSection
	GlobalSection(ExtensibilityGlobals) = postSolution
		SolutionGuid = {B73E89B2-0F65-4788-B054-D0722BAB3232}
	EndGlobalSection
EndGlobal
