
Microsoft Visual Studio Solution File, Format Version 12.00
# Visual Studio 15
VisualStudioVersion = 15.0.28307.106
MinimumVisualStudioVersion = 10.0.40219.1
Project("{9A19103F-16F7-4668-BE54-9A1E7A4F7556}") = "VSS.Productivity3D.Push", "Service\VSS.Productivity3D.Push\VSS.Productivity3D.Push.csproj", "{9BE94CB1-488F-4764-8093-6921B330C82E}"
EndProject
Project("{9A19103F-16F7-4668-BE54-9A1E7A4F7556}") = "VSS.WebApi.Common", "..\..\Common\WebApi.Common\src\VSS.WebApi.Common.csproj", "{E03E16D6-99B5-4E35-A582-870159F5722B}"
EndProject
Project("{9A19103F-16F7-4668-BE54-9A1E7A4F7556}") = "VSS.Log4NetExtensions", "..\..\Common\log4netExtensions\src\VSS.Log4NetExtensions.csproj", "{E36043CA-29C5-492C-AB37-15493B85B05D}"
EndProject
Project("{9A19103F-16F7-4668-BE54-9A1E7A4F7556}") = "VSS.ConfigurationStore", "..\..\Common\ConfigurationStore\src\VSS.ConfigurationStore.csproj", "{5B1E5F70-D367-4D05-87EE-766399EFC30C}"
EndProject
Project("{9A19103F-16F7-4668-BE54-9A1E7A4F7556}") = "VSS.MasterData.Proxies", "..\..\Common\MasterDataProxies\src\VSS.MasterData.Proxies.csproj", "{8101149A-ED4B-44B0-AD8E-182EECE78231}"
EndProject
Project("{9A19103F-16F7-4668-BE54-9A1E7A4F7556}") = "VSS.MasterData.Models", "..\..\Common\MasterDataModels\src\VSS.MasterData.Models.csproj", "{7040A511-4B8A-4B49-A8EA-93803B7B92ED}"
EndProject
Project("{9A19103F-16F7-4668-BE54-9A1E7A4F7556}") = "VSS.MasterData.Repositories", "..\..\Common\MasterDataRepositories\src\VSS.MasterData.Repositories.csproj", "{6AEE3685-99BA-4E77-807A-9F943227FC15}"
EndProject
Project("{9A19103F-16F7-4668-BE54-9A1E7A4F7556}") = "VSS.ITask", "..\..\Common\ITask\src\VSS.ITask.csproj", "{737D849E-4FAC-44F5-B55D-E320DD028073}"
EndProject
Project("{9A19103F-16F7-4668-BE54-9A1E7A4F7556}") = "VSS.Productivity3D.Models", "..\..\Common\Productivity3DModels\src\VSS.Productivity3D.Models.csproj", "{C198BE07-7FFF-4BC8-AFA1-2476C632A048}"
EndProject
Project("{9A19103F-16F7-4668-BE54-9A1E7A4F7556}") = "VSS.Productivity3D.Push.Hubs", "Service\VSS.Productivity3D.Push.Hubs\VSS.Productivity3D.Push.Hubs.csproj", "{A25F4EE8-E393-46E2-AEEE-878215E5394C}"
EndProject
Project("{2150E333-8FDC-42A3-9474-1A3956D46DE8}") = "Common", "Common", "{3ABBCA23-159B-4EAB-A1FA-9D424192C07A}"
EndProject
Project("{2150E333-8FDC-42A3-9474-1A3956D46DE8}") = "Service", "Service", "{8E4B1B81-064E-4D02-A39B-9ACA3837D50D}"
EndProject
Project("{2150E333-8FDC-42A3-9474-1A3956D46DE8}") = "Abstractions", "Abstractions", "{02BE9F26-05A8-4A22-A656-522B552CB582}"
EndProject
Project("{9A19103F-16F7-4668-BE54-9A1E7A4F7556}") = "VSS.Productivity3D.Push.Abstractions", "Abstractions\VSS.Productivity3D.Push.Abstractions\VSS.Productivity3D.Push.Abstractions.csproj", "{E74054A3-2E6A-4F91-B71D-BF4270077ADC}"
EndProject
Project("{2150E333-8FDC-42A3-9474-1A3956D46DE8}") = "Clients", "Clients", "{332407B5-74D0-418E-AB72-D4D66E58C49A}"
EndProject
Project("{9A19103F-16F7-4668-BE54-9A1E7A4F7556}") = "VSS.Productivity3D.Push.Clients", "Clients\VSS.Productivity3D.Push.Clients\VSS.Productivity3D.Push.Clients.csproj", "{6D7D4FDA-D081-458C-9B05-08DEFF9F021F}"
EndProject
Project("{9A19103F-16F7-4668-BE54-9A1E7A4F7556}") = "VSS.Productivity3D.Push.WebAPI", "WebAPI\VSS.Productivity3D.Push.WebAPI\VSS.Productivity3D.Push.WebAPI.csproj", "{CCA6902B-B385-4C69-9CEB-024529B6C826}"
EndProject
Project("{2150E333-8FDC-42A3-9474-1A3956D46DE8}") = "WebAPI", "WebAPI", "{1C41E96B-C688-4087-B51E-6E0E5047D289}"
EndProject
Project("{2150E333-8FDC-42A3-9474-1A3956D46DE8}") = "Models", "Models", "{F25A662F-94DF-408B-B865-8633EB0033AD}"
EndProject
Project("{9A19103F-16F7-4668-BE54-9A1E7A4F7556}") = "VSS.Productivity.Push.Models", "Models\VSS.Productivity.Push.Models\VSS.Productivity.Push.Models.csproj", "{B6AAC47E-DFD2-41A8-82B0-87CCCA6E63D1}"
EndProject
Project("{FAE04EC0-301F-11D3-BF4B-00C04F79EFBC}") = "VSS.Productivity3D.Push.UnitTests", "test\VSS.Productivity3D.Push.UnitTests\VSS.Productivity3D.Push.UnitTests.csproj", "{888016FE-9457-4992-B821-B663D8A2420A}"
EndProject
Project("{2150E333-8FDC-42A3-9474-1A3956D46DE8}") = "UnitTests", "UnitTests", "{997D953A-DA04-47FD-B958-9B7B4F1C6295}"
EndProject
Global
	GlobalSection(SolutionConfigurationPlatforms) = preSolution
		Debug|Any CPU = Debug|Any CPU
		Release|Any CPU = Release|Any CPU
	EndGlobalSection
	GlobalSection(ProjectConfigurationPlatforms) = postSolution
		{9BE94CB1-488F-4764-8093-6921B330C82E}.Debug|Any CPU.ActiveCfg = Debug|Any CPU
		{9BE94CB1-488F-4764-8093-6921B330C82E}.Debug|Any CPU.Build.0 = Debug|Any CPU
		{9BE94CB1-488F-4764-8093-6921B330C82E}.Release|Any CPU.ActiveCfg = Release|Any CPU
		{9BE94CB1-488F-4764-8093-6921B330C82E}.Release|Any CPU.Build.0 = Release|Any CPU
		{E03E16D6-99B5-4E35-A582-870159F5722B}.Debug|Any CPU.ActiveCfg = Debug|Any CPU
		{E03E16D6-99B5-4E35-A582-870159F5722B}.Debug|Any CPU.Build.0 = Debug|Any CPU
		{E03E16D6-99B5-4E35-A582-870159F5722B}.Release|Any CPU.ActiveCfg = Release|Any CPU
		{E03E16D6-99B5-4E35-A582-870159F5722B}.Release|Any CPU.Build.0 = Release|Any CPU
		{E36043CA-29C5-492C-AB37-15493B85B05D}.Debug|Any CPU.ActiveCfg = Debug|Any CPU
		{E36043CA-29C5-492C-AB37-15493B85B05D}.Debug|Any CPU.Build.0 = Debug|Any CPU
		{E36043CA-29C5-492C-AB37-15493B85B05D}.Release|Any CPU.ActiveCfg = Release|Any CPU
		{E36043CA-29C5-492C-AB37-15493B85B05D}.Release|Any CPU.Build.0 = Release|Any CPU
		{5B1E5F70-D367-4D05-87EE-766399EFC30C}.Debug|Any CPU.ActiveCfg = Debug|Any CPU
		{5B1E5F70-D367-4D05-87EE-766399EFC30C}.Debug|Any CPU.Build.0 = Debug|Any CPU
		{5B1E5F70-D367-4D05-87EE-766399EFC30C}.Release|Any CPU.ActiveCfg = Release|Any CPU
		{5B1E5F70-D367-4D05-87EE-766399EFC30C}.Release|Any CPU.Build.0 = Release|Any CPU
		{8101149A-ED4B-44B0-AD8E-182EECE78231}.Debug|Any CPU.ActiveCfg = Debug|Any CPU
		{8101149A-ED4B-44B0-AD8E-182EECE78231}.Debug|Any CPU.Build.0 = Debug|Any CPU
		{8101149A-ED4B-44B0-AD8E-182EECE78231}.Release|Any CPU.ActiveCfg = Release|Any CPU
		{8101149A-ED4B-44B0-AD8E-182EECE78231}.Release|Any CPU.Build.0 = Release|Any CPU
		{7040A511-4B8A-4B49-A8EA-93803B7B92ED}.Debug|Any CPU.ActiveCfg = Debug|Any CPU
		{7040A511-4B8A-4B49-A8EA-93803B7B92ED}.Debug|Any CPU.Build.0 = Debug|Any CPU
		{7040A511-4B8A-4B49-A8EA-93803B7B92ED}.Release|Any CPU.ActiveCfg = Release|Any CPU
		{7040A511-4B8A-4B49-A8EA-93803B7B92ED}.Release|Any CPU.Build.0 = Release|Any CPU
		{6AEE3685-99BA-4E77-807A-9F943227FC15}.Debug|Any CPU.ActiveCfg = Debug|Any CPU
		{6AEE3685-99BA-4E77-807A-9F943227FC15}.Debug|Any CPU.Build.0 = Debug|Any CPU
		{6AEE3685-99BA-4E77-807A-9F943227FC15}.Release|Any CPU.ActiveCfg = Release|Any CPU
		{6AEE3685-99BA-4E77-807A-9F943227FC15}.Release|Any CPU.Build.0 = Release|Any CPU
		{737D849E-4FAC-44F5-B55D-E320DD028073}.Debug|Any CPU.ActiveCfg = Debug|Any CPU
		{737D849E-4FAC-44F5-B55D-E320DD028073}.Debug|Any CPU.Build.0 = Debug|Any CPU
		{737D849E-4FAC-44F5-B55D-E320DD028073}.Release|Any CPU.ActiveCfg = Release|Any CPU
		{737D849E-4FAC-44F5-B55D-E320DD028073}.Release|Any CPU.Build.0 = Release|Any CPU
		{C198BE07-7FFF-4BC8-AFA1-2476C632A048}.Debug|Any CPU.ActiveCfg = Debug|Any CPU
		{C198BE07-7FFF-4BC8-AFA1-2476C632A048}.Debug|Any CPU.Build.0 = Debug|Any CPU
		{C198BE07-7FFF-4BC8-AFA1-2476C632A048}.Release|Any CPU.ActiveCfg = Release|Any CPU
		{C198BE07-7FFF-4BC8-AFA1-2476C632A048}.Release|Any CPU.Build.0 = Release|Any CPU
		{A25F4EE8-E393-46E2-AEEE-878215E5394C}.Debug|Any CPU.ActiveCfg = Debug|Any CPU
		{A25F4EE8-E393-46E2-AEEE-878215E5394C}.Debug|Any CPU.Build.0 = Debug|Any CPU
		{A25F4EE8-E393-46E2-AEEE-878215E5394C}.Release|Any CPU.ActiveCfg = Release|Any CPU
		{A25F4EE8-E393-46E2-AEEE-878215E5394C}.Release|Any CPU.Build.0 = Release|Any CPU
		{E74054A3-2E6A-4F91-B71D-BF4270077ADC}.Debug|Any CPU.ActiveCfg = Debug|Any CPU
		{E74054A3-2E6A-4F91-B71D-BF4270077ADC}.Debug|Any CPU.Build.0 = Debug|Any CPU
		{E74054A3-2E6A-4F91-B71D-BF4270077ADC}.Release|Any CPU.ActiveCfg = Release|Any CPU
		{E74054A3-2E6A-4F91-B71D-BF4270077ADC}.Release|Any CPU.Build.0 = Release|Any CPU
		{6D7D4FDA-D081-458C-9B05-08DEFF9F021F}.Debug|Any CPU.ActiveCfg = Debug|Any CPU
		{6D7D4FDA-D081-458C-9B05-08DEFF9F021F}.Debug|Any CPU.Build.0 = Debug|Any CPU
		{6D7D4FDA-D081-458C-9B05-08DEFF9F021F}.Release|Any CPU.ActiveCfg = Release|Any CPU
		{6D7D4FDA-D081-458C-9B05-08DEFF9F021F}.Release|Any CPU.Build.0 = Release|Any CPU
		{CCA6902B-B385-4C69-9CEB-024529B6C826}.Debug|Any CPU.ActiveCfg = Debug|Any CPU
		{CCA6902B-B385-4C69-9CEB-024529B6C826}.Debug|Any CPU.Build.0 = Debug|Any CPU
		{CCA6902B-B385-4C69-9CEB-024529B6C826}.Release|Any CPU.ActiveCfg = Release|Any CPU
		{CCA6902B-B385-4C69-9CEB-024529B6C826}.Release|Any CPU.Build.0 = Release|Any CPU
		{B6AAC47E-DFD2-41A8-82B0-87CCCA6E63D1}.Debug|Any CPU.ActiveCfg = Debug|Any CPU
		{B6AAC47E-DFD2-41A8-82B0-87CCCA6E63D1}.Debug|Any CPU.Build.0 = Debug|Any CPU
		{B6AAC47E-DFD2-41A8-82B0-87CCCA6E63D1}.Release|Any CPU.ActiveCfg = Release|Any CPU
		{B6AAC47E-DFD2-41A8-82B0-87CCCA6E63D1}.Release|Any CPU.Build.0 = Release|Any CPU
		{888016FE-9457-4992-B821-B663D8A2420A}.Debug|Any CPU.ActiveCfg = Debug|Any CPU
		{888016FE-9457-4992-B821-B663D8A2420A}.Debug|Any CPU.Build.0 = Debug|Any CPU
		{888016FE-9457-4992-B821-B663D8A2420A}.Release|Any CPU.ActiveCfg = Release|Any CPU
		{888016FE-9457-4992-B821-B663D8A2420A}.Release|Any CPU.Build.0 = Release|Any CPU
	EndGlobalSection
	GlobalSection(SolutionProperties) = preSolution
		HideSolutionNode = FALSE
	EndGlobalSection
	GlobalSection(NestedProjects) = preSolution
		{9BE94CB1-488F-4764-8093-6921B330C82E} = {8E4B1B81-064E-4D02-A39B-9ACA3837D50D}
		{E03E16D6-99B5-4E35-A582-870159F5722B} = {3ABBCA23-159B-4EAB-A1FA-9D424192C07A}
		{E36043CA-29C5-492C-AB37-15493B85B05D} = {3ABBCA23-159B-4EAB-A1FA-9D424192C07A}
		{5B1E5F70-D367-4D05-87EE-766399EFC30C} = {3ABBCA23-159B-4EAB-A1FA-9D424192C07A}
		{8101149A-ED4B-44B0-AD8E-182EECE78231} = {3ABBCA23-159B-4EAB-A1FA-9D424192C07A}
		{7040A511-4B8A-4B49-A8EA-93803B7B92ED} = {3ABBCA23-159B-4EAB-A1FA-9D424192C07A}
		{6AEE3685-99BA-4E77-807A-9F943227FC15} = {3ABBCA23-159B-4EAB-A1FA-9D424192C07A}
		{737D849E-4FAC-44F5-B55D-E320DD028073} = {3ABBCA23-159B-4EAB-A1FA-9D424192C07A}
		{C198BE07-7FFF-4BC8-AFA1-2476C632A048} = {3ABBCA23-159B-4EAB-A1FA-9D424192C07A}
		{A25F4EE8-E393-46E2-AEEE-878215E5394C} = {8E4B1B81-064E-4D02-A39B-9ACA3837D50D}
		{E74054A3-2E6A-4F91-B71D-BF4270077ADC} = {02BE9F26-05A8-4A22-A656-522B552CB582}
		{6D7D4FDA-D081-458C-9B05-08DEFF9F021F} = {332407B5-74D0-418E-AB72-D4D66E58C49A}
		{CCA6902B-B385-4C69-9CEB-024529B6C826} = {1C41E96B-C688-4087-B51E-6E0E5047D289}
		{B6AAC47E-DFD2-41A8-82B0-87CCCA6E63D1} = {F25A662F-94DF-408B-B865-8633EB0033AD}
		{888016FE-9457-4992-B821-B663D8A2420A} = {997D953A-DA04-47FD-B958-9B7B4F1C6295}
	EndGlobalSection
	GlobalSection(ExtensibilityGlobals) = postSolution
		SolutionGuid = {BFE4CFD0-6FE9-49B2-9465-9D9778699F4A}
	EndGlobalSection
EndGlobal
