
Microsoft Visual Studio Solution File, Format Version 12.00
# Visual Studio 2013
VisualStudioVersion = 12.0.40629.0
MinimumVisualStudioVersion = 10.0.40219.1
Project("{FAE04EC0-301F-11D3-BF4B-00C04F79EFBC}") = "LandfillService.WebApi", "LandfillService.WebApi\LandfillService.WebApi.csproj", "{7C668FB5-BAD8-4D01-89AD-8F957BC614B2}"
EndProject
Project("{FAE04EC0-301F-11D3-BF4B-00C04F79EFBC}") = "LandfillService.Tests", "LandfillService.Tests\LandfillService.Tests.csproj", "{92FF1118-05E9-4AB9-AE92-5866976881CA}"
EndProject
Project("{FAE04EC0-301F-11D3-BF4B-00C04F79EFBC}") = "LandfillService.Common", "Common\LandfillService.Common.csproj", "{BC7A519A-3DD6-4EB2-95A7-C8917F79AC15}"
EndProject
Project("{FAE04EC0-301F-11D3-BF4B-00C04F79EFBC}") = "LandfillService.AcceptanceTests", "LandfillService.AcceptanceTests\LandfillService.AcceptanceTests.csproj", "{111E1767-DB5B-4F5F-8620-45F779ED95CE}"
	ProjectSection(ProjectDependencies) = postProject
		{7C668FB5-BAD8-4D01-89AD-8F957BC614B2} = {7C668FB5-BAD8-4D01-89AD-8F957BC614B2}
	EndProjectSection
EndProject
Project("{2150E333-8FDC-42A3-9474-1A3956D46DE8}") = ".nuget", ".nuget", "{8F805427-0E0D-4C0C-B44E-744C714CDC30}"
	ProjectSection(SolutionItems) = preProject
		.nuget\NuGet.Config = .nuget\NuGet.Config
		.nuget\NuGet.exe = .nuget\NuGet.exe
	EndProjectSection
EndProject
Project("{FAE04EC0-301F-11D3-BF4B-00C04F79EFBC}") = "LandFillServiceDataSynchronizer", "LandFillServiceDataSynchronizer\LandFillServiceDataSynchronizer.csproj", "{14532BBA-AB6A-4CDA-99B1-04FB7C9AEEE2}"
EndProject
Global
	GlobalSection(SolutionConfigurationPlatforms) = preSolution
		Debug|Any CPU = Debug|Any CPU
		DeployToFolderForDev|Any CPU = DeployToFolderForDev|Any CPU
		DeployToFolderForT01|Any CPU = DeployToFolderForT01|Any CPU
		Release|Any CPU = Release|Any CPU
	EndGlobalSection
	GlobalSection(ProjectConfigurationPlatforms) = postSolution
		{7C668FB5-BAD8-4D01-89AD-8F957BC614B2}.Debug|Any CPU.ActiveCfg = Debug|Any CPU
		{7C668FB5-BAD8-4D01-89AD-8F957BC614B2}.Debug|Any CPU.Build.0 = Debug|Any CPU
		{7C668FB5-BAD8-4D01-89AD-8F957BC614B2}.DeployToFolderForDev|Any CPU.ActiveCfg = DeployToFolderForDev|Any CPU
		{7C668FB5-BAD8-4D01-89AD-8F957BC614B2}.DeployToFolderForDev|Any CPU.Build.0 = DeployToFolderForDev|Any CPU
		{7C668FB5-BAD8-4D01-89AD-8F957BC614B2}.DeployToFolderForT01|Any CPU.ActiveCfg = DeployToFolderForT01|Any CPU
		{7C668FB5-BAD8-4D01-89AD-8F957BC614B2}.DeployToFolderForT01|Any CPU.Build.0 = DeployToFolderForT01|Any CPU
		{7C668FB5-BAD8-4D01-89AD-8F957BC614B2}.Release|Any CPU.ActiveCfg = Release|Any CPU
		{7C668FB5-BAD8-4D01-89AD-8F957BC614B2}.Release|Any CPU.Build.0 = Release|Any CPU
		{92FF1118-05E9-4AB9-AE92-5866976881CA}.Debug|Any CPU.ActiveCfg = Debug|Any CPU
		{92FF1118-05E9-4AB9-AE92-5866976881CA}.Debug|Any CPU.Build.0 = Debug|Any CPU
		{92FF1118-05E9-4AB9-AE92-5866976881CA}.DeployToFolderForDev|Any CPU.ActiveCfg = DeployToFolderForDev|Any CPU
		{92FF1118-05E9-4AB9-AE92-5866976881CA}.DeployToFolderForDev|Any CPU.Build.0 = DeployToFolderForDev|Any CPU
		{92FF1118-05E9-4AB9-AE92-5866976881CA}.DeployToFolderForT01|Any CPU.ActiveCfg = DeployToFolderForT01|Any CPU
		{92FF1118-05E9-4AB9-AE92-5866976881CA}.DeployToFolderForT01|Any CPU.Build.0 = DeployToFolderForT01|Any CPU
		{92FF1118-05E9-4AB9-AE92-5866976881CA}.Release|Any CPU.ActiveCfg = Release|Any CPU
		{92FF1118-05E9-4AB9-AE92-5866976881CA}.Release|Any CPU.Build.0 = Release|Any CPU
		{BC7A519A-3DD6-4EB2-95A7-C8917F79AC15}.Debug|Any CPU.ActiveCfg = Debug|Any CPU
		{BC7A519A-3DD6-4EB2-95A7-C8917F79AC15}.Debug|Any CPU.Build.0 = Debug|Any CPU
		{BC7A519A-3DD6-4EB2-95A7-C8917F79AC15}.DeployToFolderForDev|Any CPU.ActiveCfg = DeployToFolderForDev|Any CPU
		{BC7A519A-3DD6-4EB2-95A7-C8917F79AC15}.DeployToFolderForDev|Any CPU.Build.0 = DeployToFolderForDev|Any CPU
		{BC7A519A-3DD6-4EB2-95A7-C8917F79AC15}.DeployToFolderForT01|Any CPU.ActiveCfg = DeployToFolderForT01|Any CPU
		{BC7A519A-3DD6-4EB2-95A7-C8917F79AC15}.DeployToFolderForT01|Any CPU.Build.0 = DeployToFolderForT01|Any CPU
		{BC7A519A-3DD6-4EB2-95A7-C8917F79AC15}.Release|Any CPU.ActiveCfg = Release|Any CPU
		{BC7A519A-3DD6-4EB2-95A7-C8917F79AC15}.Release|Any CPU.Build.0 = Release|Any CPU
		{111E1767-DB5B-4F5F-8620-45F779ED95CE}.Debug|Any CPU.ActiveCfg = Debug|Any CPU
		{111E1767-DB5B-4F5F-8620-45F779ED95CE}.Debug|Any CPU.Build.0 = Debug|Any CPU
		{111E1767-DB5B-4F5F-8620-45F779ED95CE}.DeployToFolderForDev|Any CPU.ActiveCfg = DeployToFolderForDev|Any CPU
		{111E1767-DB5B-4F5F-8620-45F779ED95CE}.DeployToFolderForDev|Any CPU.Build.0 = DeployToFolderForDev|Any CPU
		{111E1767-DB5B-4F5F-8620-45F779ED95CE}.DeployToFolderForT01|Any CPU.ActiveCfg = DeployToFolderForT01|Any CPU
		{111E1767-DB5B-4F5F-8620-45F779ED95CE}.DeployToFolderForT01|Any CPU.Build.0 = DeployToFolderForT01|Any CPU
		{111E1767-DB5B-4F5F-8620-45F779ED95CE}.Release|Any CPU.ActiveCfg = Release|Any CPU
		{111E1767-DB5B-4F5F-8620-45F779ED95CE}.Release|Any CPU.Build.0 = Release|Any CPU
		{14532BBA-AB6A-4CDA-99B1-04FB7C9AEEE2}.Debug|Any CPU.ActiveCfg = Debug|Any CPU
		{14532BBA-AB6A-4CDA-99B1-04FB7C9AEEE2}.Debug|Any CPU.Build.0 = Debug|Any CPU
		{14532BBA-AB6A-4CDA-99B1-04FB7C9AEEE2}.DeployToFolderForDev|Any CPU.ActiveCfg = Release|Any CPU
		{14532BBA-AB6A-4CDA-99B1-04FB7C9AEEE2}.DeployToFolderForDev|Any CPU.Build.0 = Release|Any CPU
		{14532BBA-AB6A-4CDA-99B1-04FB7C9AEEE2}.DeployToFolderForT01|Any CPU.ActiveCfg = Debug|Any CPU
		{14532BBA-AB6A-4CDA-99B1-04FB7C9AEEE2}.DeployToFolderForT01|Any CPU.Build.0 = Debug|Any CPU
		{14532BBA-AB6A-4CDA-99B1-04FB7C9AEEE2}.Release|Any CPU.ActiveCfg = Release|Any CPU
		{14532BBA-AB6A-4CDA-99B1-04FB7C9AEEE2}.Release|Any CPU.Build.0 = Release|Any CPU
	EndGlobalSection
	GlobalSection(SolutionProperties) = preSolution
		HideSolutionNode = FALSE
	EndGlobalSection
EndGlobal
