
Microsoft Visual Studio Solution File, Format Version 12.00
# Visual Studio 15
VisualStudioVersion = 15.0.27130.2020
MinimumVisualStudioVersion = 10.0.40219.1
Project("{2150E333-8FDC-42A3-9474-1A3956D46DE8}") = "src", "src", "{E515E228-BB40-40EA-92A9-A3332492F16E}"
EndProject
Project("{2150E333-8FDC-42A3-9474-1A3956D46DE8}") = "test", "test", "{853CE658-98F7-40F5-A180-F7841E1B7689}"
EndProject
Project("{2150E333-8FDC-42A3-9474-1A3956D46DE8}") = "UnitTests", "UnitTests", "{F214C460-58CD-4C60-8459-E4DD3451588B}"
EndProject
Project("{2150E333-8FDC-42A3-9474-1A3956D46DE8}") = "Solution Items", "Solution Items", "{10857FA4-B367-4356-83BF-7E672F62AB3A}"
EndProject
Project("{9A19103F-16F7-4668-BE54-9A1E7A4F7556}") = "VSS.Productivity3D.Common.Local", "src\Common\VSS.Productivity3D.Common.Local.csproj", "{644E221B-227F-46B1-9E01-373D3D416456}"
EndProject
Project("{9A19103F-16F7-4668-BE54-9A1E7A4F7556}") = "VSS.Productivity3D.WebApi.Local", "src\WebApi\VSS.Productivity3D.WebApi.Local.csproj", "{C684D915-FD67-46AB-8E99-B6709DD8E1D6}"
EndProject
Project("{9A19103F-16F7-4668-BE54-9A1E7A4F7556}") = "VSS.Productivity3D.WebApi.Models.Local", "src\WebApiModels\VSS.Productivity3D.WebApi.Models.Local.csproj", "{0738C3C1-8879-4A71-8025-8CD0D3541AB0}"
EndProject
Project("{9A19103F-16F7-4668-BE54-9A1E7A4F7556}") = "WebApiTests.Local", "test\UnitTests\WebApiTests\WebApiTests.Local.csproj", "{BC3F0CEF-20A3-4A41-9D81-376760EA97AA}"
EndProject
Project("{9A19103F-16F7-4668-BE54-9A1E7A4F7556}") = "Microsoft.AspNetCore.ResponseCaching", "src\ResponseCaching\src\Microsoft.AspNetCore.ResponseCaching\Microsoft.AspNetCore.ResponseCaching.csproj", "{FF15A01B-7441-44EF-B74F-8C79EF47EF6B}"
EndProject
Project("{9A19103F-16F7-4668-BE54-9A1E7A4F7556}") = "VSS.ConfigurationStore.Local", "..\MerinoSandbox\ConfigurationStore\src\VSS.ConfigurationStore.Local.csproj", "{0FC4083E-6301-4B1A-81F4-18768D90B664}"
EndProject
Project("{9A19103F-16F7-4668-BE54-9A1E7A4F7556}") = "VSS.Log4NetExtensions.Local", "..\MerinoSandbox\log4netExtensions\src\VSS.Log4NetExtensions.Local.csproj", "{8E9784FC-CE36-4573-9C8E-20CF0DD49647}"
EndProject
Project("{9A19103F-16F7-4668-BE54-9A1E7A4F7556}") = "VSS.MasterData.Models.Local", "..\MerinoSandbox\MasterDataModels\src\VSS.MasterData.Models.Local.csproj", "{0C6A4031-390B-426B-A5D3-ABEB5C0719AE}"
EndProject
Project("{9A19103F-16F7-4668-BE54-9A1E7A4F7556}") = "VSS.MasterData.Proxies.Local", "..\MerinoSandbox\MasterDataProxies\src\VSS.MasterData.Proxies.Local.csproj", "{8309F7B9-3173-4050-975F-BE2075DE9E76}"
EndProject
Project("{9A19103F-16F7-4668-BE54-9A1E7A4F7556}") = "VSS.TCCFileAccess.Local", "..\MerinoSandbox\TCCFileAccess\src\VSS.TCCFileAccess.Local.csproj", "{E702CE80-589A-4A0A-B7F0-650A176E3F17}"
EndProject
Project("{9A19103F-16F7-4668-BE54-9A1E7A4F7556}") = "VSS.FlowJSHandler", "..\MerinoSandbox\FlowJSMVC\src\VSS.FlowJSHandler.csproj", "{325ADEEB-0FFC-4D9F-85BE-1418DBACEADF}"
EndProject
Global
	GlobalSection(SolutionConfigurationPlatforms) = preSolution
		Debug|x64 = Debug|x64
		Debug|x86 = Debug|x86
		Release|x64 = Release|x64
		Release|x86 = Release|x86
	EndGlobalSection
	GlobalSection(ProjectConfigurationPlatforms) = postSolution
		{644E221B-227F-46B1-9E01-373D3D416456}.Debug|x64.ActiveCfg = Debug|x64
		{644E221B-227F-46B1-9E01-373D3D416456}.Debug|x64.Build.0 = Debug|x64
		{644E221B-227F-46B1-9E01-373D3D416456}.Debug|x86.ActiveCfg = Debug|x86
		{644E221B-227F-46B1-9E01-373D3D416456}.Debug|x86.Build.0 = Debug|x86
		{644E221B-227F-46B1-9E01-373D3D416456}.Release|x64.ActiveCfg = Release|x64
		{644E221B-227F-46B1-9E01-373D3D416456}.Release|x64.Build.0 = Release|x64
		{644E221B-227F-46B1-9E01-373D3D416456}.Release|x86.ActiveCfg = Release|x86
		{644E221B-227F-46B1-9E01-373D3D416456}.Release|x86.Build.0 = Release|x86
		{C684D915-FD67-46AB-8E99-B6709DD8E1D6}.Debug|x64.ActiveCfg = Debug|x64
		{C684D915-FD67-46AB-8E99-B6709DD8E1D6}.Debug|x64.Build.0 = Debug|x64
		{C684D915-FD67-46AB-8E99-B6709DD8E1D6}.Debug|x86.ActiveCfg = Debug|x86
		{C684D915-FD67-46AB-8E99-B6709DD8E1D6}.Debug|x86.Build.0 = Debug|x86
		{C684D915-FD67-46AB-8E99-B6709DD8E1D6}.Release|x64.ActiveCfg = Release|x64
		{C684D915-FD67-46AB-8E99-B6709DD8E1D6}.Release|x64.Build.0 = Release|x64
		{C684D915-FD67-46AB-8E99-B6709DD8E1D6}.Release|x86.ActiveCfg = Release|x86
		{C684D915-FD67-46AB-8E99-B6709DD8E1D6}.Release|x86.Build.0 = Release|x86
		{0738C3C1-8879-4A71-8025-8CD0D3541AB0}.Debug|x64.ActiveCfg = Debug|x64
		{0738C3C1-8879-4A71-8025-8CD0D3541AB0}.Debug|x64.Build.0 = Debug|x64
		{0738C3C1-8879-4A71-8025-8CD0D3541AB0}.Debug|x86.ActiveCfg = Debug|x86
		{0738C3C1-8879-4A71-8025-8CD0D3541AB0}.Debug|x86.Build.0 = Debug|x86
		{0738C3C1-8879-4A71-8025-8CD0D3541AB0}.Release|x64.ActiveCfg = Release|x64
		{0738C3C1-8879-4A71-8025-8CD0D3541AB0}.Release|x64.Build.0 = Release|x64
		{0738C3C1-8879-4A71-8025-8CD0D3541AB0}.Release|x86.ActiveCfg = Release|x86
		{0738C3C1-8879-4A71-8025-8CD0D3541AB0}.Release|x86.Build.0 = Release|x86
		{BC3F0CEF-20A3-4A41-9D81-376760EA97AA}.Debug|x64.ActiveCfg = Debug|Any CPU
		{BC3F0CEF-20A3-4A41-9D81-376760EA97AA}.Debug|x64.Build.0 = Debug|Any CPU
		{BC3F0CEF-20A3-4A41-9D81-376760EA97AA}.Debug|x86.ActiveCfg = Debug|Any CPU
		{BC3F0CEF-20A3-4A41-9D81-376760EA97AA}.Debug|x86.Build.0 = Debug|Any CPU
		{BC3F0CEF-20A3-4A41-9D81-376760EA97AA}.Release|x64.ActiveCfg = Release|Any CPU
		{BC3F0CEF-20A3-4A41-9D81-376760EA97AA}.Release|x64.Build.0 = Release|Any CPU
		{BC3F0CEF-20A3-4A41-9D81-376760EA97AA}.Release|x86.ActiveCfg = Release|Any CPU
		{BC3F0CEF-20A3-4A41-9D81-376760EA97AA}.Release|x86.Build.0 = Release|Any CPU
		{FF15A01B-7441-44EF-B74F-8C79EF47EF6B}.Debug|x64.ActiveCfg = Debug|x64
		{FF15A01B-7441-44EF-B74F-8C79EF47EF6B}.Debug|x64.Build.0 = Debug|x64
		{FF15A01B-7441-44EF-B74F-8C79EF47EF6B}.Debug|x86.ActiveCfg = Debug|x64
		{FF15A01B-7441-44EF-B74F-8C79EF47EF6B}.Release|x64.ActiveCfg = Release|x64
		{FF15A01B-7441-44EF-B74F-8C79EF47EF6B}.Release|x86.ActiveCfg = Release|x64
		{0FC4083E-6301-4B1A-81F4-18768D90B664}.Debug|x64.ActiveCfg = Debug|Any CPU
		{0FC4083E-6301-4B1A-81F4-18768D90B664}.Debug|x64.Build.0 = Debug|Any CPU
		{0FC4083E-6301-4B1A-81F4-18768D90B664}.Debug|x86.ActiveCfg = Debug|Any CPU
		{0FC4083E-6301-4B1A-81F4-18768D90B664}.Debug|x86.Build.0 = Debug|Any CPU
		{0FC4083E-6301-4B1A-81F4-18768D90B664}.Release|x64.ActiveCfg = Release|Any CPU
		{0FC4083E-6301-4B1A-81F4-18768D90B664}.Release|x64.Build.0 = Release|Any CPU
		{0FC4083E-6301-4B1A-81F4-18768D90B664}.Release|x86.ActiveCfg = Release|Any CPU
		{0FC4083E-6301-4B1A-81F4-18768D90B664}.Release|x86.Build.0 = Release|Any CPU
		{8E9784FC-CE36-4573-9C8E-20CF0DD49647}.Debug|x64.ActiveCfg = Debug|Any CPU
		{8E9784FC-CE36-4573-9C8E-20CF0DD49647}.Debug|x64.Build.0 = Debug|Any CPU
		{8E9784FC-CE36-4573-9C8E-20CF0DD49647}.Debug|x86.ActiveCfg = Debug|Any CPU
		{8E9784FC-CE36-4573-9C8E-20CF0DD49647}.Debug|x86.Build.0 = Debug|Any CPU
		{8E9784FC-CE36-4573-9C8E-20CF0DD49647}.Release|x64.ActiveCfg = Release|Any CPU
		{8E9784FC-CE36-4573-9C8E-20CF0DD49647}.Release|x64.Build.0 = Release|Any CPU
		{8E9784FC-CE36-4573-9C8E-20CF0DD49647}.Release|x86.ActiveCfg = Release|Any CPU
		{8E9784FC-CE36-4573-9C8E-20CF0DD49647}.Release|x86.Build.0 = Release|Any CPU
		{0C6A4031-390B-426B-A5D3-ABEB5C0719AE}.Debug|x64.ActiveCfg = Debug|Any CPU
		{0C6A4031-390B-426B-A5D3-ABEB5C0719AE}.Debug|x64.Build.0 = Debug|Any CPU
		{0C6A4031-390B-426B-A5D3-ABEB5C0719AE}.Debug|x86.ActiveCfg = Debug|Any CPU
		{0C6A4031-390B-426B-A5D3-ABEB5C0719AE}.Debug|x86.Build.0 = Debug|Any CPU
		{0C6A4031-390B-426B-A5D3-ABEB5C0719AE}.Release|x64.ActiveCfg = Release|Any CPU
		{0C6A4031-390B-426B-A5D3-ABEB5C0719AE}.Release|x64.Build.0 = Release|Any CPU
		{0C6A4031-390B-426B-A5D3-ABEB5C0719AE}.Release|x86.ActiveCfg = Release|Any CPU
		{0C6A4031-390B-426B-A5D3-ABEB5C0719AE}.Release|x86.Build.0 = Release|Any CPU
		{8309F7B9-3173-4050-975F-BE2075DE9E76}.Debug|x64.ActiveCfg = Debug|Any CPU
		{8309F7B9-3173-4050-975F-BE2075DE9E76}.Debug|x64.Build.0 = Debug|Any CPU
		{8309F7B9-3173-4050-975F-BE2075DE9E76}.Debug|x86.ActiveCfg = Debug|Any CPU
		{8309F7B9-3173-4050-975F-BE2075DE9E76}.Debug|x86.Build.0 = Debug|Any CPU
		{8309F7B9-3173-4050-975F-BE2075DE9E76}.Release|x64.ActiveCfg = Release|Any CPU
		{8309F7B9-3173-4050-975F-BE2075DE9E76}.Release|x64.Build.0 = Release|Any CPU
		{8309F7B9-3173-4050-975F-BE2075DE9E76}.Release|x86.ActiveCfg = Release|Any CPU
		{8309F7B9-3173-4050-975F-BE2075DE9E76}.Release|x86.Build.0 = Release|Any CPU
		{E702CE80-589A-4A0A-B7F0-650A176E3F17}.Debug|x64.ActiveCfg = Debug|Any CPU
		{E702CE80-589A-4A0A-B7F0-650A176E3F17}.Debug|x64.Build.0 = Debug|Any CPU
		{E702CE80-589A-4A0A-B7F0-650A176E3F17}.Debug|x86.ActiveCfg = Debug|Any CPU
		{E702CE80-589A-4A0A-B7F0-650A176E3F17}.Debug|x86.Build.0 = Debug|Any CPU
		{E702CE80-589A-4A0A-B7F0-650A176E3F17}.Release|x64.ActiveCfg = Release|Any CPU
		{E702CE80-589A-4A0A-B7F0-650A176E3F17}.Release|x64.Build.0 = Release|Any CPU
		{E702CE80-589A-4A0A-B7F0-650A176E3F17}.Release|x86.ActiveCfg = Release|Any CPU
		{E702CE80-589A-4A0A-B7F0-650A176E3F17}.Release|x86.Build.0 = Release|Any CPU
		{325ADEEB-0FFC-4D9F-85BE-1418DBACEADF}.Debug|x64.ActiveCfg = Debug|Any CPU
		{325ADEEB-0FFC-4D9F-85BE-1418DBACEADF}.Debug|x64.Build.0 = Debug|Any CPU
		{325ADEEB-0FFC-4D9F-85BE-1418DBACEADF}.Debug|x86.ActiveCfg = Debug|Any CPU
		{325ADEEB-0FFC-4D9F-85BE-1418DBACEADF}.Debug|x86.Build.0 = Debug|Any CPU
		{325ADEEB-0FFC-4D9F-85BE-1418DBACEADF}.Release|x64.ActiveCfg = Release|Any CPU
		{325ADEEB-0FFC-4D9F-85BE-1418DBACEADF}.Release|x64.Build.0 = Release|Any CPU
		{325ADEEB-0FFC-4D9F-85BE-1418DBACEADF}.Release|x86.ActiveCfg = Release|Any CPU
		{325ADEEB-0FFC-4D9F-85BE-1418DBACEADF}.Release|x86.Build.0 = Release|Any CPU
	EndGlobalSection
	GlobalSection(SolutionProperties) = preSolution
		HideSolutionNode = FALSE
	EndGlobalSection
	GlobalSection(NestedProjects) = preSolution
		{F214C460-58CD-4C60-8459-E4DD3451588B} = {853CE658-98F7-40F5-A180-F7841E1B7689}
		{644E221B-227F-46B1-9E01-373D3D416456} = {E515E228-BB40-40EA-92A9-A3332492F16E}
		{C684D915-FD67-46AB-8E99-B6709DD8E1D6} = {E515E228-BB40-40EA-92A9-A3332492F16E}
		{0738C3C1-8879-4A71-8025-8CD0D3541AB0} = {E515E228-BB40-40EA-92A9-A3332492F16E}
		{BC3F0CEF-20A3-4A41-9D81-376760EA97AA} = {F214C460-58CD-4C60-8459-E4DD3451588B}
	EndGlobalSection
	GlobalSection(ExtensibilityGlobals) = postSolution
		SolutionGuid = {4439E9D5-149F-4105-A555-A4140926723D}
	EndGlobalSection
EndGlobal
