Microsoft Visual Studio Solution File, Format Version 12.00
# Visual Studio Version 16
VisualStudioVersion = 16.0.29609.76
MinimumVisualStudioVersion = 10.0.40219.1
Project("{2150E333-8FDC-42A3-9474-1A3956D46DE8}") = "Solution Items", "Solution Items", "{07ECB0F2-14A8-4854-80A6-3B281DCA5413}"
	ProjectSection(SolutionItems) = preProject
		Dockerfile = Dockerfile
	EndProjectSection
EndProject
Project("{2150E333-8FDC-42A3-9474-1A3956D46DE8}") = "scripts", "scripts", "{D16E1DAF-C5E9-4A86-84A2-6BDE7FBA44E5}"
	ProjectSection(SolutionItems) = preProject
		scripts\deploy_linux.sh = scripts\deploy_linux.sh
		scripts\deploy_win.bat = scripts\deploy_win.bat
		scripts\runtests.sh = scripts\runtests.sh
		scripts\wait-for-it.sh = scripts\wait-for-it.sh
	EndProjectSection
EndProject
Project("{2150E333-8FDC-42A3-9474-1A3956D46DE8}") = "Tests", "Tests", "{1464640F-AEAE-4331-BC58-52898DF893B6}"
EndProject
Project("{2150E333-8FDC-42A3-9474-1A3956D46DE8}") = "Utilities", "Utilities", "{63AD8236-F12D-44C8-B663-EE78D00EFC9A}"
EndProject
Project("{9A19103F-16F7-4668-BE54-9A1E7A4F7556}") = "ExecutorTests", "tests\ExecutorTests\ExecutorTests.csproj", "{B9D67DD5-4E03-44E2-AB45-5155E67D715A}"
EndProject
Project("{9A19103F-16F7-4668-BE54-9A1E7A4F7556}") = "RepositoryTests", "tests\RepositoryTests\RepositoryTests.csproj", "{CABF023E-D85E-4211-9453-8FD47D0370F8}"
EndProject
Project("{9A19103F-16F7-4668-BE54-9A1E7A4F7556}") = "WebApiTests", "tests\WebApiTests\WebApiTests.csproj", "{4E154DC7-E4A9-4505-9142-ACB9E1DC23A0}"
EndProject
Project("{9A19103F-16F7-4668-BE54-9A1E7A4F7556}") = "TestUtility", "utilities\TestUtility\TestUtility.csproj", "{24FB1C64-EB05-437A-BE29-CC2060235A50}"
	ProjectSection(ProjectDependencies) = postProject
		{9FE0739F-D2EB-4F29-917D-0F3900B52ECA} = {9FE0739F-D2EB-4F29-917D-0F3900B52ECA}
	EndProjectSection
EndProject
Project("{9A19103F-16F7-4668-BE54-9A1E7A4F7556}") = "VSS.Productivity3D.Filter.Common", "..\src\VSS.Productivity3D.Filter.Common\VSS.Productivity3D.Filter.Common.csproj", "{59635671-0B49-4D9F-9343-81710B9E15BD}"
EndProject
Project("{9A19103F-16F7-4668-BE54-9A1E7A4F7556}") = "VSS.ConfigurationStore", "..\..\..\Common\ConfigurationStore\src\VSS.ConfigurationStore.csproj", "{61F7FA3E-B471-4213-BBD9-701C97D1D13B}"
EndProject
Project("{9A19103F-16F7-4668-BE54-9A1E7A4F7556}") = "VSS.MasterData.Models", "..\..\..\Common\MasterDataModels\src\VSS.MasterData.Models.csproj", "{2200D1EF-D94A-49E5-92E1-2895015CE62B}"
EndProject
Project("{9A19103F-16F7-4668-BE54-9A1E7A4F7556}") = "VSS.MasterData.Proxies", "..\..\..\Common\MasterDataProxies\src\VSS.MasterData.Proxies.csproj", "{259E9B16-2818-4055-BD6E-3933B020D7A2}"
EndProject
Project("{9A19103F-16F7-4668-BE54-9A1E7A4F7556}") = "VSS.MasterData.Repositories", "..\..\..\Common\MasterDataRepositories\src\VSS.MasterData.Repositories.csproj", "{3641638E-8304-4047-90F6-ECE62BC8A653}"
EndProject
Project("{9A19103F-16F7-4668-BE54-9A1E7A4F7556}") = "VSS.WebApi.Common", "..\..\..\Common\WebApi.Common\src\VSS.WebApi.Common.csproj", "{2B7B5D1D-63B0-4331-89A8-9EF21A4329BA}"
EndProject
Project("{9A19103F-16F7-4668-BE54-9A1E7A4F7556}") = "VSS.Productivity3D.Models", "..\..\..\Common\Productivity3DModels\src\VSS.Productivity3D.Models.csproj", "{09887BDF-55E7-4FF2-A4A5-FBF0A0AB20EF}"
EndProject
Project("{2150E333-8FDC-42A3-9474-1A3956D46DE8}") = "Common", "Common", "{F8C30A34-BCD5-479A-89BC-6385695B77A5}"
EndProject
Project("{2150E333-8FDC-42A3-9474-1A3956D46DE8}") = "Filter Service", "Filter Service", "{8C971052-2D17-4456-9ECB-EBA1FD3C07B7}"
EndProject
Project("{9A19103F-16F7-4668-BE54-9A1E7A4F7556}") = "VSS.Common.Abstractions", "..\..\..\Common\VSS.Common.Abstractions\src\VSS.Common.Abstractions.csproj", "{DF47FD4C-29DC-4CC4-89DA-D244765E739A}"
EndProject
Project("{9A19103F-16F7-4668-BE54-9A1E7A4F7556}") = "VSS.Common.Cache.MemoryCache", "..\..\..\Common\VSS.Common.Cache.MemoryCache\src\VSS.Common.Cache.MemoryCache.csproj", "{06CEFE72-5656-4B57-92E4-3890B56F9937}"
EndProject
Project("{9A19103F-16F7-4668-BE54-9A1E7A4F7556}") = "VSS.Pegasus.Client.Models", "..\..\..\Common\Pegasus\VSS.Pegasus.Client.Models\VSS.Pegasus.Client.Models.csproj", "{09104DD3-AA5F-4937-A611-6B2AEE5084B7}"
EndProject
Project("{2150E333-8FDC-42A3-9474-1A3956D46DE8}") = "Project Service", "Project Service", "{2B6B2182-37DE-4AD9-98CB-69423EAE0E14}"
EndProject
Project("{9A19103F-16F7-4668-BE54-9A1E7A4F7556}") = "VSS.TRex.ConnectedSite.Gateway.Abstractions", "..\..\TRex\src\interfaces\VSS.TRex.ConnectedSite.Gateway.Abstractions\VSS.TRex.ConnectedSite.Gateway.Abstractions.csproj", "{885B826E-7445-45B0-982D-28A508B4B6E1}"
EndProject
Project("{9A19103F-16F7-4668-BE54-9A1E7A4F7556}") = "VSS.TRex.Types", "..\..\TRex\src\netstandard\VSS.TRex.Types\VSS.TRex.Types.csproj", "{9B41EF17-5D2E-4C69-AB3B-A21EB15109E7}"
EndProject
Project("{9A19103F-16F7-4668-BE54-9A1E7A4F7556}") = "VSS.Common.ServiceDiscovery", "..\..\..\Common\VSS.Common.ServiceDiscovery\src\VSS.Common.ServiceDiscovery.csproj", "{99B6DAD1-01CC-4FD4-9C5D-130CF3175887}"
EndProject
Project("{9A19103F-16F7-4668-BE54-9A1E7A4F7556}") = "VSS.Common.Kubernetes", "..\..\..\Common\VSS.Common.Kubernetes\VSS.Common.Kubernetes.csproj", "{5B2EECFE-2960-42F6-B8BE-781E55D6BC79}"
EndProject
Project("{9A19103F-16F7-4668-BE54-9A1E7A4F7556}") = "VSS.Productivity3D.3DAssetMgmt.Abstractions", "..\..\3dAssetMgmt\Clients\VSS.Productivity3D.3DAssetMgmt.Abstractions\VSS.Productivity3D.3DAssetMgmt.Abstractions.csproj", "{07A989CD-20D2-4320-B175-AD126867E7E5}"
EndProject
Project("{9A19103F-16F7-4668-BE54-9A1E7A4F7556}") = "VSS.Productivity3D.3DAssetMgmt.Proxy", "..\..\3dAssetMgmt\Clients\VSS.Productivity3D.3DAssetMgmt.Proxy\VSS.Productivity3D.3DAssetMgmt.Proxy.csproj", "{E741008E-7A48-4F93-A69F-8E3328EF2F7B}"
EndProject
Project("{9A19103F-16F7-4668-BE54-9A1E7A4F7556}") = "VSS.Serilog.Extensions", "..\..\..\Common\LoggingExtensions\SerilogExtensions\VSS.Serilog.Extensions.csproj", "{8439ED55-CED4-4160-AB12-3D50E5A2A2B9}"
EndProject
Project("{9A19103F-16F7-4668-BE54-9A1E7A4F7556}") = "VSS.Visionlink.Interfaces.Core", "..\..\..\Common\VSS.VisionLink.Interfaces\src\VSS.Visionlink.Interfaces.Core.csproj", "{4B604EFD-01D0-4B43-B0B7-4EE0E3B2018C}"
EndProject
Project("{2150E333-8FDC-42A3-9474-1A3956D46DE8}") = "External", "External", "{D3A9C19A-39BA-4806-90F6-E3D6B6C02357}"
EndProject
Project("{2150E333-8FDC-42A3-9474-1A3956D46DE8}") = "Productivity3D Service", "Productivity3D Service", "{82883098-AD4F-43A9-B2E1-C19338F349EB}"
EndProject
Project("{9A19103F-16F7-4668-BE54-9A1E7A4F7556}") = "VSS.Productivity3D.Productivity3D.Abstractions", "..\..\3DP\Clients\Abstractions\VSS.Productivity3D.Productivity3D.Abstractions.csproj", "{F1BEF7A6-3B4D-4B1C-BC4A-E72383A11714}"
EndProject
Project("{9A19103F-16F7-4668-BE54-9A1E7A4F7556}") = "VSS.Productivity3D.Productivity3D.Models", "..\..\3DP\Clients\Models\VSS.Productivity3D.Productivity3D.Models.csproj", "{EB4B0AFD-34BA-4A38-85DD-F4318D7DBA6D}"
EndProject
Project("{9A19103F-16F7-4668-BE54-9A1E7A4F7556}") = "VSS.Productivity3D.Productivity3D.Proxy", "..\..\3DP\Clients\Proxy\VSS.Productivity3D.Productivity3D.Proxy.csproj", "{AB03C592-4A54-4BB1-B6D8-DC50B33940BC}"
EndProject
Project("{9A19103F-16F7-4668-BE54-9A1E7A4F7556}") = "VSS.Productivity3D.Filter.Abstractions", "..\Clients\VSS.Productivity3D.Filter.Abstractions\VSS.Productivity3D.Filter.Abstractions.csproj", "{9FE0739F-D2EB-4F29-917D-0F3900B52ECA}"
EndProject
Project("{9A19103F-16F7-4668-BE54-9A1E7A4F7556}") = "VSS.Productivity3D.Project.Abstractions", "..\..\Project\Clients\VSS.Productivity3D.Project.Abstractions\VSS.Productivity3D.Project.Abstractions.csproj", "{32836DCA-37E0-4BDB-B8A4-465AE6CEBCC8}"
EndProject
Project("{9A19103F-16F7-4668-BE54-9A1E7A4F7556}") = "VSS.Productivity3D.Project.Proxy", "..\..\Project\Clients\VSS.Productivity3D.Project.Proxy\VSS.Productivity3D.Project.Proxy.csproj", "{E810F742-E936-420B-A1B4-DF20592FB2AB}"
EndProject
Project("{9A19103F-16F7-4668-BE54-9A1E7A4F7556}") = "VSS.Productivity3D.Project.Repository", "..\..\Project\Clients\VSS.Productivity3D.Project.Repository\VSS.Productivity3D.Project.Repository.csproj", "{301BB3DF-7490-4766-A57F-482EFCE9645B}"
EndProject
Project("{9A19103F-16F7-4668-BE54-9A1E7A4F7556}") = "VSS.Productivity3D.Filter.Repository", "..\Clients\VSS.Productivity3D.Filter.Repository\VSS.Productivity3D.Filter.Repository.csproj", "{F4BF4797-9934-4F51-BB79-2360DB087614}"
EndProject
Global
	GlobalSection(SolutionConfigurationPlatforms) = preSolution
		Debug|Any CPU = Debug|Any CPU
		Release|Any CPU = Release|Any CPU
	EndGlobalSection
	GlobalSection(ProjectConfigurationPlatforms) = postSolution
		{B9D67DD5-4E03-44E2-AB45-5155E67D715A}.Debug|Any CPU.ActiveCfg = Debug|Any CPU
		{B9D67DD5-4E03-44E2-AB45-5155E67D715A}.Debug|Any CPU.Build.0 = Debug|Any CPU
		{B9D67DD5-4E03-44E2-AB45-5155E67D715A}.Release|Any CPU.ActiveCfg = Release|Any CPU
		{B9D67DD5-4E03-44E2-AB45-5155E67D715A}.Release|Any CPU.Build.0 = Release|Any CPU
		{CABF023E-D85E-4211-9453-8FD47D0370F8}.Debug|Any CPU.ActiveCfg = Debug|Any CPU
		{CABF023E-D85E-4211-9453-8FD47D0370F8}.Debug|Any CPU.Build.0 = Debug|Any CPU
		{CABF023E-D85E-4211-9453-8FD47D0370F8}.Release|Any CPU.ActiveCfg = Release|Any CPU
		{CABF023E-D85E-4211-9453-8FD47D0370F8}.Release|Any CPU.Build.0 = Release|Any CPU
		{4E154DC7-E4A9-4505-9142-ACB9E1DC23A0}.Debug|Any CPU.ActiveCfg = Debug|Any CPU
		{4E154DC7-E4A9-4505-9142-ACB9E1DC23A0}.Debug|Any CPU.Build.0 = Debug|Any CPU
		{4E154DC7-E4A9-4505-9142-ACB9E1DC23A0}.Release|Any CPU.ActiveCfg = Release|Any CPU
		{4E154DC7-E4A9-4505-9142-ACB9E1DC23A0}.Release|Any CPU.Build.0 = Release|Any CPU
		{24FB1C64-EB05-437A-BE29-CC2060235A50}.Debug|Any CPU.ActiveCfg = Debug|Any CPU
		{24FB1C64-EB05-437A-BE29-CC2060235A50}.Debug|Any CPU.Build.0 = Debug|Any CPU
		{24FB1C64-EB05-437A-BE29-CC2060235A50}.Release|Any CPU.ActiveCfg = Release|Any CPU
		{24FB1C64-EB05-437A-BE29-CC2060235A50}.Release|Any CPU.Build.0 = Release|Any CPU
		{59635671-0B49-4D9F-9343-81710B9E15BD}.Debug|Any CPU.ActiveCfg = Debug|Any CPU
		{59635671-0B49-4D9F-9343-81710B9E15BD}.Debug|Any CPU.Build.0 = Debug|Any CPU
		{59635671-0B49-4D9F-9343-81710B9E15BD}.Release|Any CPU.ActiveCfg = Release|Any CPU
		{59635671-0B49-4D9F-9343-81710B9E15BD}.Release|Any CPU.Build.0 = Release|Any CPU
		{61F7FA3E-B471-4213-BBD9-701C97D1D13B}.Debug|Any CPU.ActiveCfg = Debug|Any CPU
		{61F7FA3E-B471-4213-BBD9-701C97D1D13B}.Debug|Any CPU.Build.0 = Debug|Any CPU
		{61F7FA3E-B471-4213-BBD9-701C97D1D13B}.Release|Any CPU.ActiveCfg = Release|Any CPU
		{61F7FA3E-B471-4213-BBD9-701C97D1D13B}.Release|Any CPU.Build.0 = Release|Any CPU
		{2200D1EF-D94A-49E5-92E1-2895015CE62B}.Debug|Any CPU.ActiveCfg = Debug|Any CPU
		{2200D1EF-D94A-49E5-92E1-2895015CE62B}.Debug|Any CPU.Build.0 = Debug|Any CPU
		{2200D1EF-D94A-49E5-92E1-2895015CE62B}.Release|Any CPU.ActiveCfg = Release|Any CPU
		{2200D1EF-D94A-49E5-92E1-2895015CE62B}.Release|Any CPU.Build.0 = Release|Any CPU
		{259E9B16-2818-4055-BD6E-3933B020D7A2}.Debug|Any CPU.ActiveCfg = Debug|Any CPU
		{259E9B16-2818-4055-BD6E-3933B020D7A2}.Debug|Any CPU.Build.0 = Debug|Any CPU
		{259E9B16-2818-4055-BD6E-3933B020D7A2}.Release|Any CPU.ActiveCfg = Release|Any CPU
		{259E9B16-2818-4055-BD6E-3933B020D7A2}.Release|Any CPU.Build.0 = Release|Any CPU
		{3641638E-8304-4047-90F6-ECE62BC8A653}.Debug|Any CPU.ActiveCfg = Debug|Any CPU
		{3641638E-8304-4047-90F6-ECE62BC8A653}.Debug|Any CPU.Build.0 = Debug|Any CPU
		{3641638E-8304-4047-90F6-ECE62BC8A653}.Release|Any CPU.ActiveCfg = Release|Any CPU
		{3641638E-8304-4047-90F6-ECE62BC8A653}.Release|Any CPU.Build.0 = Release|Any CPU
		{2B7B5D1D-63B0-4331-89A8-9EF21A4329BA}.Debug|Any CPU.ActiveCfg = Debug|Any CPU
		{2B7B5D1D-63B0-4331-89A8-9EF21A4329BA}.Debug|Any CPU.Build.0 = Debug|Any CPU
		{2B7B5D1D-63B0-4331-89A8-9EF21A4329BA}.Release|Any CPU.ActiveCfg = Release|Any CPU
		{2B7B5D1D-63B0-4331-89A8-9EF21A4329BA}.Release|Any CPU.Build.0 = Release|Any CPU
		{09887BDF-55E7-4FF2-A4A5-FBF0A0AB20EF}.Debug|Any CPU.ActiveCfg = Debug|Any CPU
		{09887BDF-55E7-4FF2-A4A5-FBF0A0AB20EF}.Debug|Any CPU.Build.0 = Debug|Any CPU
		{09887BDF-55E7-4FF2-A4A5-FBF0A0AB20EF}.Release|Any CPU.ActiveCfg = Release|Any CPU
		{09887BDF-55E7-4FF2-A4A5-FBF0A0AB20EF}.Release|Any CPU.Build.0 = Release|Any CPU
		{DF47FD4C-29DC-4CC4-89DA-D244765E739A}.Debug|Any CPU.ActiveCfg = Debug|Any CPU
		{DF47FD4C-29DC-4CC4-89DA-D244765E739A}.Debug|Any CPU.Build.0 = Debug|Any CPU
		{DF47FD4C-29DC-4CC4-89DA-D244765E739A}.Release|Any CPU.ActiveCfg = Release|Any CPU
		{DF47FD4C-29DC-4CC4-89DA-D244765E739A}.Release|Any CPU.Build.0 = Release|Any CPU
		{06CEFE72-5656-4B57-92E4-3890B56F9937}.Debug|Any CPU.ActiveCfg = Debug|Any CPU
		{06CEFE72-5656-4B57-92E4-3890B56F9937}.Debug|Any CPU.Build.0 = Debug|Any CPU
		{06CEFE72-5656-4B57-92E4-3890B56F9937}.Release|Any CPU.ActiveCfg = Release|Any CPU
		{06CEFE72-5656-4B57-92E4-3890B56F9937}.Release|Any CPU.Build.0 = Release|Any CPU
		{09104DD3-AA5F-4937-A611-6B2AEE5084B7}.Debug|Any CPU.ActiveCfg = Debug|Any CPU
		{09104DD3-AA5F-4937-A611-6B2AEE5084B7}.Debug|Any CPU.Build.0 = Debug|Any CPU
		{09104DD3-AA5F-4937-A611-6B2AEE5084B7}.Release|Any CPU.ActiveCfg = Release|Any CPU
		{09104DD3-AA5F-4937-A611-6B2AEE5084B7}.Release|Any CPU.Build.0 = Release|Any CPU
		{885B826E-7445-45B0-982D-28A508B4B6E1}.Debug|Any CPU.ActiveCfg = Debug|Any CPU
		{885B826E-7445-45B0-982D-28A508B4B6E1}.Debug|Any CPU.Build.0 = Debug|Any CPU
		{885B826E-7445-45B0-982D-28A508B4B6E1}.Release|Any CPU.ActiveCfg = Release|Any CPU
		{885B826E-7445-45B0-982D-28A508B4B6E1}.Release|Any CPU.Build.0 = Release|Any CPU
		{9B41EF17-5D2E-4C69-AB3B-A21EB15109E7}.Debug|Any CPU.ActiveCfg = Debug|Any CPU
		{9B41EF17-5D2E-4C69-AB3B-A21EB15109E7}.Debug|Any CPU.Build.0 = Debug|Any CPU
		{9B41EF17-5D2E-4C69-AB3B-A21EB15109E7}.Release|Any CPU.ActiveCfg = Release|Any CPU
		{9B41EF17-5D2E-4C69-AB3B-A21EB15109E7}.Release|Any CPU.Build.0 = Release|Any CPU
		{99B6DAD1-01CC-4FD4-9C5D-130CF3175887}.Debug|Any CPU.ActiveCfg = Debug|Any CPU
		{99B6DAD1-01CC-4FD4-9C5D-130CF3175887}.Debug|Any CPU.Build.0 = Debug|Any CPU
		{99B6DAD1-01CC-4FD4-9C5D-130CF3175887}.Release|Any CPU.ActiveCfg = Release|Any CPU
		{99B6DAD1-01CC-4FD4-9C5D-130CF3175887}.Release|Any CPU.Build.0 = Release|Any CPU
		{5B2EECFE-2960-42F6-B8BE-781E55D6BC79}.Debug|Any CPU.ActiveCfg = Debug|Any CPU
		{5B2EECFE-2960-42F6-B8BE-781E55D6BC79}.Debug|Any CPU.Build.0 = Debug|Any CPU
		{5B2EECFE-2960-42F6-B8BE-781E55D6BC79}.Release|Any CPU.ActiveCfg = Release|Any CPU
		{5B2EECFE-2960-42F6-B8BE-781E55D6BC79}.Release|Any CPU.Build.0 = Release|Any CPU
		{07A989CD-20D2-4320-B175-AD126867E7E5}.Debug|Any CPU.ActiveCfg = Debug|Any CPU
		{07A989CD-20D2-4320-B175-AD126867E7E5}.Debug|Any CPU.Build.0 = Debug|Any CPU
		{07A989CD-20D2-4320-B175-AD126867E7E5}.Release|Any CPU.ActiveCfg = Release|Any CPU
		{07A989CD-20D2-4320-B175-AD126867E7E5}.Release|Any CPU.Build.0 = Release|Any CPU
		{E741008E-7A48-4F93-A69F-8E3328EF2F7B}.Debug|Any CPU.ActiveCfg = Debug|Any CPU
		{E741008E-7A48-4F93-A69F-8E3328EF2F7B}.Debug|Any CPU.Build.0 = Debug|Any CPU
		{E741008E-7A48-4F93-A69F-8E3328EF2F7B}.Release|Any CPU.ActiveCfg = Release|Any CPU
		{E741008E-7A48-4F93-A69F-8E3328EF2F7B}.Release|Any CPU.Build.0 = Release|Any CPU
		{8439ED55-CED4-4160-AB12-3D50E5A2A2B9}.Debug|Any CPU.ActiveCfg = Debug|Any CPU
		{8439ED55-CED4-4160-AB12-3D50E5A2A2B9}.Debug|Any CPU.Build.0 = Debug|Any CPU
		{8439ED55-CED4-4160-AB12-3D50E5A2A2B9}.Release|Any CPU.ActiveCfg = Release|Any CPU
		{8439ED55-CED4-4160-AB12-3D50E5A2A2B9}.Release|Any CPU.Build.0 = Release|Any CPU
		{4B604EFD-01D0-4B43-B0B7-4EE0E3B2018C}.Debug|Any CPU.ActiveCfg = Debug|Any CPU
		{4B604EFD-01D0-4B43-B0B7-4EE0E3B2018C}.Debug|Any CPU.Build.0 = Debug|Any CPU
		{4B604EFD-01D0-4B43-B0B7-4EE0E3B2018C}.Release|Any CPU.ActiveCfg = Release|Any CPU
		{4B604EFD-01D0-4B43-B0B7-4EE0E3B2018C}.Release|Any CPU.Build.0 = Release|Any CPU
		{F1BEF7A6-3B4D-4B1C-BC4A-E72383A11714}.Debug|Any CPU.ActiveCfg = Debug|Any CPU
		{F1BEF7A6-3B4D-4B1C-BC4A-E72383A11714}.Debug|Any CPU.Build.0 = Debug|Any CPU
		{F1BEF7A6-3B4D-4B1C-BC4A-E72383A11714}.Release|Any CPU.ActiveCfg = Release|Any CPU
		{F1BEF7A6-3B4D-4B1C-BC4A-E72383A11714}.Release|Any CPU.Build.0 = Release|Any CPU
		{EB4B0AFD-34BA-4A38-85DD-F4318D7DBA6D}.Debug|Any CPU.ActiveCfg = Debug|Any CPU
		{EB4B0AFD-34BA-4A38-85DD-F4318D7DBA6D}.Debug|Any CPU.Build.0 = Debug|Any CPU
		{EB4B0AFD-34BA-4A38-85DD-F4318D7DBA6D}.Release|Any CPU.ActiveCfg = Release|Any CPU
		{EB4B0AFD-34BA-4A38-85DD-F4318D7DBA6D}.Release|Any CPU.Build.0 = Release|Any CPU
		{AB03C592-4A54-4BB1-B6D8-DC50B33940BC}.Debug|Any CPU.ActiveCfg = Debug|Any CPU
		{AB03C592-4A54-4BB1-B6D8-DC50B33940BC}.Debug|Any CPU.Build.0 = Debug|Any CPU
		{AB03C592-4A54-4BB1-B6D8-DC50B33940BC}.Release|Any CPU.ActiveCfg = Release|Any CPU
		{AB03C592-4A54-4BB1-B6D8-DC50B33940BC}.Release|Any CPU.Build.0 = Release|Any CPU
		{9FE0739F-D2EB-4F29-917D-0F3900B52ECA}.Debug|Any CPU.ActiveCfg = Debug|Any CPU
		{9FE0739F-D2EB-4F29-917D-0F3900B52ECA}.Debug|Any CPU.Build.0 = Debug|Any CPU
		{9FE0739F-D2EB-4F29-917D-0F3900B52ECA}.Release|Any CPU.ActiveCfg = Release|Any CPU
		{9FE0739F-D2EB-4F29-917D-0F3900B52ECA}.Release|Any CPU.Build.0 = Release|Any CPU
		{32836DCA-37E0-4BDB-B8A4-465AE6CEBCC8}.Debug|Any CPU.ActiveCfg = Debug|Any CPU
		{32836DCA-37E0-4BDB-B8A4-465AE6CEBCC8}.Debug|Any CPU.Build.0 = Debug|Any CPU
		{32836DCA-37E0-4BDB-B8A4-465AE6CEBCC8}.Release|Any CPU.ActiveCfg = Release|Any CPU
		{32836DCA-37E0-4BDB-B8A4-465AE6CEBCC8}.Release|Any CPU.Build.0 = Release|Any CPU
		{E810F742-E936-420B-A1B4-DF20592FB2AB}.Debug|Any CPU.ActiveCfg = Debug|Any CPU
		{E810F742-E936-420B-A1B4-DF20592FB2AB}.Debug|Any CPU.Build.0 = Debug|Any CPU
		{E810F742-E936-420B-A1B4-DF20592FB2AB}.Release|Any CPU.ActiveCfg = Release|Any CPU
		{E810F742-E936-420B-A1B4-DF20592FB2AB}.Release|Any CPU.Build.0 = Release|Any CPU
		{301BB3DF-7490-4766-A57F-482EFCE9645B}.Debug|Any CPU.ActiveCfg = Debug|Any CPU
		{301BB3DF-7490-4766-A57F-482EFCE9645B}.Debug|Any CPU.Build.0 = Debug|Any CPU
		{301BB3DF-7490-4766-A57F-482EFCE9645B}.Release|Any CPU.ActiveCfg = Release|Any CPU
		{301BB3DF-7490-4766-A57F-482EFCE9645B}.Release|Any CPU.Build.0 = Release|Any CPU
		{F4BF4797-9934-4F51-BB79-2360DB087614}.Debug|Any CPU.ActiveCfg = Debug|Any CPU
		{F4BF4797-9934-4F51-BB79-2360DB087614}.Debug|Any CPU.Build.0 = Debug|Any CPU
		{F4BF4797-9934-4F51-BB79-2360DB087614}.Release|Any CPU.ActiveCfg = Release|Any CPU
		{F4BF4797-9934-4F51-BB79-2360DB087614}.Release|Any CPU.Build.0 = Release|Any CPU
	EndGlobalSection
	GlobalSection(SolutionProperties) = preSolution
		HideSolutionNode = FALSE
	EndGlobalSection
	GlobalSection(NestedProjects) = preSolution
		{D16E1DAF-C5E9-4A86-84A2-6BDE7FBA44E5} = {07ECB0F2-14A8-4854-80A6-3B281DCA5413}
		{B9D67DD5-4E03-44E2-AB45-5155E67D715A} = {1464640F-AEAE-4331-BC58-52898DF893B6}
		{CABF023E-D85E-4211-9453-8FD47D0370F8} = {1464640F-AEAE-4331-BC58-52898DF893B6}
		{4E154DC7-E4A9-4505-9142-ACB9E1DC23A0} = {1464640F-AEAE-4331-BC58-52898DF893B6}
		{24FB1C64-EB05-437A-BE29-CC2060235A50} = {63AD8236-F12D-44C8-B663-EE78D00EFC9A}
		{59635671-0B49-4D9F-9343-81710B9E15BD} = {8C971052-2D17-4456-9ECB-EBA1FD3C07B7}
		{61F7FA3E-B471-4213-BBD9-701C97D1D13B} = {F8C30A34-BCD5-479A-89BC-6385695B77A5}
		{2200D1EF-D94A-49E5-92E1-2895015CE62B} = {F8C30A34-BCD5-479A-89BC-6385695B77A5}
		{259E9B16-2818-4055-BD6E-3933B020D7A2} = {F8C30A34-BCD5-479A-89BC-6385695B77A5}
		{3641638E-8304-4047-90F6-ECE62BC8A653} = {F8C30A34-BCD5-479A-89BC-6385695B77A5}
		{2B7B5D1D-63B0-4331-89A8-9EF21A4329BA} = {F8C30A34-BCD5-479A-89BC-6385695B77A5}
		{09887BDF-55E7-4FF2-A4A5-FBF0A0AB20EF} = {F8C30A34-BCD5-479A-89BC-6385695B77A5}
		{F8C30A34-BCD5-479A-89BC-6385695B77A5} = {D3A9C19A-39BA-4806-90F6-E3D6B6C02357}
		{8C971052-2D17-4456-9ECB-EBA1FD3C07B7} = {D3A9C19A-39BA-4806-90F6-E3D6B6C02357}
		{DF47FD4C-29DC-4CC4-89DA-D244765E739A} = {F8C30A34-BCD5-479A-89BC-6385695B77A5}
		{06CEFE72-5656-4B57-92E4-3890B56F9937} = {F8C30A34-BCD5-479A-89BC-6385695B77A5}
		{09104DD3-AA5F-4937-A611-6B2AEE5084B7} = {F8C30A34-BCD5-479A-89BC-6385695B77A5}
		{2B6B2182-37DE-4AD9-98CB-69423EAE0E14} = {D3A9C19A-39BA-4806-90F6-E3D6B6C02357}
		{885B826E-7445-45B0-982D-28A508B4B6E1} = {F8C30A34-BCD5-479A-89BC-6385695B77A5}
		{9B41EF17-5D2E-4C69-AB3B-A21EB15109E7} = {F8C30A34-BCD5-479A-89BC-6385695B77A5}
		{99B6DAD1-01CC-4FD4-9C5D-130CF3175887} = {F8C30A34-BCD5-479A-89BC-6385695B77A5}
		{5B2EECFE-2960-42F6-B8BE-781E55D6BC79} = {F8C30A34-BCD5-479A-89BC-6385695B77A5}
		{07A989CD-20D2-4320-B175-AD126867E7E5} = {F8C30A34-BCD5-479A-89BC-6385695B77A5}
		{E741008E-7A48-4F93-A69F-8E3328EF2F7B} = {F8C30A34-BCD5-479A-89BC-6385695B77A5}
		{8439ED55-CED4-4160-AB12-3D50E5A2A2B9} = {F8C30A34-BCD5-479A-89BC-6385695B77A5}
		{4B604EFD-01D0-4B43-B0B7-4EE0E3B2018C} = {F8C30A34-BCD5-479A-89BC-6385695B77A5}
		{82883098-AD4F-43A9-B2E1-C19338F349EB} = {D3A9C19A-39BA-4806-90F6-E3D6B6C02357}
		{F1BEF7A6-3B4D-4B1C-BC4A-E72383A11714} = {82883098-AD4F-43A9-B2E1-C19338F349EB}
		{EB4B0AFD-34BA-4A38-85DD-F4318D7DBA6D} = {82883098-AD4F-43A9-B2E1-C19338F349EB}
		{AB03C592-4A54-4BB1-B6D8-DC50B33940BC} = {82883098-AD4F-43A9-B2E1-C19338F349EB}
		{9FE0739F-D2EB-4F29-917D-0F3900B52ECA} = {8C971052-2D17-4456-9ECB-EBA1FD3C07B7}
		{32836DCA-37E0-4BDB-B8A4-465AE6CEBCC8} = {2B6B2182-37DE-4AD9-98CB-69423EAE0E14}
		{E810F742-E936-420B-A1B4-DF20592FB2AB} = {2B6B2182-37DE-4AD9-98CB-69423EAE0E14}
		{301BB3DF-7490-4766-A57F-482EFCE9645B} = {2B6B2182-37DE-4AD9-98CB-69423EAE0E14}
		{F4BF4797-9934-4F51-BB79-2360DB087614} = {8C971052-2D17-4456-9ECB-EBA1FD3C07B7}
	EndGlobalSection
	GlobalSection(ExtensibilityGlobals) = postSolution
		SolutionGuid = {0FA01801-9906-482F-8016-493112DB9267}
	EndGlobalSection
EndGlobal
