Microsoft Visual Studio Solution File, Format Version 12.00
# Visual Studio Version 16
VisualStudioVersion = 16.0.29609.76
MinimumVisualStudioVersion = 10.0.40219.1
Project("{2150E333-8FDC-42A3-9474-1A3956D46DE8}") = "Solution Items", "Solution Items", "{07ECB0F2-14A8-4854-80A6-3B281DCA5413}"
	ProjectSection(SolutionItems) = preProject
		Dockerfile = Dockerfile
	EndProjectSection
EndProject
Project("{2150E333-8FDC-42A3-9474-1A3956D46DE8}") = "scripts", "scripts", "{D16E1DAF-C5E9-4A86-84A2-6BDE7FBA44E5}"
	ProjectSection(SolutionItems) = preProject
		scripts\deploy_linux.sh = scripts\deploy_linux.sh
		scripts\deploy_win.bat = scripts\deploy_win.bat
		scripts\runtests.sh = scripts\runtests.sh
		scripts\wait-for-it.sh = scripts\wait-for-it.sh
	EndProjectSection
EndProject
Project("{2150E333-8FDC-42A3-9474-1A3956D46DE8}") = "Tests", "Tests", "{1464640F-AEAE-4331-BC58-52898DF893B6}"
EndProject
Project("{2150E333-8FDC-42A3-9474-1A3956D46DE8}") = "Utilities", "Utilities", "{63AD8236-F12D-44C8-B663-EE78D00EFC9A}"
EndProject
Project("{9A19103F-16F7-4668-BE54-9A1E7A4F7556}") = "TestUtility", "utilities\TestUtility\TestUtility.csproj", "{24FB1C64-EB05-437A-BE29-CC2060235A50}"
EndProject
Project("{9A19103F-16F7-4668-BE54-9A1E7A4F7556}") = "VSS.MasterData.Repositories", "..\..\..\Common\MasterDataRepositories\src\VSS.MasterData.Repositories.csproj", "{4BC6BF78-F501-4026-BA90-3915E9A263BC}"
EndProject
Project("{9A19103F-16F7-4668-BE54-9A1E7A4F7556}") = "VSS.ConfigurationStore", "..\..\..\Common\ConfigurationStore\src\VSS.ConfigurationStore.csproj", "{9753D7F3-A00C-4A0E-ABE1-9C28F031A44C}"
EndProject
Project("{9A19103F-16F7-4668-BE54-9A1E7A4F7556}") = "VSS.MasterData.Proxies", "..\..\..\Common\MasterDataProxies\src\VSS.MasterData.Proxies.csproj", "{2CFF101C-6E00-4D53-8401-D0E4602ACFFB}"
EndProject
Project("{9A19103F-16F7-4668-BE54-9A1E7A4F7556}") = "VSS.TCCFileAccess", "..\..\..\Common\TCCFileAccess\src\VSS.TCCFileAccess.csproj", "{2ADCA55D-4947-40FF-BC2B-5EACC987BC48}"
EndProject
Project("{9A19103F-16F7-4668-BE54-9A1E7A4F7556}") = "VSS.MasterData.Models", "..\..\..\Common\MasterDataModels\src\VSS.MasterData.Models.csproj", "{8E2A6CF4-84FA-4BEA-8C0A-E768ED05EAE6}"
EndProject
Project("{9A19103F-16F7-4668-BE54-9A1E7A4F7556}") = "VSS.FlowJSHandler", "..\..\..\Common\FlowJSMVC\src\VSS.FlowJSHandler.csproj", "{01AD1BA6-864C-4F37-9A85-45F9B42B1E25}"
EndProject
Project("{9A19103F-16F7-4668-BE54-9A1E7A4F7556}") = "VSS.Project.WebApi.Common", "..\src\ProjectWebApiCommon\VSS.Project.WebApi.Common.csproj", "{0337DBE1-05F3-4A73-AC11-6602ADD835A2}"
EndProject
Project("{9A19103F-16F7-4668-BE54-9A1E7A4F7556}") = "VSS.AWS.TransferProxy", "..\..\..\Common\AWS.TransferProxy\src\VSS.AWS.TransferProxy.csproj", "{3E6C4AC2-6907-4648-9D5B-89BADD40018F}"
EndProject
Project("{9A19103F-16F7-4668-BE54-9A1E7A4F7556}") = "VSS.DataOcean.Client", "..\..\..\Common\VSS.DataOcean.Client\src\VSS.DataOcean.Client.csproj", "{2460E7AB-0801-434B-A8CC-12446C575EB0}"
EndProject
Project("{9A19103F-16F7-4668-BE54-9A1E7A4F7556}") = "VSS.Pegasus.Client.Models", "..\..\..\Common\Pegasus\VSS.Pegasus.Client.Models\VSS.Pegasus.Client.Models.csproj", "{902B7DF2-2B2D-433A-BF59-B5D6D0A2F01E}"
EndProject
Project("{9A19103F-16F7-4668-BE54-9A1E7A4F7556}") = "VSS.Common.Abstractions", "..\..\..\Common\VSS.Common.Abstractions\VSS.Common.Abstractions.csproj", "{FDDD85E3-6BE2-4864-933F-0A039C0A3A47}"
EndProject
Project("{9A19103F-16F7-4668-BE54-9A1E7A4F7556}") = "VSS.Common.Cache.MemoryCache", "..\..\..\Common\VSS.Common.Cache.MemoryCache\src\VSS.Common.Cache.MemoryCache.csproj", "{52B62343-B0EF-44E9-80B6-DFF4A655037C}"
EndProject
Project("{9A19103F-16F7-4668-BE54-9A1E7A4F7556}") = "VSS.WebApi.Common", "..\..\..\Common\WebApi.Common\src\VSS.WebApi.Common.csproj", "{4C94D43A-95EA-49C9-BDE2-6B7BA1BC5E2B}"
EndProject
Project("{2150E333-8FDC-42A3-9474-1A3956D46DE8}") = "External", "External", "{7274F59B-3CAD-4475-9AB9-46C61266B843}"
EndProject
Project("{9A19103F-16F7-4668-BE54-9A1E7A4F7556}") = "VSS.Productivity.Push.Models", "..\..\Push\Models\VSS.Productivity.Push.Models\VSS.Productivity.Push.Models.csproj", "{0F554864-9F65-4ECC-B104-F6190DDE6D0B}"
EndProject
Project("{9A19103F-16F7-4668-BE54-9A1E7A4F7556}") = "VSS.Productivity3D.Push.Clients", "..\..\Push\Clients\VSS.Productivity3D.Push.Clients\VSS.Productivity3D.Push.Clients.csproj", "{590761F1-9383-48DA-881E-B894203280DE}"
EndProject
Project("{9A19103F-16F7-4668-BE54-9A1E7A4F7556}") = "VSS.Pegasus.Client", "..\..\..\Common\Pegasus\VSS.Pegasus.Client\src\VSS.Pegasus.Client.csproj", "{32EC9DD1-3430-4706-A3DA-5B8A526C40E3}"
EndProject
Project("{9A19103F-16F7-4668-BE54-9A1E7A4F7556}") = "VSS.Productivity3D.Push.Abstractions", "..\..\Push\Abstractions\VSS.Productivity3D.Push.Abstractions\VSS.Productivity3D.Push.Abstractions.csproj", "{04C21213-73A5-4AB7-916B-B37355BC4910}"
EndProject
Project("{9A19103F-16F7-4668-BE54-9A1E7A4F7556}") = "VSS.TRex.ConnectedSite.Gateway.Abstractions", "..\..\TRex\src\interfaces\VSS.TRex.ConnectedSite.Gateway.Abstractions\VSS.TRex.ConnectedSite.Gateway.Abstractions.csproj", "{C44838E5-F93E-4E5C-B729-938B307CD433}"
EndProject
Project("{9A19103F-16F7-4668-BE54-9A1E7A4F7556}") = "VSS.Common.ServiceDiscovery", "..\..\..\Common\VSS.Common.ServiceDiscovery\src\VSS.Common.ServiceDiscovery.csproj", "{9957CF9F-952C-4E63-8959-4748F5325AB2}"
EndProject
Project("{9A19103F-16F7-4668-BE54-9A1E7A4F7556}") = "VSS.TRex.Types", "..\..\TRex\src\netstandard\VSS.TRex.Types\VSS.TRex.Types.csproj", "{6E2CD02F-D63A-4057-B4BE-BA0C243E3B01}"
EndProject
Project("{9A19103F-16F7-4668-BE54-9A1E7A4F7556}") = "VSS.Common.Kubernetes", "..\..\..\Common\VSS.Common.Kubernetes\VSS.Common.Kubernetes.csproj", "{7706A865-38AD-4A77-B9E4-13F52E210565}"
EndProject
Project("{9A19103F-16F7-4668-BE54-9A1E7A4F7556}") = "VSS.TRex.Gateway.Common.Abstractions", "..\..\TRex\src\interfaces\VSS.TRex.Gateway.Common.Abstractions\VSS.TRex.Gateway.Common.Abstractions.csproj", "{35D4B8D7-D045-4D16-A9E0-01DB4879F6EE}"
EndProject
Project("{2150E333-8FDC-42A3-9474-1A3956D46DE8}") = "Common", "Common", "{60893B63-7B91-4CBB-9CA9-66D8C8020154}"
EndProject
Project("{9A19103F-16F7-4668-BE54-9A1E7A4F7556}") = "IntegrationTests", "tests\IntegrationTests\IntegrationTests.csproj", "{25DC7387-2BD1-49A7-9B8E-071E9CDAB29A}"
EndProject
Project("{9A19103F-16F7-4668-BE54-9A1E7A4F7556}") = "VSS.Serilog.Extensions", "..\..\..\Common\LoggingExtensions\SerilogExtensions\VSS.Serilog.Extensions.csproj", "{5A430231-ECA6-4E0C-88D9-C92664AB0F48}"
EndProject
Project("{9A19103F-16F7-4668-BE54-9A1E7A4F7556}") = "VSS.Visionlink.Interfaces.Core", "..\..\..\Common\VSS.VisionLink.Interfaces\src\VSS.Visionlink.Interfaces.Core.csproj", "{41905A8B-D209-4C65-B1B1-B5E5074545BA}"
EndProject
Project("{9A19103F-16F7-4668-BE54-9A1E7A4F7556}") = "VSS.Productivity3D.3DAssetMgmt.Abstractions", "..\..\3dAssetMgmt\Clients\VSS.Productivity3D.3DAssetMgmt.Abstractions\VSS.Productivity3D.3DAssetMgmt.Abstractions.csproj", "{D63C8A76-4BD2-4948-A1D3-226D627BF4F9}"
EndProject
Project("{2150E333-8FDC-42A3-9474-1A3956D46DE8}") = "Push Service", "Push Service", "{61AEA6FB-2590-4082-88FD-D7B217BB684C}"
EndProject
Project("{2150E333-8FDC-42A3-9474-1A3956D46DE8}") = "Asset Resolver Service", "Asset Resolver Service", "{314D0750-4516-498B-BD10-F0A18F8B96F5}"
EndProject
Project("{2150E333-8FDC-42A3-9474-1A3956D46DE8}") = "Productivity3D Service", "Productivity3D Service", "{DC18A0EC-191E-477C-9535-6486441939EE}"
EndProject
Project("{9A19103F-16F7-4668-BE54-9A1E7A4F7556}") = "VSS.Productivity3D.Productivity3D.Abstractions", "..\..\3DP\Clients\Abstractions\VSS.Productivity3D.Productivity3D.Abstractions.csproj", "{2852DFBF-08A2-4BAE-9988-CCA1BEEB230B}"
EndProject
Project("{9A19103F-16F7-4668-BE54-9A1E7A4F7556}") = "VSS.Productivity3D.Productivity3D.Proxy", "..\..\3DP\Clients\Proxy\VSS.Productivity3D.Productivity3D.Proxy.csproj", "{A6FAA644-20C7-4E54-9CE5-8DA4224BED95}"
EndProject
Project("{2150E333-8FDC-42A3-9474-1A3956D46DE8}") = "Scheduler Service", "Scheduler Service", "{4BAC294B-6A43-4BC2-9606-1FFE60CC7087}"
EndProject
Project("{2150E333-8FDC-42A3-9474-1A3956D46DE8}") = "Filter Service", "Filter Service", "{8CA63395-0151-46BF-9B29-8C554A999459}"
EndProject
Project("{2150E333-8FDC-42A3-9474-1A3956D46DE8}") = "Project Service", "Project Service", "{EAE2CBD2-7DDF-4B82-B7CA-32D4BC0177BF}"
EndProject
Project("{2150E333-8FDC-42A3-9474-1A3956D46DE8}") = "TRex Service", "TRex Service", "{72920176-3FBF-4230-BEB0-E49B74F46F3E}"
EndProject
Project("{9A19103F-16F7-4668-BE54-9A1E7A4F7556}") = "VSS.Productivity3D.Productivity3D.Models", "..\..\3DP\Clients\Models\VSS.Productivity3D.Productivity3D.Models.csproj", "{37DB7C5C-082E-40A9-B82C-494A9E473EF0}"
EndProject
Project("{9A19103F-16F7-4668-BE54-9A1E7A4F7556}") = "VSS.Productivity3D.Models", "..\..\..\Common\Productivity3DModels\src\VSS.Productivity3D.Models.csproj", "{A1983813-2C2B-4E8B-B9E2-EB4C6933EE7B}"
EndProject
Project("{9A19103F-16F7-4668-BE54-9A1E7A4F7556}") = "VSS.Productivity3D.Filter.Abstractions", "..\..\Filter\Clients\VSS.Productivity3D.Filter.Abstractions\VSS.Productivity3D.Filter.Abstractions.csproj", "{737A5093-BD9A-4FA9-9E8D-5847F47F2B7D}"
EndProject
Project("{9A19103F-16F7-4668-BE54-9A1E7A4F7556}") = "VSS.Productivity3D.Scheduler.Abstractions", "..\..\Scheduler\Clients\VSS.Productivity3D.Scheduler.Abstractions\VSS.Productivity3D.Scheduler.Abstractions.csproj", "{E7ABBB1F-2D35-415E-BE21-54F5EA7B2E52}"
EndProject
Project("{9A19103F-16F7-4668-BE54-9A1E7A4F7556}") = "VSS.Productivity3D.Scheduler.Models", "..\..\Scheduler\Clients\VSS.Productivity3D.Scheduler.Models\VSS.Productivity3D.Scheduler.Models.csproj", "{C02A219D-F6D0-4807-8E47-D49B371FA045}"
EndProject
Project("{9A19103F-16F7-4668-BE54-9A1E7A4F7556}") = "VSS.Productivity3D.Scheduler.Jobs.DxfTileJob", "..\..\Scheduler\src\VSS.Productivity3D.Scheduler.Jobs.TileGenJob\VSS.Productivity3D.Scheduler.Jobs.DxfTileJob.csproj", "{8DC46BEF-EEC9-4D13-9406-7B1EB9F4191E}"
EndProject
Project("{9A19103F-16F7-4668-BE54-9A1E7A4F7556}") = "VSS.Productivity3D.Project.Abstractions", "..\Clients\VSS.Productivity3D.Project.Abstractions\VSS.Productivity3D.Project.Abstractions.csproj", "{F8550477-A904-4785-A118-E769E1706868}"
EndProject
Project("{9A19103F-16F7-4668-BE54-9A1E7A4F7556}") = "VSS.Productivity3D.Project.Proxy", "..\Clients\VSS.Productivity3D.Project.Proxy\VSS.Productivity3D.Project.Proxy.csproj", "{94FBED55-FD6E-4721-A054-1C5EE930DEC7}"
EndProject
Project("{9A19103F-16F7-4668-BE54-9A1E7A4F7556}") = "VSS.Productivity3D.Project.Repository", "..\Clients\VSS.Productivity3D.Project.Repository\VSS.Productivity3D.Project.Repository.csproj", "{FE98267A-28B7-434D-B956-B23E555AC697}"
EndProject
Global
	GlobalSection(SolutionConfigurationPlatforms) = preSolution
		Debug|Any CPU = Debug|Any CPU
		Release|Any CPU = Release|Any CPU
	EndGlobalSection
	GlobalSection(ProjectConfigurationPlatforms) = postSolution
		{24FB1C64-EB05-437A-BE29-CC2060235A50}.Debug|Any CPU.ActiveCfg = Debug|Any CPU
		{24FB1C64-EB05-437A-BE29-CC2060235A50}.Debug|Any CPU.Build.0 = Debug|Any CPU
		{24FB1C64-EB05-437A-BE29-CC2060235A50}.Release|Any CPU.ActiveCfg = Release|Any CPU
		{24FB1C64-EB05-437A-BE29-CC2060235A50}.Release|Any CPU.Build.0 = Release|Any CPU
		{4BC6BF78-F501-4026-BA90-3915E9A263BC}.Debug|Any CPU.ActiveCfg = Debug|Any CPU
		{4BC6BF78-F501-4026-BA90-3915E9A263BC}.Debug|Any CPU.Build.0 = Debug|Any CPU
		{4BC6BF78-F501-4026-BA90-3915E9A263BC}.Release|Any CPU.ActiveCfg = Release|Any CPU
		{4BC6BF78-F501-4026-BA90-3915E9A263BC}.Release|Any CPU.Build.0 = Release|Any CPU
		{9753D7F3-A00C-4A0E-ABE1-9C28F031A44C}.Debug|Any CPU.ActiveCfg = Debug|Any CPU
		{9753D7F3-A00C-4A0E-ABE1-9C28F031A44C}.Debug|Any CPU.Build.0 = Debug|Any CPU
		{9753D7F3-A00C-4A0E-ABE1-9C28F031A44C}.Release|Any CPU.ActiveCfg = Release|Any CPU
		{9753D7F3-A00C-4A0E-ABE1-9C28F031A44C}.Release|Any CPU.Build.0 = Release|Any CPU
		{2CFF101C-6E00-4D53-8401-D0E4602ACFFB}.Debug|Any CPU.ActiveCfg = Debug|Any CPU
		{2CFF101C-6E00-4D53-8401-D0E4602ACFFB}.Debug|Any CPU.Build.0 = Debug|Any CPU
		{2CFF101C-6E00-4D53-8401-D0E4602ACFFB}.Release|Any CPU.ActiveCfg = Release|Any CPU
		{2CFF101C-6E00-4D53-8401-D0E4602ACFFB}.Release|Any CPU.Build.0 = Release|Any CPU
		{2ADCA55D-4947-40FF-BC2B-5EACC987BC48}.Debug|Any CPU.ActiveCfg = Debug|Any CPU
		{2ADCA55D-4947-40FF-BC2B-5EACC987BC48}.Debug|Any CPU.Build.0 = Debug|Any CPU
		{2ADCA55D-4947-40FF-BC2B-5EACC987BC48}.Release|Any CPU.ActiveCfg = Release|Any CPU
		{2ADCA55D-4947-40FF-BC2B-5EACC987BC48}.Release|Any CPU.Build.0 = Release|Any CPU
		{8E2A6CF4-84FA-4BEA-8C0A-E768ED05EAE6}.Debug|Any CPU.ActiveCfg = Debug|Any CPU
		{8E2A6CF4-84FA-4BEA-8C0A-E768ED05EAE6}.Debug|Any CPU.Build.0 = Debug|Any CPU
		{8E2A6CF4-84FA-4BEA-8C0A-E768ED05EAE6}.Release|Any CPU.ActiveCfg = Release|Any CPU
		{8E2A6CF4-84FA-4BEA-8C0A-E768ED05EAE6}.Release|Any CPU.Build.0 = Release|Any CPU
		{01AD1BA6-864C-4F37-9A85-45F9B42B1E25}.Debug|Any CPU.ActiveCfg = Debug|Any CPU
		{01AD1BA6-864C-4F37-9A85-45F9B42B1E25}.Debug|Any CPU.Build.0 = Debug|Any CPU
		{01AD1BA6-864C-4F37-9A85-45F9B42B1E25}.Release|Any CPU.ActiveCfg = Release|Any CPU
		{01AD1BA6-864C-4F37-9A85-45F9B42B1E25}.Release|Any CPU.Build.0 = Release|Any CPU
		{0337DBE1-05F3-4A73-AC11-6602ADD835A2}.Debug|Any CPU.ActiveCfg = Debug|Any CPU
		{0337DBE1-05F3-4A73-AC11-6602ADD835A2}.Debug|Any CPU.Build.0 = Debug|Any CPU
		{0337DBE1-05F3-4A73-AC11-6602ADD835A2}.Release|Any CPU.ActiveCfg = Release|Any CPU
		{0337DBE1-05F3-4A73-AC11-6602ADD835A2}.Release|Any CPU.Build.0 = Release|Any CPU
		{3E6C4AC2-6907-4648-9D5B-89BADD40018F}.Debug|Any CPU.ActiveCfg = Debug|Any CPU
		{3E6C4AC2-6907-4648-9D5B-89BADD40018F}.Debug|Any CPU.Build.0 = Debug|Any CPU
		{3E6C4AC2-6907-4648-9D5B-89BADD40018F}.Release|Any CPU.ActiveCfg = Release|Any CPU
		{3E6C4AC2-6907-4648-9D5B-89BADD40018F}.Release|Any CPU.Build.0 = Release|Any CPU
		{2460E7AB-0801-434B-A8CC-12446C575EB0}.Debug|Any CPU.ActiveCfg = Debug|Any CPU
		{2460E7AB-0801-434B-A8CC-12446C575EB0}.Debug|Any CPU.Build.0 = Debug|Any CPU
		{2460E7AB-0801-434B-A8CC-12446C575EB0}.Release|Any CPU.ActiveCfg = Release|Any CPU
		{2460E7AB-0801-434B-A8CC-12446C575EB0}.Release|Any CPU.Build.0 = Release|Any CPU
		{902B7DF2-2B2D-433A-BF59-B5D6D0A2F01E}.Debug|Any CPU.ActiveCfg = Debug|Any CPU
		{902B7DF2-2B2D-433A-BF59-B5D6D0A2F01E}.Debug|Any CPU.Build.0 = Debug|Any CPU
		{902B7DF2-2B2D-433A-BF59-B5D6D0A2F01E}.Release|Any CPU.ActiveCfg = Release|Any CPU
		{902B7DF2-2B2D-433A-BF59-B5D6D0A2F01E}.Release|Any CPU.Build.0 = Release|Any CPU
		{FDDD85E3-6BE2-4864-933F-0A039C0A3A47}.Debug|Any CPU.ActiveCfg = Debug|Any CPU
		{FDDD85E3-6BE2-4864-933F-0A039C0A3A47}.Debug|Any CPU.Build.0 = Debug|Any CPU
		{FDDD85E3-6BE2-4864-933F-0A039C0A3A47}.Release|Any CPU.ActiveCfg = Release|Any CPU
		{FDDD85E3-6BE2-4864-933F-0A039C0A3A47}.Release|Any CPU.Build.0 = Release|Any CPU
		{52B62343-B0EF-44E9-80B6-DFF4A655037C}.Debug|Any CPU.ActiveCfg = Debug|Any CPU
		{52B62343-B0EF-44E9-80B6-DFF4A655037C}.Debug|Any CPU.Build.0 = Debug|Any CPU
		{52B62343-B0EF-44E9-80B6-DFF4A655037C}.Release|Any CPU.ActiveCfg = Release|Any CPU
		{52B62343-B0EF-44E9-80B6-DFF4A655037C}.Release|Any CPU.Build.0 = Release|Any CPU
		{4C94D43A-95EA-49C9-BDE2-6B7BA1BC5E2B}.Debug|Any CPU.ActiveCfg = Debug|Any CPU
		{4C94D43A-95EA-49C9-BDE2-6B7BA1BC5E2B}.Debug|Any CPU.Build.0 = Debug|Any CPU
		{4C94D43A-95EA-49C9-BDE2-6B7BA1BC5E2B}.Release|Any CPU.ActiveCfg = Release|Any CPU
		{4C94D43A-95EA-49C9-BDE2-6B7BA1BC5E2B}.Release|Any CPU.Build.0 = Release|Any CPU
		{0F554864-9F65-4ECC-B104-F6190DDE6D0B}.Debug|Any CPU.ActiveCfg = Debug|Any CPU
		{0F554864-9F65-4ECC-B104-F6190DDE6D0B}.Debug|Any CPU.Build.0 = Debug|Any CPU
		{0F554864-9F65-4ECC-B104-F6190DDE6D0B}.Release|Any CPU.ActiveCfg = Release|Any CPU
		{0F554864-9F65-4ECC-B104-F6190DDE6D0B}.Release|Any CPU.Build.0 = Release|Any CPU
		{590761F1-9383-48DA-881E-B894203280DE}.Debug|Any CPU.ActiveCfg = Debug|Any CPU
		{590761F1-9383-48DA-881E-B894203280DE}.Debug|Any CPU.Build.0 = Debug|Any CPU
		{590761F1-9383-48DA-881E-B894203280DE}.Release|Any CPU.ActiveCfg = Release|Any CPU
		{590761F1-9383-48DA-881E-B894203280DE}.Release|Any CPU.Build.0 = Release|Any CPU
		{32EC9DD1-3430-4706-A3DA-5B8A526C40E3}.Debug|Any CPU.ActiveCfg = Debug|Any CPU
		{32EC9DD1-3430-4706-A3DA-5B8A526C40E3}.Debug|Any CPU.Build.0 = Debug|Any CPU
		{32EC9DD1-3430-4706-A3DA-5B8A526C40E3}.Release|Any CPU.ActiveCfg = Release|Any CPU
		{32EC9DD1-3430-4706-A3DA-5B8A526C40E3}.Release|Any CPU.Build.0 = Release|Any CPU
		{04C21213-73A5-4AB7-916B-B37355BC4910}.Debug|Any CPU.ActiveCfg = Debug|Any CPU
		{04C21213-73A5-4AB7-916B-B37355BC4910}.Debug|Any CPU.Build.0 = Debug|Any CPU
		{04C21213-73A5-4AB7-916B-B37355BC4910}.Release|Any CPU.ActiveCfg = Release|Any CPU
		{04C21213-73A5-4AB7-916B-B37355BC4910}.Release|Any CPU.Build.0 = Release|Any CPU
		{C44838E5-F93E-4E5C-B729-938B307CD433}.Debug|Any CPU.ActiveCfg = Debug|Any CPU
		{C44838E5-F93E-4E5C-B729-938B307CD433}.Debug|Any CPU.Build.0 = Debug|Any CPU
		{C44838E5-F93E-4E5C-B729-938B307CD433}.Release|Any CPU.ActiveCfg = Release|Any CPU
		{C44838E5-F93E-4E5C-B729-938B307CD433}.Release|Any CPU.Build.0 = Release|Any CPU
		{9957CF9F-952C-4E63-8959-4748F5325AB2}.Debug|Any CPU.ActiveCfg = Debug|Any CPU
		{9957CF9F-952C-4E63-8959-4748F5325AB2}.Debug|Any CPU.Build.0 = Debug|Any CPU
		{9957CF9F-952C-4E63-8959-4748F5325AB2}.Release|Any CPU.ActiveCfg = Release|Any CPU
		{9957CF9F-952C-4E63-8959-4748F5325AB2}.Release|Any CPU.Build.0 = Release|Any CPU
		{6E2CD02F-D63A-4057-B4BE-BA0C243E3B01}.Debug|Any CPU.ActiveCfg = Debug|Any CPU
		{6E2CD02F-D63A-4057-B4BE-BA0C243E3B01}.Debug|Any CPU.Build.0 = Debug|Any CPU
		{6E2CD02F-D63A-4057-B4BE-BA0C243E3B01}.Release|Any CPU.ActiveCfg = Release|Any CPU
		{6E2CD02F-D63A-4057-B4BE-BA0C243E3B01}.Release|Any CPU.Build.0 = Release|Any CPU
		{7706A865-38AD-4A77-B9E4-13F52E210565}.Debug|Any CPU.ActiveCfg = Debug|Any CPU
		{7706A865-38AD-4A77-B9E4-13F52E210565}.Debug|Any CPU.Build.0 = Debug|Any CPU
		{7706A865-38AD-4A77-B9E4-13F52E210565}.Release|Any CPU.ActiveCfg = Release|Any CPU
		{7706A865-38AD-4A77-B9E4-13F52E210565}.Release|Any CPU.Build.0 = Release|Any CPU
		{35D4B8D7-D045-4D16-A9E0-01DB4879F6EE}.Debug|Any CPU.ActiveCfg = Debug|Any CPU
		{35D4B8D7-D045-4D16-A9E0-01DB4879F6EE}.Debug|Any CPU.Build.0 = Debug|Any CPU
		{35D4B8D7-D045-4D16-A9E0-01DB4879F6EE}.Release|Any CPU.ActiveCfg = Release|Any CPU
		{35D4B8D7-D045-4D16-A9E0-01DB4879F6EE}.Release|Any CPU.Build.0 = Release|Any CPU
		{25DC7387-2BD1-49A7-9B8E-071E9CDAB29A}.Debug|Any CPU.ActiveCfg = Debug|Any CPU
		{25DC7387-2BD1-49A7-9B8E-071E9CDAB29A}.Debug|Any CPU.Build.0 = Debug|Any CPU
		{25DC7387-2BD1-49A7-9B8E-071E9CDAB29A}.Release|Any CPU.ActiveCfg = Release|Any CPU
		{25DC7387-2BD1-49A7-9B8E-071E9CDAB29A}.Release|Any CPU.Build.0 = Release|Any CPU
		{5A430231-ECA6-4E0C-88D9-C92664AB0F48}.Debug|Any CPU.ActiveCfg = Debug|Any CPU
		{5A430231-ECA6-4E0C-88D9-C92664AB0F48}.Debug|Any CPU.Build.0 = Debug|Any CPU
		{5A430231-ECA6-4E0C-88D9-C92664AB0F48}.Release|Any CPU.ActiveCfg = Release|Any CPU
		{5A430231-ECA6-4E0C-88D9-C92664AB0F48}.Release|Any CPU.Build.0 = Release|Any CPU
		{41905A8B-D209-4C65-B1B1-B5E5074545BA}.Debug|Any CPU.ActiveCfg = Debug|Any CPU
		{41905A8B-D209-4C65-B1B1-B5E5074545BA}.Debug|Any CPU.Build.0 = Debug|Any CPU
		{41905A8B-D209-4C65-B1B1-B5E5074545BA}.Release|Any CPU.ActiveCfg = Release|Any CPU
		{41905A8B-D209-4C65-B1B1-B5E5074545BA}.Release|Any CPU.Build.0 = Release|Any CPU
		{D63C8A76-4BD2-4948-A1D3-226D627BF4F9}.Debug|Any CPU.ActiveCfg = Debug|Any CPU
		{D63C8A76-4BD2-4948-A1D3-226D627BF4F9}.Debug|Any CPU.Build.0 = Debug|Any CPU
		{D63C8A76-4BD2-4948-A1D3-226D627BF4F9}.Release|Any CPU.ActiveCfg = Release|Any CPU
		{D63C8A76-4BD2-4948-A1D3-226D627BF4F9}.Release|Any CPU.Build.0 = Release|Any CPU
		{2852DFBF-08A2-4BAE-9988-CCA1BEEB230B}.Debug|Any CPU.ActiveCfg = Debug|Any CPU
		{2852DFBF-08A2-4BAE-9988-CCA1BEEB230B}.Debug|Any CPU.Build.0 = Debug|Any CPU
		{2852DFBF-08A2-4BAE-9988-CCA1BEEB230B}.Release|Any CPU.ActiveCfg = Release|Any CPU
		{2852DFBF-08A2-4BAE-9988-CCA1BEEB230B}.Release|Any CPU.Build.0 = Release|Any CPU
		{A6FAA644-20C7-4E54-9CE5-8DA4224BED95}.Debug|Any CPU.ActiveCfg = Debug|Any CPU
		{A6FAA644-20C7-4E54-9CE5-8DA4224BED95}.Debug|Any CPU.Build.0 = Debug|Any CPU
		{A6FAA644-20C7-4E54-9CE5-8DA4224BED95}.Release|Any CPU.ActiveCfg = Release|Any CPU
		{A6FAA644-20C7-4E54-9CE5-8DA4224BED95}.Release|Any CPU.Build.0 = Release|Any CPU
		{37DB7C5C-082E-40A9-B82C-494A9E473EF0}.Debug|Any CPU.ActiveCfg = Debug|Any CPU
		{37DB7C5C-082E-40A9-B82C-494A9E473EF0}.Debug|Any CPU.Build.0 = Debug|Any CPU
		{37DB7C5C-082E-40A9-B82C-494A9E473EF0}.Release|Any CPU.ActiveCfg = Release|Any CPU
		{37DB7C5C-082E-40A9-B82C-494A9E473EF0}.Release|Any CPU.Build.0 = Release|Any CPU
		{A1983813-2C2B-4E8B-B9E2-EB4C6933EE7B}.Debug|Any CPU.ActiveCfg = Debug|Any CPU
		{A1983813-2C2B-4E8B-B9E2-EB4C6933EE7B}.Debug|Any CPU.Build.0 = Debug|Any CPU
		{A1983813-2C2B-4E8B-B9E2-EB4C6933EE7B}.Release|Any CPU.ActiveCfg = Release|Any CPU
		{A1983813-2C2B-4E8B-B9E2-EB4C6933EE7B}.Release|Any CPU.Build.0 = Release|Any CPU
		{737A5093-BD9A-4FA9-9E8D-5847F47F2B7D}.Debug|Any CPU.ActiveCfg = Debug|Any CPU
		{737A5093-BD9A-4FA9-9E8D-5847F47F2B7D}.Debug|Any CPU.Build.0 = Debug|Any CPU
		{737A5093-BD9A-4FA9-9E8D-5847F47F2B7D}.Release|Any CPU.ActiveCfg = Release|Any CPU
		{737A5093-BD9A-4FA9-9E8D-5847F47F2B7D}.Release|Any CPU.Build.0 = Release|Any CPU
		{E7ABBB1F-2D35-415E-BE21-54F5EA7B2E52}.Debug|Any CPU.ActiveCfg = Debug|Any CPU
		{E7ABBB1F-2D35-415E-BE21-54F5EA7B2E52}.Debug|Any CPU.Build.0 = Debug|Any CPU
		{E7ABBB1F-2D35-415E-BE21-54F5EA7B2E52}.Release|Any CPU.ActiveCfg = Release|Any CPU
		{E7ABBB1F-2D35-415E-BE21-54F5EA7B2E52}.Release|Any CPU.Build.0 = Release|Any CPU
		{C02A219D-F6D0-4807-8E47-D49B371FA045}.Debug|Any CPU.ActiveCfg = Debug|Any CPU
		{C02A219D-F6D0-4807-8E47-D49B371FA045}.Debug|Any CPU.Build.0 = Debug|Any CPU
		{C02A219D-F6D0-4807-8E47-D49B371FA045}.Release|Any CPU.ActiveCfg = Release|Any CPU
		{C02A219D-F6D0-4807-8E47-D49B371FA045}.Release|Any CPU.Build.0 = Release|Any CPU
		{8DC46BEF-EEC9-4D13-9406-7B1EB9F4191E}.Debug|Any CPU.ActiveCfg = Debug|Any CPU
		{8DC46BEF-EEC9-4D13-9406-7B1EB9F4191E}.Debug|Any CPU.Build.0 = Debug|Any CPU
		{8DC46BEF-EEC9-4D13-9406-7B1EB9F4191E}.Release|Any CPU.ActiveCfg = Release|Any CPU
		{8DC46BEF-EEC9-4D13-9406-7B1EB9F4191E}.Release|Any CPU.Build.0 = Release|Any CPU
		{F8550477-A904-4785-A118-E769E1706868}.Debug|Any CPU.ActiveCfg = Debug|Any CPU
		{F8550477-A904-4785-A118-E769E1706868}.Debug|Any CPU.Build.0 = Debug|Any CPU
		{F8550477-A904-4785-A118-E769E1706868}.Release|Any CPU.ActiveCfg = Release|Any CPU
		{F8550477-A904-4785-A118-E769E1706868}.Release|Any CPU.Build.0 = Release|Any CPU
		{94FBED55-FD6E-4721-A054-1C5EE930DEC7}.Debug|Any CPU.ActiveCfg = Debug|Any CPU
		{94FBED55-FD6E-4721-A054-1C5EE930DEC7}.Debug|Any CPU.Build.0 = Debug|Any CPU
		{94FBED55-FD6E-4721-A054-1C5EE930DEC7}.Release|Any CPU.ActiveCfg = Release|Any CPU
		{94FBED55-FD6E-4721-A054-1C5EE930DEC7}.Release|Any CPU.Build.0 = Release|Any CPU
		{FE98267A-28B7-434D-B956-B23E555AC697}.Debug|Any CPU.ActiveCfg = Debug|Any CPU
		{FE98267A-28B7-434D-B956-B23E555AC697}.Debug|Any CPU.Build.0 = Debug|Any CPU
		{FE98267A-28B7-434D-B956-B23E555AC697}.Release|Any CPU.ActiveCfg = Release|Any CPU
		{FE98267A-28B7-434D-B956-B23E555AC697}.Release|Any CPU.Build.0 = Release|Any CPU
	EndGlobalSection
	GlobalSection(SolutionProperties) = preSolution
		HideSolutionNode = FALSE
	EndGlobalSection
	GlobalSection(NestedProjects) = preSolution
		{D16E1DAF-C5E9-4A86-84A2-6BDE7FBA44E5} = {07ECB0F2-14A8-4854-80A6-3B281DCA5413}
		{24FB1C64-EB05-437A-BE29-CC2060235A50} = {63AD8236-F12D-44C8-B663-EE78D00EFC9A}
		{4BC6BF78-F501-4026-BA90-3915E9A263BC} = {60893B63-7B91-4CBB-9CA9-66D8C8020154}
		{9753D7F3-A00C-4A0E-ABE1-9C28F031A44C} = {60893B63-7B91-4CBB-9CA9-66D8C8020154}
		{2CFF101C-6E00-4D53-8401-D0E4602ACFFB} = {60893B63-7B91-4CBB-9CA9-66D8C8020154}
		{2ADCA55D-4947-40FF-BC2B-5EACC987BC48} = {60893B63-7B91-4CBB-9CA9-66D8C8020154}
		{8E2A6CF4-84FA-4BEA-8C0A-E768ED05EAE6} = {60893B63-7B91-4CBB-9CA9-66D8C8020154}
		{01AD1BA6-864C-4F37-9A85-45F9B42B1E25} = {60893B63-7B91-4CBB-9CA9-66D8C8020154}
		{0337DBE1-05F3-4A73-AC11-6602ADD835A2} = {60893B63-7B91-4CBB-9CA9-66D8C8020154}
		{3E6C4AC2-6907-4648-9D5B-89BADD40018F} = {60893B63-7B91-4CBB-9CA9-66D8C8020154}
		{2460E7AB-0801-434B-A8CC-12446C575EB0} = {60893B63-7B91-4CBB-9CA9-66D8C8020154}
		{902B7DF2-2B2D-433A-BF59-B5D6D0A2F01E} = {60893B63-7B91-4CBB-9CA9-66D8C8020154}
		{FDDD85E3-6BE2-4864-933F-0A039C0A3A47} = {60893B63-7B91-4CBB-9CA9-66D8C8020154}
		{52B62343-B0EF-44E9-80B6-DFF4A655037C} = {60893B63-7B91-4CBB-9CA9-66D8C8020154}
		{4C94D43A-95EA-49C9-BDE2-6B7BA1BC5E2B} = {60893B63-7B91-4CBB-9CA9-66D8C8020154}
		{0F554864-9F65-4ECC-B104-F6190DDE6D0B} = {61AEA6FB-2590-4082-88FD-D7B217BB684C}
		{590761F1-9383-48DA-881E-B894203280DE} = {61AEA6FB-2590-4082-88FD-D7B217BB684C}
		{32EC9DD1-3430-4706-A3DA-5B8A526C40E3} = {60893B63-7B91-4CBB-9CA9-66D8C8020154}
		{04C21213-73A5-4AB7-916B-B37355BC4910} = {61AEA6FB-2590-4082-88FD-D7B217BB684C}
		{C44838E5-F93E-4E5C-B729-938B307CD433} = {60893B63-7B91-4CBB-9CA9-66D8C8020154}
		{9957CF9F-952C-4E63-8959-4748F5325AB2} = {60893B63-7B91-4CBB-9CA9-66D8C8020154}
		{6E2CD02F-D63A-4057-B4BE-BA0C243E3B01} = {60893B63-7B91-4CBB-9CA9-66D8C8020154}
		{7706A865-38AD-4A77-B9E4-13F52E210565} = {60893B63-7B91-4CBB-9CA9-66D8C8020154}
		{35D4B8D7-D045-4D16-A9E0-01DB4879F6EE} = {72920176-3FBF-4230-BEB0-E49B74F46F3E}
		{60893B63-7B91-4CBB-9CA9-66D8C8020154} = {7274F59B-3CAD-4475-9AB9-46C61266B843}
		{25DC7387-2BD1-49A7-9B8E-071E9CDAB29A} = {1464640F-AEAE-4331-BC58-52898DF893B6}
		{5A430231-ECA6-4E0C-88D9-C92664AB0F48} = {60893B63-7B91-4CBB-9CA9-66D8C8020154}
		{41905A8B-D209-4C65-B1B1-B5E5074545BA} = {60893B63-7B91-4CBB-9CA9-66D8C8020154}
		{D63C8A76-4BD2-4948-A1D3-226D627BF4F9} = {314D0750-4516-498B-BD10-F0A18F8B96F5}
		{61AEA6FB-2590-4082-88FD-D7B217BB684C} = {7274F59B-3CAD-4475-9AB9-46C61266B843}
		{314D0750-4516-498B-BD10-F0A18F8B96F5} = {7274F59B-3CAD-4475-9AB9-46C61266B843}
		{DC18A0EC-191E-477C-9535-6486441939EE} = {7274F59B-3CAD-4475-9AB9-46C61266B843}
		{2852DFBF-08A2-4BAE-9988-CCA1BEEB230B} = {DC18A0EC-191E-477C-9535-6486441939EE}
		{A6FAA644-20C7-4E54-9CE5-8DA4224BED95} = {DC18A0EC-191E-477C-9535-6486441939EE}
		{4BAC294B-6A43-4BC2-9606-1FFE60CC7087} = {7274F59B-3CAD-4475-9AB9-46C61266B843}
		{8CA63395-0151-46BF-9B29-8C554A999459} = {7274F59B-3CAD-4475-9AB9-46C61266B843}
		{EAE2CBD2-7DDF-4B82-B7CA-32D4BC0177BF} = {7274F59B-3CAD-4475-9AB9-46C61266B843}
		{72920176-3FBF-4230-BEB0-E49B74F46F3E} = {7274F59B-3CAD-4475-9AB9-46C61266B843}
		{37DB7C5C-082E-40A9-B82C-494A9E473EF0} = {DC18A0EC-191E-477C-9535-6486441939EE}
		{A1983813-2C2B-4E8B-B9E2-EB4C6933EE7B} = {60893B63-7B91-4CBB-9CA9-66D8C8020154}
		{737A5093-BD9A-4FA9-9E8D-5847F47F2B7D} = {8CA63395-0151-46BF-9B29-8C554A999459}
		{E7ABBB1F-2D35-415E-BE21-54F5EA7B2E52} = {4BAC294B-6A43-4BC2-9606-1FFE60CC7087}
		{C02A219D-F6D0-4807-8E47-D49B371FA045} = {4BAC294B-6A43-4BC2-9606-1FFE60CC7087}
		{8DC46BEF-EEC9-4D13-9406-7B1EB9F4191E} = {4BAC294B-6A43-4BC2-9606-1FFE60CC7087}
		{F8550477-A904-4785-A118-E769E1706868} = {EAE2CBD2-7DDF-4B82-B7CA-32D4BC0177BF}
		{94FBED55-FD6E-4721-A054-1C5EE930DEC7} = {EAE2CBD2-7DDF-4B82-B7CA-32D4BC0177BF}
		{FE98267A-28B7-434D-B956-B23E555AC697} = {EAE2CBD2-7DDF-4B82-B7CA-32D4BC0177BF}
	EndGlobalSection
	GlobalSection(ExtensibilityGlobals) = postSolution
		SolutionGuid = {93A267F3-30F1-417D-B3E8-ACFEA87B5242}
	EndGlobalSection
EndGlobal
