Microsoft Visual Studio Solution File, Format Version 12.00
# Visual Studio 15
VisualStudioVersion = 15.0.26430.6
MinimumVisualStudioVersion = 10.0.40219.1
Project("{2150E333-8FDC-42A3-9474-1A3956D46DE8}") = "Solution Items", "Solution Items", "{07ECB0F2-14A8-4854-80A6-3B281DCA5413}"
	ProjectSection(SolutionItems) = preProject
		Dockerfile = Dockerfile
	EndProjectSection
EndProject
Project("{2150E333-8FDC-42A3-9474-1A3956D46DE8}") = "scripts", "scripts", "{D16E1DAF-C5E9-4A86-84A2-6BDE7FBA44E5}"
	ProjectSection(SolutionItems) = preProject
		scripts\deploy_linux.sh = scripts\deploy_linux.sh
		scripts\deploy_win.bat = scripts\deploy_win.bat
		scripts\runtests.sh = scripts\runtests.sh
		scripts\wait-for-it.sh = scripts\wait-for-it.sh
	EndProjectSection
EndProject
Project("{2150E333-8FDC-42A3-9474-1A3956D46DE8}") = "Tests", "Tests", "{1464640F-AEAE-4331-BC58-52898DF893B6}"
EndProject
Project("{2150E333-8FDC-42A3-9474-1A3956D46DE8}") = "Utilities", "Utilities", "{63AD8236-F12D-44C8-B663-EE78D00EFC9A}"
EndProject
Project("{9A19103F-16F7-4668-BE54-9A1E7A4F7556}") = "ExecutorTests", "tests\ExecutorTests\ExecutorTests.csproj", "{B9D67DD5-4E03-44E2-AB45-5155E67D715A}"
EndProject
Project("{9A19103F-16F7-4668-BE54-9A1E7A4F7556}") = "IntegrationTests", "tests\IntegrationTests\IntegrationTests.csproj", "{3489FEC4-8970-430A-A3BA-A3287E6B352A}"
EndProject
Project("{9A19103F-16F7-4668-BE54-9A1E7A4F7556}") = "WebApiTests", "tests\WebApiTests\WebApiTests.csproj", "{4E154DC7-E4A9-4505-9142-ACB9E1DC23A0}"
EndProject
Project("{9A19103F-16F7-4668-BE54-9A1E7A4F7556}") = "TestUtility", "utilities\TestUtility\TestUtility.csproj", "{24FB1C64-EB05-437A-BE29-CC2060235A50}"
EndProject
Project("{9A19103F-16F7-4668-BE54-9A1E7A4F7556}") = "VSS.MasterData.Repositories", "..\..\..\Common\MasterDataRepositories\src\VSS.MasterData.Repositories.csproj", "{4BC6BF78-F501-4026-BA90-3915E9A263BC}"
EndProject
Project("{9A19103F-16F7-4668-BE54-9A1E7A4F7556}") = "VSS.ConfigurationStore", "..\..\..\Common\ConfigurationStore\src\VSS.ConfigurationStore.csproj", "{9753D7F3-A00C-4A0E-ABE1-9C28F031A44C}"
EndProject
Project("{9A19103F-16F7-4668-BE54-9A1E7A4F7556}") = "VSS.ITask", "..\..\..\Common\ITask\src\VSS.ITask.csproj", "{95FFA203-5798-4470-9563-7AB64F233A45}"
EndProject
Project("{9A19103F-16F7-4668-BE54-9A1E7A4F7556}") = "VSS.MasterData.Proxies", "..\..\..\Common\MasterDataProxies\src\VSS.MasterData.Proxies.csproj", "{2CFF101C-6E00-4D53-8401-D0E4602ACFFB}"
EndProject
Project("{9A19103F-16F7-4668-BE54-9A1E7A4F7556}") = "VSS.KafkaConsumer", "..\..\..\Common\KafkaConsumer\src\VSS.KafkaConsumer.csproj", "{F9F46E0C-699E-43C2-AE12-D661FEEE9826}"
EndProject
Project("{9A19103F-16F7-4668-BE54-9A1E7A4F7556}") = "VSS.TCCFileAccess", "..\..\..\Common\TCCFileAccess\src\VSS.TCCFileAccess.csproj", "{2ADCA55D-4947-40FF-BC2B-5EACC987BC48}"
EndProject
Project("{9A19103F-16F7-4668-BE54-9A1E7A4F7556}") = "VSS.Log4NetExtensions", "..\..\..\Common\log4netExtensions\src\VSS.Log4NetExtensions.csproj", "{E1694585-193D-4F61-9B37-E41E2F9B222A}"
EndProject
Project("{9A19103F-16F7-4668-BE54-9A1E7A4F7556}") = "VSS.MasterData.Models", "..\..\..\Common\MasterDataModels\src\VSS.MasterData.Models.csproj", "{8E2A6CF4-84FA-4BEA-8C0A-E768ED05EAE6}"
EndProject
Project("{9A19103F-16F7-4668-BE54-9A1E7A4F7556}") = "VSS.FlowJSHandler", "..\..\..\Common\FlowJSMVC\src\VSS.FlowJSHandler.csproj", "{01AD1BA6-864C-4F37-9A85-45F9B42B1E25}"
EndProject
Project("{9A19103F-16F7-4668-BE54-9A1E7A4F7556}") = "VSS.Productivity3D.Models", "..\..\..\Common\Productivity3DModels\src\VSS.Productivity3D.Models.csproj", "{789482D5-A042-4454-8D22-10B841BB6428}"
EndProject
Project("{9A19103F-16F7-4668-BE54-9A1E7A4F7556}") = "VSS.Project.WebApi.Common", "..\src\ProjectWebApiCommon\VSS.Project.WebApi.Common.csproj", "{0337DBE1-05F3-4A73-AC11-6602ADD835A2}"
EndProject
Project("{9A19103F-16F7-4668-BE54-9A1E7A4F7556}") = "VSS.AWS.TransferProxy", "..\..\..\Common\AWS.TransferProxy\src\VSS.AWS.TransferProxy.csproj", "{3E6C4AC2-6907-4648-9D5B-89BADD40018F}"
EndProject
Project("{9A19103F-16F7-4668-BE54-9A1E7A4F7556}") = "VSS.DataOcean.Client", "..\..\..\Common\VSS.DataOcean.Client\src\VSS.DataOcean.Client.csproj", "{2460E7AB-0801-434B-A8CC-12446C575EB0}"
EndProject
Project("{9A19103F-16F7-4668-BE54-9A1E7A4F7556}") = "VSS.Pegasus.Client.Models", "..\..\..\Common\Pegasus\VSS.Pegasus.Client.Models\VSS.Pegasus.Client.Models.csproj", "{902B7DF2-2B2D-433A-BF59-B5D6D0A2F01E}"
EndProject
Project("{9A19103F-16F7-4668-BE54-9A1E7A4F7556}") = "VSS.Common.Abstractions", "..\..\..\Common\VSS.Common.Abstractions\VSS.Common.Abstractions.csproj", "{FDDD85E3-6BE2-4864-933F-0A039C0A3A47}"
EndProject
Project("{9A19103F-16F7-4668-BE54-9A1E7A4F7556}") = "VSS.Common.Cache.MemoryCache", "..\..\..\Common\VSS.Common.Cache.MemoryCache\src\VSS.Common.Cache.MemoryCache.csproj", "{52B62343-B0EF-44E9-80B6-DFF4A655037C}"
EndProject
Project("{9A19103F-16F7-4668-BE54-9A1E7A4F7556}") = "VSS.WebApi.Common", "..\..\..\Common\WebApi.Common\src\VSS.WebApi.Common.csproj", "{4C94D43A-95EA-49C9-BDE2-6B7BA1BC5E2B}"
EndProject
Project("{2150E333-8FDC-42A3-9474-1A3956D46DE8}") = "Common", "Common", "{7274F59B-3CAD-4475-9AB9-46C61266B843}"
EndProject
Project("{9A19103F-16F7-4668-BE54-9A1E7A4F7556}") = "VSS.Productivity3D.Filter.Abstractions", "..\..\Filter\src\VSS.Productivity3D.Filter.Abstractions\VSS.Productivity3D.Filter.Abstractions.csproj", "{8E2CC955-F0B2-463C-9A26-83958D737709}"
EndProject
Project("{9A19103F-16F7-4668-BE54-9A1E7A4F7556}") = "VSS.Productivity3D.Filter.Proxy", "..\..\Filter\src\VSS.Productivity3D.Filter.Proxy\VSS.Productivity3D.Filter.Proxy.csproj", "{5112582B-642F-4821-97DD-7A04AFA6D7DC}"
EndProject
Project("{9A19103F-16F7-4668-BE54-9A1E7A4F7556}") = "VSS.Productivity.Push.Models", "..\..\Push\Models\VSS.Productivity.Push.Models\VSS.Productivity.Push.Models.csproj", "{0F554864-9F65-4ECC-B104-F6190DDE6D0B}"
EndProject
Project("{9A19103F-16F7-4668-BE54-9A1E7A4F7556}") = "VSS.Productivity3D.Scheduler.Models", "..\..\Scheduler\src\VSS.Productivity3D.Scheduler.Models\VSS.Productivity3D.Scheduler.Models.csproj", "{78DA8D4C-4333-4B1F-BE7A-FFEDEE8B292A}"
EndProject
Project("{9A19103F-16F7-4668-BE54-9A1E7A4F7556}") = "VSS.Productivity3D.Scheduler.Jobs.DxfTileJob", "..\..\Scheduler\src\VSS.Productivity3D.Scheduler.Jobs.TileGenJob\VSS.Productivity3D.Scheduler.Jobs.DxfTileJob.csproj", "{8B008901-6415-4F83-84D3-7F65C4C000D1}"
EndProject
Project("{9A19103F-16F7-4668-BE54-9A1E7A4F7556}") = "VSS.Productivity3D.Push.Clients", "..\..\Push\Clients\VSS.Productivity3D.Push.Clients\VSS.Productivity3D.Push.Clients.csproj", "{590761F1-9383-48DA-881E-B894203280DE}"
EndProject
Project("{9A19103F-16F7-4668-BE54-9A1E7A4F7556}") = "VSS.Pegasus.Client", "..\..\..\Common\Pegasus\VSS.Pegasus.Client\src\VSS.Pegasus.Client.csproj", "{32EC9DD1-3430-4706-A3DA-5B8A526C40E3}"
EndProject
Project("{9A19103F-16F7-4668-BE54-9A1E7A4F7556}") = "VSS.Productivity3D.Push.Abstractions", "..\..\Push\Abstractions\VSS.Productivity3D.Push.Abstractions\VSS.Productivity3D.Push.Abstractions.csproj", "{04C21213-73A5-4AB7-916B-B37355BC4910}"
EndProject
Project("{9A19103F-16F7-4668-BE54-9A1E7A4F7556}") = "VSS.Productivity3D.Scheduler.Abstractions", "..\..\Scheduler\src\VSS.Productivity3D.Scheduler.Abstractions\VSS.Productivity3D.Scheduler.Abstractions.csproj", "{1280EFEC-A4E4-44B4-A4B0-868157621F02}"
EndProject
Project("{9A19103F-16F7-4668-BE54-9A1E7A4F7556}") = "VSS.Productivity3D.Project.Abstractions", "..\src\VSS.Productivity3D.Project.Abstractions\VSS.Productivity3D.Project.Abstractions.csproj", "{42AA239F-8713-465B-849D-73C433402552}"
EndProject
Project("{9A19103F-16F7-4668-BE54-9A1E7A4F7556}") = "VSS.Productivity3D.Project.Proxy", "..\src\VSS.Productivity3D.Project.Proxy\VSS.Productivity3D.Project.Proxy.csproj", "{8F2AAD43-FF37-4535-BB03-76528081D192}"
EndProject
Project("{9A19103F-16F7-4668-BE54-9A1E7A4F7556}") = "VSS.Productivity3D.Project.Repository", "..\src\VSS.Productivity3D.Project.Repository\VSS.Productivity3D.Project.Repository.csproj", "{24050E20-C34B-4BFE-9419-3D3BE512D615}"
EndProject
Project("{9A19103F-16F7-4668-BE54-9A1E7A4F7556}") = "VSS.TRex.ConnectedSite.Gateway.Abstractions", "..\..\TRex\src\interfaces\VSS.TRex.ConnectedSite.Gateway.Abstractions\VSS.TRex.ConnectedSite.Gateway.Abstractions.csproj", "{C44838E5-F93E-4E5C-B729-938B307CD433}"
EndProject
Project("{9A19103F-16F7-4668-BE54-9A1E7A4F7556}") = "VSS.Common.ServiceDiscovery", "..\..\..\Common\VSS.Common.ServiceDiscovery\src\VSS.Common.ServiceDiscovery.csproj", "{9957CF9F-952C-4E63-8959-4748F5325AB2}"
EndProject
Project("{9A19103F-16F7-4668-BE54-9A1E7A4F7556}") = "VSS.TRex.Types", "..\..\TRex\src\netstandard\VSS.TRex.Types\VSS.TRex.Types.csproj", "{6E2CD02F-D63A-4057-B4BE-BA0C243E3B01}"
EndProject
Project("{9A19103F-16F7-4668-BE54-9A1E7A4F7556}") = "VSS.Common.Kubernetes", "..\..\..\Common\VSS.Common.Kubernetes\VSS.Common.Kubernetes.csproj", "{7706A865-38AD-4A77-B9E4-13F52E210565}"
EndProject
Project("{2150E333-8FDC-42A3-9474-1A3956D46DE8}") = "External", "External", "{74A6B0CC-CA54-45FA-BAEB-860835E5A98D}"
EndProject
Project("{9A19103F-16F7-4668-BE54-9A1E7A4F7556}") = "VSS.TRex.Mutable.Gateway.Abstractions", "..\..\TRex\src\interfaces\VSS.TRex.Mutable.Gateway.Abstractions\VSS.TRex.Mutable.Gateway.Abstractions.csproj", "{20564953-807F-4828-9242-86476CFFBC9E}"
EndProject
Global
	GlobalSection(SolutionConfigurationPlatforms) = preSolution
		Debug|Any CPU = Debug|Any CPU
		Release|Any CPU = Release|Any CPU
	EndGlobalSection
	GlobalSection(ProjectConfigurationPlatforms) = postSolution
		{B9D67DD5-4E03-44E2-AB45-5155E67D715A}.Debug|Any CPU.ActiveCfg = Debug|Any CPU
		{B9D67DD5-4E03-44E2-AB45-5155E67D715A}.Debug|Any CPU.Build.0 = Debug|Any CPU
		{B9D67DD5-4E03-44E2-AB45-5155E67D715A}.Release|Any CPU.ActiveCfg = Release|Any CPU
		{B9D67DD5-4E03-44E2-AB45-5155E67D715A}.Release|Any CPU.Build.0 = Release|Any CPU
		{3489FEC4-8970-430A-A3BA-A3287E6B352A}.Debug|Any CPU.ActiveCfg = Debug|Any CPU
		{3489FEC4-8970-430A-A3BA-A3287E6B352A}.Debug|Any CPU.Build.0 = Debug|Any CPU
		{3489FEC4-8970-430A-A3BA-A3287E6B352A}.Release|Any CPU.ActiveCfg = Release|Any CPU
		{3489FEC4-8970-430A-A3BA-A3287E6B352A}.Release|Any CPU.Build.0 = Release|Any CPU
		{4E154DC7-E4A9-4505-9142-ACB9E1DC23A0}.Debug|Any CPU.ActiveCfg = Debug|Any CPU
		{4E154DC7-E4A9-4505-9142-ACB9E1DC23A0}.Debug|Any CPU.Build.0 = Debug|Any CPU
		{4E154DC7-E4A9-4505-9142-ACB9E1DC23A0}.Release|Any CPU.ActiveCfg = Release|Any CPU
		{4E154DC7-E4A9-4505-9142-ACB9E1DC23A0}.Release|Any CPU.Build.0 = Release|Any CPU
		{24FB1C64-EB05-437A-BE29-CC2060235A50}.Debug|Any CPU.ActiveCfg = Debug|Any CPU
		{24FB1C64-EB05-437A-BE29-CC2060235A50}.Debug|Any CPU.Build.0 = Debug|Any CPU
		{24FB1C64-EB05-437A-BE29-CC2060235A50}.Release|Any CPU.ActiveCfg = Release|Any CPU
		{24FB1C64-EB05-437A-BE29-CC2060235A50}.Release|Any CPU.Build.0 = Release|Any CPU
		{4BC6BF78-F501-4026-BA90-3915E9A263BC}.Debug|Any CPU.ActiveCfg = Debug|Any CPU
		{4BC6BF78-F501-4026-BA90-3915E9A263BC}.Debug|Any CPU.Build.0 = Debug|Any CPU
		{4BC6BF78-F501-4026-BA90-3915E9A263BC}.Release|Any CPU.ActiveCfg = Release|Any CPU
		{4BC6BF78-F501-4026-BA90-3915E9A263BC}.Release|Any CPU.Build.0 = Release|Any CPU
		{9753D7F3-A00C-4A0E-ABE1-9C28F031A44C}.Debug|Any CPU.ActiveCfg = Debug|Any CPU
		{9753D7F3-A00C-4A0E-ABE1-9C28F031A44C}.Debug|Any CPU.Build.0 = Debug|Any CPU
		{9753D7F3-A00C-4A0E-ABE1-9C28F031A44C}.Release|Any CPU.ActiveCfg = Release|Any CPU
		{9753D7F3-A00C-4A0E-ABE1-9C28F031A44C}.Release|Any CPU.Build.0 = Release|Any CPU
		{95FFA203-5798-4470-9563-7AB64F233A45}.Debug|Any CPU.ActiveCfg = Debug|Any CPU
		{95FFA203-5798-4470-9563-7AB64F233A45}.Debug|Any CPU.Build.0 = Debug|Any CPU
		{95FFA203-5798-4470-9563-7AB64F233A45}.Release|Any CPU.ActiveCfg = Release|Any CPU
		{95FFA203-5798-4470-9563-7AB64F233A45}.Release|Any CPU.Build.0 = Release|Any CPU
		{2CFF101C-6E00-4D53-8401-D0E4602ACFFB}.Debug|Any CPU.ActiveCfg = Debug|Any CPU
		{2CFF101C-6E00-4D53-8401-D0E4602ACFFB}.Debug|Any CPU.Build.0 = Debug|Any CPU
		{2CFF101C-6E00-4D53-8401-D0E4602ACFFB}.Release|Any CPU.ActiveCfg = Release|Any CPU
		{2CFF101C-6E00-4D53-8401-D0E4602ACFFB}.Release|Any CPU.Build.0 = Release|Any CPU
		{F9F46E0C-699E-43C2-AE12-D661FEEE9826}.Debug|Any CPU.ActiveCfg = Debug|Any CPU
		{F9F46E0C-699E-43C2-AE12-D661FEEE9826}.Debug|Any CPU.Build.0 = Debug|Any CPU
		{F9F46E0C-699E-43C2-AE12-D661FEEE9826}.Release|Any CPU.ActiveCfg = Release|Any CPU
		{F9F46E0C-699E-43C2-AE12-D661FEEE9826}.Release|Any CPU.Build.0 = Release|Any CPU
		{2ADCA55D-4947-40FF-BC2B-5EACC987BC48}.Debug|Any CPU.ActiveCfg = Debug|Any CPU
		{2ADCA55D-4947-40FF-BC2B-5EACC987BC48}.Debug|Any CPU.Build.0 = Debug|Any CPU
		{2ADCA55D-4947-40FF-BC2B-5EACC987BC48}.Release|Any CPU.ActiveCfg = Release|Any CPU
		{2ADCA55D-4947-40FF-BC2B-5EACC987BC48}.Release|Any CPU.Build.0 = Release|Any CPU
		{E1694585-193D-4F61-9B37-E41E2F9B222A}.Debug|Any CPU.ActiveCfg = Debug|Any CPU
		{E1694585-193D-4F61-9B37-E41E2F9B222A}.Debug|Any CPU.Build.0 = Debug|Any CPU
		{E1694585-193D-4F61-9B37-E41E2F9B222A}.Release|Any CPU.ActiveCfg = Release|Any CPU
		{E1694585-193D-4F61-9B37-E41E2F9B222A}.Release|Any CPU.Build.0 = Release|Any CPU
		{8E2A6CF4-84FA-4BEA-8C0A-E768ED05EAE6}.Debug|Any CPU.ActiveCfg = Debug|Any CPU
		{8E2A6CF4-84FA-4BEA-8C0A-E768ED05EAE6}.Debug|Any CPU.Build.0 = Debug|Any CPU
		{8E2A6CF4-84FA-4BEA-8C0A-E768ED05EAE6}.Release|Any CPU.ActiveCfg = Release|Any CPU
		{8E2A6CF4-84FA-4BEA-8C0A-E768ED05EAE6}.Release|Any CPU.Build.0 = Release|Any CPU
		{01AD1BA6-864C-4F37-9A85-45F9B42B1E25}.Debug|Any CPU.ActiveCfg = Debug|Any CPU
		{01AD1BA6-864C-4F37-9A85-45F9B42B1E25}.Debug|Any CPU.Build.0 = Debug|Any CPU
		{01AD1BA6-864C-4F37-9A85-45F9B42B1E25}.Release|Any CPU.ActiveCfg = Release|Any CPU
		{01AD1BA6-864C-4F37-9A85-45F9B42B1E25}.Release|Any CPU.Build.0 = Release|Any CPU
		{789482D5-A042-4454-8D22-10B841BB6428}.Debug|Any CPU.ActiveCfg = Debug|Any CPU
		{789482D5-A042-4454-8D22-10B841BB6428}.Debug|Any CPU.Build.0 = Debug|Any CPU
		{789482D5-A042-4454-8D22-10B841BB6428}.Release|Any CPU.ActiveCfg = Release|Any CPU
		{789482D5-A042-4454-8D22-10B841BB6428}.Release|Any CPU.Build.0 = Release|Any CPU
		{0337DBE1-05F3-4A73-AC11-6602ADD835A2}.Debug|Any CPU.ActiveCfg = Debug|Any CPU
		{0337DBE1-05F3-4A73-AC11-6602ADD835A2}.Debug|Any CPU.Build.0 = Debug|Any CPU
		{0337DBE1-05F3-4A73-AC11-6602ADD835A2}.Release|Any CPU.ActiveCfg = Release|Any CPU
		{0337DBE1-05F3-4A73-AC11-6602ADD835A2}.Release|Any CPU.Build.0 = Release|Any CPU
		{3E6C4AC2-6907-4648-9D5B-89BADD40018F}.Debug|Any CPU.ActiveCfg = Debug|Any CPU
		{3E6C4AC2-6907-4648-9D5B-89BADD40018F}.Debug|Any CPU.Build.0 = Debug|Any CPU
		{3E6C4AC2-6907-4648-9D5B-89BADD40018F}.Release|Any CPU.ActiveCfg = Release|Any CPU
		{3E6C4AC2-6907-4648-9D5B-89BADD40018F}.Release|Any CPU.Build.0 = Release|Any CPU
		{2460E7AB-0801-434B-A8CC-12446C575EB0}.Debug|Any CPU.ActiveCfg = Debug|Any CPU
		{2460E7AB-0801-434B-A8CC-12446C575EB0}.Debug|Any CPU.Build.0 = Debug|Any CPU
		{2460E7AB-0801-434B-A8CC-12446C575EB0}.Release|Any CPU.ActiveCfg = Release|Any CPU
		{2460E7AB-0801-434B-A8CC-12446C575EB0}.Release|Any CPU.Build.0 = Release|Any CPU
		{902B7DF2-2B2D-433A-BF59-B5D6D0A2F01E}.Debug|Any CPU.ActiveCfg = Debug|Any CPU
		{902B7DF2-2B2D-433A-BF59-B5D6D0A2F01E}.Debug|Any CPU.Build.0 = Debug|Any CPU
		{902B7DF2-2B2D-433A-BF59-B5D6D0A2F01E}.Release|Any CPU.ActiveCfg = Release|Any CPU
		{902B7DF2-2B2D-433A-BF59-B5D6D0A2F01E}.Release|Any CPU.Build.0 = Release|Any CPU
		{FDDD85E3-6BE2-4864-933F-0A039C0A3A47}.Debug|Any CPU.ActiveCfg = Debug|Any CPU
		{FDDD85E3-6BE2-4864-933F-0A039C0A3A47}.Debug|Any CPU.Build.0 = Debug|Any CPU
		{FDDD85E3-6BE2-4864-933F-0A039C0A3A47}.Release|Any CPU.ActiveCfg = Release|Any CPU
		{FDDD85E3-6BE2-4864-933F-0A039C0A3A47}.Release|Any CPU.Build.0 = Release|Any CPU
		{52B62343-B0EF-44E9-80B6-DFF4A655037C}.Debug|Any CPU.ActiveCfg = Debug|Any CPU
		{52B62343-B0EF-44E9-80B6-DFF4A655037C}.Debug|Any CPU.Build.0 = Debug|Any CPU
		{52B62343-B0EF-44E9-80B6-DFF4A655037C}.Release|Any CPU.ActiveCfg = Release|Any CPU
		{52B62343-B0EF-44E9-80B6-DFF4A655037C}.Release|Any CPU.Build.0 = Release|Any CPU
		{4C94D43A-95EA-49C9-BDE2-6B7BA1BC5E2B}.Debug|Any CPU.ActiveCfg = Debug|Any CPU
		{4C94D43A-95EA-49C9-BDE2-6B7BA1BC5E2B}.Debug|Any CPU.Build.0 = Debug|Any CPU
		{4C94D43A-95EA-49C9-BDE2-6B7BA1BC5E2B}.Release|Any CPU.ActiveCfg = Release|Any CPU
		{4C94D43A-95EA-49C9-BDE2-6B7BA1BC5E2B}.Release|Any CPU.Build.0 = Release|Any CPU
		{8E2CC955-F0B2-463C-9A26-83958D737709}.Debug|Any CPU.ActiveCfg = Debug|Any CPU
		{8E2CC955-F0B2-463C-9A26-83958D737709}.Debug|Any CPU.Build.0 = Debug|Any CPU
		{8E2CC955-F0B2-463C-9A26-83958D737709}.Release|Any CPU.ActiveCfg = Release|Any CPU
		{8E2CC955-F0B2-463C-9A26-83958D737709}.Release|Any CPU.Build.0 = Release|Any CPU
		{5112582B-642F-4821-97DD-7A04AFA6D7DC}.Debug|Any CPU.ActiveCfg = Debug|Any CPU
		{5112582B-642F-4821-97DD-7A04AFA6D7DC}.Debug|Any CPU.Build.0 = Debug|Any CPU
		{5112582B-642F-4821-97DD-7A04AFA6D7DC}.Release|Any CPU.ActiveCfg = Release|Any CPU
		{5112582B-642F-4821-97DD-7A04AFA6D7DC}.Release|Any CPU.Build.0 = Release|Any CPU
		{0F554864-9F65-4ECC-B104-F6190DDE6D0B}.Debug|Any CPU.ActiveCfg = Debug|Any CPU
		{0F554864-9F65-4ECC-B104-F6190DDE6D0B}.Debug|Any CPU.Build.0 = Debug|Any CPU
		{0F554864-9F65-4ECC-B104-F6190DDE6D0B}.Release|Any CPU.ActiveCfg = Release|Any CPU
		{0F554864-9F65-4ECC-B104-F6190DDE6D0B}.Release|Any CPU.Build.0 = Release|Any CPU
		{78DA8D4C-4333-4B1F-BE7A-FFEDEE8B292A}.Debug|Any CPU.ActiveCfg = Debug|Any CPU
		{78DA8D4C-4333-4B1F-BE7A-FFEDEE8B292A}.Debug|Any CPU.Build.0 = Debug|Any CPU
		{78DA8D4C-4333-4B1F-BE7A-FFEDEE8B292A}.Release|Any CPU.ActiveCfg = Release|Any CPU
		{78DA8D4C-4333-4B1F-BE7A-FFEDEE8B292A}.Release|Any CPU.Build.0 = Release|Any CPU
		{8B008901-6415-4F83-84D3-7F65C4C000D1}.Debug|Any CPU.ActiveCfg = Debug|Any CPU
		{8B008901-6415-4F83-84D3-7F65C4C000D1}.Debug|Any CPU.Build.0 = Debug|Any CPU
		{8B008901-6415-4F83-84D3-7F65C4C000D1}.Release|Any CPU.ActiveCfg = Release|Any CPU
		{8B008901-6415-4F83-84D3-7F65C4C000D1}.Release|Any CPU.Build.0 = Release|Any CPU
		{590761F1-9383-48DA-881E-B894203280DE}.Debug|Any CPU.ActiveCfg = Debug|Any CPU
		{590761F1-9383-48DA-881E-B894203280DE}.Debug|Any CPU.Build.0 = Debug|Any CPU
		{590761F1-9383-48DA-881E-B894203280DE}.Release|Any CPU.ActiveCfg = Release|Any CPU
		{590761F1-9383-48DA-881E-B894203280DE}.Release|Any CPU.Build.0 = Release|Any CPU
		{32EC9DD1-3430-4706-A3DA-5B8A526C40E3}.Debug|Any CPU.ActiveCfg = Debug|Any CPU
		{32EC9DD1-3430-4706-A3DA-5B8A526C40E3}.Debug|Any CPU.Build.0 = Debug|Any CPU
		{32EC9DD1-3430-4706-A3DA-5B8A526C40E3}.Release|Any CPU.ActiveCfg = Release|Any CPU
		{32EC9DD1-3430-4706-A3DA-5B8A526C40E3}.Release|Any CPU.Build.0 = Release|Any CPU
		{04C21213-73A5-4AB7-916B-B37355BC4910}.Debug|Any CPU.ActiveCfg = Debug|Any CPU
		{04C21213-73A5-4AB7-916B-B37355BC4910}.Debug|Any CPU.Build.0 = Debug|Any CPU
		{04C21213-73A5-4AB7-916B-B37355BC4910}.Release|Any CPU.ActiveCfg = Release|Any CPU
		{04C21213-73A5-4AB7-916B-B37355BC4910}.Release|Any CPU.Build.0 = Release|Any CPU
		{1280EFEC-A4E4-44B4-A4B0-868157621F02}.Debug|Any CPU.ActiveCfg = Debug|Any CPU
		{1280EFEC-A4E4-44B4-A4B0-868157621F02}.Debug|Any CPU.Build.0 = Debug|Any CPU
		{1280EFEC-A4E4-44B4-A4B0-868157621F02}.Release|Any CPU.ActiveCfg = Release|Any CPU
		{1280EFEC-A4E4-44B4-A4B0-868157621F02}.Release|Any CPU.Build.0 = Release|Any CPU
		{42AA239F-8713-465B-849D-73C433402552}.Debug|Any CPU.ActiveCfg = Debug|Any CPU
		{42AA239F-8713-465B-849D-73C433402552}.Debug|Any CPU.Build.0 = Debug|Any CPU
		{42AA239F-8713-465B-849D-73C433402552}.Release|Any CPU.ActiveCfg = Release|Any CPU
		{42AA239F-8713-465B-849D-73C433402552}.Release|Any CPU.Build.0 = Release|Any CPU
		{8F2AAD43-FF37-4535-BB03-76528081D192}.Debug|Any CPU.ActiveCfg = Debug|Any CPU
		{8F2AAD43-FF37-4535-BB03-76528081D192}.Debug|Any CPU.Build.0 = Debug|Any CPU
		{8F2AAD43-FF37-4535-BB03-76528081D192}.Release|Any CPU.ActiveCfg = Release|Any CPU
		{8F2AAD43-FF37-4535-BB03-76528081D192}.Release|Any CPU.Build.0 = Release|Any CPU
		{24050E20-C34B-4BFE-9419-3D3BE512D615}.Debug|Any CPU.ActiveCfg = Debug|Any CPU
		{24050E20-C34B-4BFE-9419-3D3BE512D615}.Debug|Any CPU.Build.0 = Debug|Any CPU
		{24050E20-C34B-4BFE-9419-3D3BE512D615}.Release|Any CPU.ActiveCfg = Release|Any CPU
		{24050E20-C34B-4BFE-9419-3D3BE512D615}.Release|Any CPU.Build.0 = Release|Any CPU
		{C44838E5-F93E-4E5C-B729-938B307CD433}.Debug|Any CPU.ActiveCfg = Debug|Any CPU
		{C44838E5-F93E-4E5C-B729-938B307CD433}.Debug|Any CPU.Build.0 = Debug|Any CPU
		{C44838E5-F93E-4E5C-B729-938B307CD433}.Release|Any CPU.ActiveCfg = Release|Any CPU
		{C44838E5-F93E-4E5C-B729-938B307CD433}.Release|Any CPU.Build.0 = Release|Any CPU
		{9957CF9F-952C-4E63-8959-4748F5325AB2}.Debug|Any CPU.ActiveCfg = Debug|Any CPU
		{9957CF9F-952C-4E63-8959-4748F5325AB2}.Debug|Any CPU.Build.0 = Debug|Any CPU
		{9957CF9F-952C-4E63-8959-4748F5325AB2}.Release|Any CPU.ActiveCfg = Release|Any CPU
		{9957CF9F-952C-4E63-8959-4748F5325AB2}.Release|Any CPU.Build.0 = Release|Any CPU
		{6E2CD02F-D63A-4057-B4BE-BA0C243E3B01}.Debug|Any CPU.ActiveCfg = Debug|Any CPU
		{6E2CD02F-D63A-4057-B4BE-BA0C243E3B01}.Debug|Any CPU.Build.0 = Debug|Any CPU
		{6E2CD02F-D63A-4057-B4BE-BA0C243E3B01}.Release|Any CPU.ActiveCfg = Release|Any CPU
		{6E2CD02F-D63A-4057-B4BE-BA0C243E3B01}.Release|Any CPU.Build.0 = Release|Any CPU
		{7706A865-38AD-4A77-B9E4-13F52E210565}.Debug|Any CPU.ActiveCfg = Debug|Any CPU
		{7706A865-38AD-4A77-B9E4-13F52E210565}.Debug|Any CPU.Build.0 = Debug|Any CPU
		{7706A865-38AD-4A77-B9E4-13F52E210565}.Release|Any CPU.ActiveCfg = Release|Any CPU
		{7706A865-38AD-4A77-B9E4-13F52E210565}.Release|Any CPU.Build.0 = Release|Any CPU
		{20564953-807F-4828-9242-86476CFFBC9E}.Debug|Any CPU.ActiveCfg = Debug|Any CPU
		{20564953-807F-4828-9242-86476CFFBC9E}.Debug|Any CPU.Build.0 = Debug|Any CPU
		{20564953-807F-4828-9242-86476CFFBC9E}.Release|Any CPU.ActiveCfg = Release|Any CPU
		{20564953-807F-4828-9242-86476CFFBC9E}.Release|Any CPU.Build.0 = Release|Any CPU
	EndGlobalSection
	GlobalSection(SolutionProperties) = preSolution
		HideSolutionNode = FALSE
	EndGlobalSection
	GlobalSection(NestedProjects) = preSolution
		{D16E1DAF-C5E9-4A86-84A2-6BDE7FBA44E5} = {07ECB0F2-14A8-4854-80A6-3B281DCA5413}
		{B9D67DD5-4E03-44E2-AB45-5155E67D715A} = {1464640F-AEAE-4331-BC58-52898DF893B6}
		{3489FEC4-8970-430A-A3BA-A3287E6B352A} = {1464640F-AEAE-4331-BC58-52898DF893B6}
		{4E154DC7-E4A9-4505-9142-ACB9E1DC23A0} = {1464640F-AEAE-4331-BC58-52898DF893B6}
		{24FB1C64-EB05-437A-BE29-CC2060235A50} = {63AD8236-F12D-44C8-B663-EE78D00EFC9A}
		{4BC6BF78-F501-4026-BA90-3915E9A263BC} = {7274F59B-3CAD-4475-9AB9-46C61266B843}
		{9753D7F3-A00C-4A0E-ABE1-9C28F031A44C} = {7274F59B-3CAD-4475-9AB9-46C61266B843}
		{95FFA203-5798-4470-9563-7AB64F233A45} = {7274F59B-3CAD-4475-9AB9-46C61266B843}
		{2CFF101C-6E00-4D53-8401-D0E4602ACFFB} = {7274F59B-3CAD-4475-9AB9-46C61266B843}
		{F9F46E0C-699E-43C2-AE12-D661FEEE9826} = {7274F59B-3CAD-4475-9AB9-46C61266B843}
		{2ADCA55D-4947-40FF-BC2B-5EACC987BC48} = {7274F59B-3CAD-4475-9AB9-46C61266B843}
		{E1694585-193D-4F61-9B37-E41E2F9B222A} = {7274F59B-3CAD-4475-9AB9-46C61266B843}
		{8E2A6CF4-84FA-4BEA-8C0A-E768ED05EAE6} = {7274F59B-3CAD-4475-9AB9-46C61266B843}
		{01AD1BA6-864C-4F37-9A85-45F9B42B1E25} = {7274F59B-3CAD-4475-9AB9-46C61266B843}
		{789482D5-A042-4454-8D22-10B841BB6428} = {7274F59B-3CAD-4475-9AB9-46C61266B843}
		{3E6C4AC2-6907-4648-9D5B-89BADD40018F} = {7274F59B-3CAD-4475-9AB9-46C61266B843}
		{2460E7AB-0801-434B-A8CC-12446C575EB0} = {7274F59B-3CAD-4475-9AB9-46C61266B843}
		{902B7DF2-2B2D-433A-BF59-B5D6D0A2F01E} = {7274F59B-3CAD-4475-9AB9-46C61266B843}
		{FDDD85E3-6BE2-4864-933F-0A039C0A3A47} = {7274F59B-3CAD-4475-9AB9-46C61266B843}
		{52B62343-B0EF-44E9-80B6-DFF4A655037C} = {7274F59B-3CAD-4475-9AB9-46C61266B843}
		{4C94D43A-95EA-49C9-BDE2-6B7BA1BC5E2B} = {7274F59B-3CAD-4475-9AB9-46C61266B843}
		{0F554864-9F65-4ECC-B104-F6190DDE6D0B} = {7274F59B-3CAD-4475-9AB9-46C61266B843}
		{78DA8D4C-4333-4B1F-BE7A-FFEDEE8B292A} = {7274F59B-3CAD-4475-9AB9-46C61266B843}
		{8B008901-6415-4F83-84D3-7F65C4C000D1} = {7274F59B-3CAD-4475-9AB9-46C61266B843}
		{590761F1-9383-48DA-881E-B894203280DE} = {7274F59B-3CAD-4475-9AB9-46C61266B843}
		{32EC9DD1-3430-4706-A3DA-5B8A526C40E3} = {7274F59B-3CAD-4475-9AB9-46C61266B843}
		{04C21213-73A5-4AB7-916B-B37355BC4910} = {7274F59B-3CAD-4475-9AB9-46C61266B843}
		{1280EFEC-A4E4-44B4-A4B0-868157621F02} = {7274F59B-3CAD-4475-9AB9-46C61266B843}
		{C44838E5-F93E-4E5C-B729-938B307CD433} = {7274F59B-3CAD-4475-9AB9-46C61266B843}
		{9957CF9F-952C-4E63-8959-4748F5325AB2} = {7274F59B-3CAD-4475-9AB9-46C61266B843}
		{6E2CD02F-D63A-4057-B4BE-BA0C243E3B01} = {7274F59B-3CAD-4475-9AB9-46C61266B843}
		{20564953-807F-4828-9242-86476CFFBC9E} = {74A6B0CC-CA54-45FA-BAEB-860835E5A98D}
	EndGlobalSection
	GlobalSection(ExtensibilityGlobals) = postSolution
		SolutionGuid = {93A267F3-30F1-417D-B3E8-ACFEA87B5242}
	EndGlobalSection
EndGlobal
