
Microsoft Visual Studio Solution File, Format Version 12.00
# Visual Studio 15
VisualStudioVersion = 15.0.28307.705
MinimumVisualStudioVersion = 10.0.40219.1
Project("{9A19103F-16F7-4668-BE54-9A1E7A4F7556}") = "VSS.Hydrology.WebApi", "Service\WebApi\VSS.Hydrology.WebApi.csproj", "{725211D1-186E-4887-9706-CD1B838C2018}"
EndProject
Project("{9A19103F-16F7-4668-BE54-9A1E7A4F7556}") = "VSS.Hydrology.WebApi.Common", "Service\WebApiCommon\VSS.Hydrology.WebApi.Common.csproj", "{0738C3C1-8879-4A71-8025-8CD0D3541AB0}"
EndProject
Project("{2150E333-8FDC-42A3-9474-1A3956D46DE8}") = "Service", "Service", "{43565126-429D-4188-9C6F-3F08A7E7793C}"
EndProject
Project("{2150E333-8FDC-42A3-9474-1A3956D46DE8}") = "External", "External", "{B196E4DE-BBBB-4F5F-A9D7-DB9AFE2063E9}"
EndProject
Project("{2150E333-8FDC-42A3-9474-1A3956D46DE8}") = "Common", "Common", "{D063D43B-8826-414E-9500-1C0B6A5B69D0}"
EndProject
Project("{2150E333-8FDC-42A3-9474-1A3956D46DE8}") = "Solution Items", "Solution Items", "{60BBFDCE-6A32-4213-BE71-2AE4D0BCFF6F}"
	ProjectSection(SolutionItems) = preProject
		.editorconfig = .editorconfig
	EndProjectSection
EndProject
Project("{9A19103F-16F7-4668-BE54-9A1E7A4F7556}") = "VSS.Serilog.Extensions", "..\..\Common\LoggingExtensions\SerilogExtensions\VSS.Serilog.Extensions.csproj", "{6CD2BBBA-1443-416D-AE03-33B1ECDAD96A}"
EndProject
Project("{9A19103F-16F7-4668-BE54-9A1E7A4F7556}") = "VSS.MasterData.Models", "..\..\Common\MasterDataModels\src\VSS.MasterData.Models.csproj", "{DE8DCA10-CDC7-47DE-9D4F-7C7B9FF24095}"
EndProject
Project("{9A19103F-16F7-4668-BE54-9A1E7A4F7556}") = "VSS.Common.Abstractions", "..\..\Common\VSS.Common.Abstractions\VSS.Common.Abstractions.csproj", "{42F52F1D-3379-4C7C-9A64-2F52B99F5E19}"
EndProject
Project("{9A19103F-16F7-4668-BE54-9A1E7A4F7556}") = "VSS.WebApi.Common", "..\..\Common\WebApi.Common\src\VSS.WebApi.Common.csproj", "{FABF0B1B-5C1A-4F6A-83AB-A17F865DA23B}"
EndProject
Project("{9A19103F-16F7-4668-BE54-9A1E7A4F7556}") = "VSS.Common.ServiceDiscovery", "..\..\Common\VSS.Common.ServiceDiscovery\src\VSS.Common.ServiceDiscovery.csproj", "{AAF471D1-21DA-43FA-979A-0639C080C428}"
EndProject
Project("{9A19103F-16F7-4668-BE54-9A1E7A4F7556}") = "VSS.MasterData.Proxies", "..\..\Common\MasterDataProxies\src\VSS.MasterData.Proxies.csproj", "{9DBD89E3-DB40-49E9-ADA2-FBA7592127EC}"
EndProject
Project("{9A19103F-16F7-4668-BE54-9A1E7A4F7556}") = "VSS.Log4NetExtensions", "..\..\Common\log4netExtensions\src\VSS.Log4NetExtensions.csproj", "{F7B4BD6A-8F80-4B95-B55C-82D516C6D793}"
EndProject
Project("{9A19103F-16F7-4668-BE54-9A1E7A4F7556}") = "VSS.ConfigurationStore", "..\..\Common\ConfigurationStore\src\VSS.ConfigurationStore.csproj", "{6560B971-DC25-4001-B39F-A660E0F6D96E}"
EndProject
Project("{9A19103F-16F7-4668-BE54-9A1E7A4F7556}") = "VSS.Common.Kubernetes", "..\..\Common\VSS.Common.Kubernetes\VSS.Common.Kubernetes.csproj", "{37B8DD5C-B99A-43B2-87CC-96337B3D177F}"
EndProject
Project("{9A19103F-16F7-4668-BE54-9A1E7A4F7556}") = "VSS.MasterData.Repositories", "..\..\Common\MasterDataRepositories\src\VSS.MasterData.Repositories.csproj", "{B3751DAC-C9C3-4CAD-8911-5B48D4BBD112}"
EndProject
Project("{9A19103F-16F7-4668-BE54-9A1E7A4F7556}") = "VSS.Common.Cache.MemoryCache", "..\..\Common\VSS.Common.Cache.MemoryCache\src\VSS.Common.Cache.MemoryCache.csproj", "{7D777AF1-8AAD-4579-BD9F-4A60D57FA14E}"
EndProject
Project("{9A19103F-16F7-4668-BE54-9A1E7A4F7556}") = "VSS.ITask", "..\..\Common\ITask\src\VSS.ITask.csproj", "{3B6A3182-D415-47F9-9EFB-4E975F96E39B}"
EndProject
Project("{9A19103F-16F7-4668-BE54-9A1E7A4F7556}") = "VSS.Pegasus.Client.Models", "..\..\Common\Pegasus\VSS.Pegasus.Client.Models\VSS.Pegasus.Client.Models.csproj", "{5D8543C1-D8BD-405B-9D50-D3B9E617E535}"
EndProject
Project("{2150E333-8FDC-42A3-9474-1A3956D46DE8}") = "TRex", "TRex", "{8E4258B0-875D-4652-9D49-EE2365257A43}"
EndProject
Project("{9A19103F-16F7-4668-BE54-9A1E7A4F7556}") = "VSS.TRex.ConnectedSite.Gateway.Abstractions", "..\TRex\src\interfaces\VSS.TRex.ConnectedSite.Gateway.Abstractions\VSS.TRex.ConnectedSite.Gateway.Abstractions.csproj", "{B1643F9A-5644-431E-B586-D2AC4691F2E4}"
EndProject
Project("{9A19103F-16F7-4668-BE54-9A1E7A4F7556}") = "VSS.TRex.Types", "..\TRex\src\netstandard\VSS.TRex.Types\VSS.TRex.Types.csproj", "{9137783A-A9E4-4E5E-922E-814834920D72}"
EndProject
Project("{9A19103F-16F7-4668-BE54-9A1E7A4F7556}") = "VSS.Productivity3D.Models", "..\..\Common\Productivity3DModels\src\VSS.Productivity3D.Models.csproj", "{315FAD6D-D904-444D-BA59-6D17C5C1D293}"
EndProject
Project("{2150E333-8FDC-42A3-9474-1A3956D46DE8}") = "Filter", "Filter", "{85817275-1D54-47F5-BF00-3A66EB621EAF}"
EndProject
Project("{9A19103F-16F7-4668-BE54-9A1E7A4F7556}") = "VSS.Productivity3D.Filter.Abstractions", "..\Filter\src\VSS.Productivity3D.Filter.Abstractions\VSS.Productivity3D.Filter.Abstractions.csproj", "{E1210579-5B27-46CB-A6E7-D407E425B66E}"
EndProject
Project("{9A19103F-16F7-4668-BE54-9A1E7A4F7556}") = "VSS.Hydrology.WebApi.Abstractions", "Clients\Abstractions\VSS.Hydrology.WebApi.Abstractions.csproj", "{3EDA506A-AA51-46BA-AB1F-26A4DA2298CF}"
EndProject
Project("{9A19103F-16F7-4668-BE54-9A1E7A4F7556}") = "VSS.Hydrology.WebApi.Proxy", "Clients\Proxy\VSS.Hydrology.WebApi.Proxy.csproj", "{5B333BBB-01F3-44C6-A800-FDA3F0142A98}"
EndProject
Project("{2150E333-8FDC-42A3-9474-1A3956D46DE8}") = "HydroLibraries", "HydroLibraries", "{7AEC1E1A-BE3C-404D-8AEE-A7D9191AF462}"
	ProjectSection(SolutionItems) = preProject
		Service\HydroLibraries\Accord.dll = Service\HydroLibraries\Accord.dll
		Service\HydroLibraries\Accord.MachineLearning.dll = Service\HydroLibraries\Accord.MachineLearning.dll
		Service\HydroLibraries\Accord.MachineLearning.xml = Service\HydroLibraries\Accord.MachineLearning.xml
		Service\HydroLibraries\Accord.Math.dll = Service\HydroLibraries\Accord.Math.dll
		Service\HydroLibraries\Accord.Math.xml = Service\HydroLibraries\Accord.Math.xml
		Service\HydroLibraries\Accord.Statistics.dll = Service\HydroLibraries\Accord.Statistics.dll
		Service\HydroLibraries\Accord.Statistics.xml = Service\HydroLibraries\Accord.Statistics.xml
		Service\HydroLibraries\Accord.xml = Service\HydroLibraries\Accord.xml
		Service\HydroLibraries\AcDbPointCloudObj_4.00_11.tx = Service\HydroLibraries\AcDbPointCloudObj_4.00_11.tx
		Service\HydroLibraries\AForge.dll = Service\HydroLibraries\AForge.dll
		Service\HydroLibraries\AForge.Math.dll = Service\HydroLibraries\AForge.Math.dll
		Service\HydroLibraries\AForge.Math.xml = Service\HydroLibraries\AForge.Math.xml
		Service\HydroLibraries\AForge.xml = Service\HydroLibraries\AForge.xml
		Service\HydroLibraries\Core.Contracts.dll = Service\HydroLibraries\Core.Contracts.dll
		Service\HydroLibraries\Core.Services.dll = Service\HydroLibraries\Core.Services.dll
		Service\HydroLibraries\Fake.CoordinateSystem.dll = Service\HydroLibraries\Fake.CoordinateSystem.dll
		Service\HydroLibraries\Fake.CTCT.dll = Service\HydroLibraries\Fake.CTCT.dll
		Service\HydroLibraries\Fake.Teigha.dll = Service\HydroLibraries\Fake.Teigha.dll
		Service\HydroLibraries\Gibraltar.Agent.dll = Service\HydroLibraries\Gibraltar.Agent.dll
		Service\HydroLibraries\Microsoft.Expression.Drawing.dll = Service\HydroLibraries\Microsoft.Expression.Drawing.dll
		Service\HydroLibraries\Microsoft.Expression.Drawing.xml = Service\HydroLibraries\Microsoft.Expression.Drawing.xml
		Service\HydroLibraries\Microsoft.Expression.Interactions.dll = Service\HydroLibraries\Microsoft.Expression.Interactions.dll
		Service\HydroLibraries\Microsoft.Practices.EnterpriseLibrary.Common.dll = Service\HydroLibraries\Microsoft.Practices.EnterpriseLibrary.Common.dll
		Service\HydroLibraries\Microsoft.Practices.EnterpriseLibrary.Logging.dll = Service\HydroLibraries\Microsoft.Practices.EnterpriseLibrary.Logging.dll
		Service\HydroLibraries\Microsoft.Practices.EnterpriseLibrary.Logging.xml = Service\HydroLibraries\Microsoft.Practices.EnterpriseLibrary.Logging.xml
		Service\HydroLibraries\Microsoft.Practices.EnterpriseLibrary.Validation.dll = Service\HydroLibraries\Microsoft.Practices.EnterpriseLibrary.Validation.dll
		Service\HydroLibraries\Microsoft.Practices.Prism.dll = Service\HydroLibraries\Microsoft.Practices.Prism.dll
		Service\HydroLibraries\Microsoft.Practices.Prism.Interactivity.dll = Service\HydroLibraries\Microsoft.Practices.Prism.Interactivity.dll
		Service\HydroLibraries\Microsoft.Practices.Prism.Interactivity.xml = Service\HydroLibraries\Microsoft.Practices.Prism.Interactivity.xml
		Service\HydroLibraries\Microsoft.Practices.Prism.MefExtensions.dll = Service\HydroLibraries\Microsoft.Practices.Prism.MefExtensions.dll
		Service\HydroLibraries\Microsoft.Practices.Prism.MefExtensions.xml = Service\HydroLibraries\Microsoft.Practices.Prism.MefExtensions.xml
		Service\HydroLibraries\Microsoft.Practices.Prism.xml = Service\HydroLibraries\Microsoft.Practices.Prism.xml
		Service\HydroLibraries\Microsoft.Practices.ServiceLocation.dll = Service\HydroLibraries\Microsoft.Practices.ServiceLocation.dll
		Service\HydroLibraries\Microsoft.Practices.ServiceLocation.xml = Service\HydroLibraries\Microsoft.Practices.ServiceLocation.xml
		Service\HydroLibraries\Morph.Contracts.dll = Service\HydroLibraries\Morph.Contracts.dll
		Service\HydroLibraries\Morph.Contracts.XML = Service\HydroLibraries\Morph.Contracts.XML
		Service\HydroLibraries\Morph.Contracts.XmlSerializers.dll = Service\HydroLibraries\Morph.Contracts.XmlSerializers.dll
		Service\HydroLibraries\Morph.Core.dll = Service\HydroLibraries\Morph.Core.dll
		Service\HydroLibraries\Morph.Core.xml = Service\HydroLibraries\Morph.Core.xml
		Service\HydroLibraries\Morph.Module.Services.dll = Service\HydroLibraries\Morph.Module.Services.dll
		Service\HydroLibraries\Morph.Module.Services.dll.config = Service\HydroLibraries\Morph.Module.Services.dll.config
		Service\HydroLibraries\Morph.Resources.dll = Service\HydroLibraries\Morph.Resources.dll
		Service\HydroLibraries\Morph.Service.Core.dll = Service\HydroLibraries\Morph.Service.Core.dll
		Service\HydroLibraries\Morph.Service.Core.dll.config = Service\HydroLibraries\Morph.Service.Core.dll.config
		Service\HydroLibraries\Morph.Service.Core.xml = Service\HydroLibraries\Morph.Service.Core.xml
		Service\HydroLibraries\Morph.Service.Core.XmlSerializers.dll = Service\HydroLibraries\Morph.Service.Core.XmlSerializers.dll
		Service\HydroLibraries\Morph.Service.Engine.dll = Service\HydroLibraries\Morph.Service.Engine.dll
		Service\HydroLibraries\Morph.Service.Engine.dll.config = Service\HydroLibraries\Morph.Service.Engine.dll.config
		Service\HydroLibraries\Morph.Service.Resources.dll = Service\HydroLibraries\Morph.Service.Resources.dll
		Service\HydroLibraries\Morph.Utility.dll = Service\HydroLibraries\Morph.Utility.dll
		Service\HydroLibraries\Newtonsoft.Json.dll = Service\HydroLibraries\Newtonsoft.Json.dll
		Service\HydroLibraries\Newtonsoft.Json.xml = Service\HydroLibraries\Newtonsoft.Json.xml
		Service\HydroLibraries\nunit.framework.dll = Service\HydroLibraries\nunit.framework.dll
		Service\HydroLibraries\RecomputeDimBlock_4.00_11.tx = Service\HydroLibraries\RecomputeDimBlock_4.00_11.tx
		Service\HydroLibraries\sisl.dll = Service\HydroLibraries\sisl.dll
		Service\HydroLibraries\slapi.dll = Service\HydroLibraries\slapi.dll
		Service\HydroLibraries\SlimDX.dll = Service\HydroLibraries\SlimDX.dll
		Service\HydroLibraries\SlimDX.xml = Service\HydroLibraries\SlimDX.xml
		Service\HydroLibraries\System.Windows.Interactivity.dll = Service\HydroLibraries\System.Windows.Interactivity.dll
		Service\HydroLibraries\System.Windows.Interactivity.xml = Service\HydroLibraries\System.Windows.Interactivity.xml
		Service\HydroLibraries\TD_3DSolidHistory_4.00_11.tx = Service\HydroLibraries\TD_3DSolidHistory_4.00_11.tx
		Service\HydroLibraries\TD_AcisBuilder_4.00_11.dll = Service\HydroLibraries\TD_AcisBuilder_4.00_11.dll
		Service\HydroLibraries\TD_Alloc_4.00_11.dll = Service\HydroLibraries\TD_Alloc_4.00_11.dll
		Service\HydroLibraries\TD_Ave_4.00_11.tx = Service\HydroLibraries\TD_Ave_4.00_11.tx
		Service\HydroLibraries\TD_Br_4.00_11.dll = Service\HydroLibraries\TD_Br_4.00_11.dll
		Service\HydroLibraries\TD_Db_4.00_11.dll = Service\HydroLibraries\TD_Db_4.00_11.dll
		Service\HydroLibraries\TD_DbRoot_4.00_11.dll = Service\HydroLibraries\TD_DbRoot_4.00_11.dll
		Service\HydroLibraries\TD_DynBlocks_4.00_11.tx = Service\HydroLibraries\TD_DynBlocks_4.00_11.tx
		Service\HydroLibraries\TD_Ge_4.00_11.dll = Service\HydroLibraries\TD_Ge_4.00_11.dll
		Service\HydroLibraries\TD_Gi_4.00_11.dll = Service\HydroLibraries\TD_Gi_4.00_11.dll
		Service\HydroLibraries\TD_Gs_4.00_11.dll = Service\HydroLibraries\TD_Gs_4.00_11.dll
		Service\HydroLibraries\TD_Root_4.00_11.dll = Service\HydroLibraries\TD_Root_4.00_11.dll
		Service\HydroLibraries\TD_SpatialIndex_4.00_11.dll = Service\HydroLibraries\TD_SpatialIndex_4.00_11.dll
		Service\HydroLibraries\TD_SwigCore_4.00_11.dll = Service\HydroLibraries\TD_SwigCore_4.00_11.dll
		Service\HydroLibraries\TD_SwigCoreMgd.dll = Service\HydroLibraries\TD_SwigCoreMgd.dll
		Service\HydroLibraries\TD_SwigDb_4.00_11.dll = Service\HydroLibraries\TD_SwigDb_4.00_11.dll
		Service\HydroLibraries\TD_SwigDbMgd.dll = Service\HydroLibraries\TD_SwigDbMgd.dll
		Service\HydroLibraries\TG_Db_4.00_11.tx = Service\HydroLibraries\TG_Db_4.00_11.tx
		Service\HydroLibraries\TG_Dgn7IO_4.00_11.tx = Service\HydroLibraries\TG_Dgn7IO_4.00_11.tx
		Service\HydroLibraries\TG_DwgDb_4.00_11.tx = Service\HydroLibraries\TG_DwgDb_4.00_11.tx
		Service\HydroLibraries\TG_ModelerGeometry_4.00_11.tx = Service\HydroLibraries\TG_ModelerGeometry_4.00_11.tx
		Service\HydroLibraries\TG_SwigDb_4.00_11.dll = Service\HydroLibraries\TG_SwigDb_4.00_11.dll
		Service\HydroLibraries\TG_SwigDbMgd.dll = Service\HydroLibraries\TG_SwigDbMgd.dll
		Service\HydroLibraries\Trimble.DiskIO.dll = Service\HydroLibraries\Trimble.DiskIO.dll
		Service\HydroLibraries\Trimble.Geodetic.Antenna.dll = Service\HydroLibraries\Trimble.Geodetic.Antenna.dll
		Service\HydroLibraries\Trimble.Geodetic.Math.dll = Service\HydroLibraries\Trimble.Geodetic.Math.dll
		Service\HydroLibraries\Trimble.Geodetic.Optical.dll = Service\HydroLibraries\Trimble.Geodetic.Optical.dll
		Service\HydroLibraries\Trimble.Geodetic.Receiver.dll = Service\HydroLibraries\Trimble.Geodetic.Receiver.dll
		Service\HydroLibraries\Trimble.Geodetic.Reductions.dll = Service\HydroLibraries\Trimble.Geodetic.Reductions.dll
		Service\HydroLibraries\Trimble.Properties.dll = Service\HydroLibraries\Trimble.Properties.dll
		Service\HydroLibraries\Trimble.Vce.Alignment.dll = Service\HydroLibraries\Trimble.Vce.Alignment.dll
		Service\HydroLibraries\Trimble.Vce.CADStyle.dll = Service\HydroLibraries\Trimble.Vce.CADStyle.dll
		Service\HydroLibraries\Trimble.Vce.CADStyle.XML = Service\HydroLibraries\Trimble.Vce.CADStyle.XML
		Service\HydroLibraries\Trimble.Vce.Collections.dll = Service\HydroLibraries\Trimble.Vce.Collections.dll
		Service\HydroLibraries\Trimble.Vce.Coordinates.dll = Service\HydroLibraries\Trimble.Vce.Coordinates.dll
		Service\HydroLibraries\Trimble.Vce.Core.dll = Service\HydroLibraries\Trimble.Vce.Core.dll
		Service\HydroLibraries\Trimble.Vce.Data.COGO.dll = Service\HydroLibraries\Trimble.Vce.Data.COGO.dll
		Service\HydroLibraries\Trimble.Vce.Data.Construction.dll = Service\HydroLibraries\Trimble.Vce.Data.Construction.dll
		Service\HydroLibraries\Trimble.Vce.Data.dll = Service\HydroLibraries\Trimble.Vce.Data.dll
		Service\HydroLibraries\Trimble.Vce.Data.DWG.dll = Service\HydroLibraries\Trimble.Vce.Data.DWG.dll
		Service\HydroLibraries\Trimble.Vce.Data.DWG.XML = Service\HydroLibraries\Trimble.Vce.Data.DWG.XML
		Service\HydroLibraries\Trimble.Vce.Data.GNSSData.dll = Service\HydroLibraries\Trimble.Vce.Data.GNSSData.dll
		Service\HydroLibraries\Trimble.Vce.Data.Import.dll = Service\HydroLibraries\Trimble.Vce.Data.Import.dll
		Service\HydroLibraries\Trimble.Vce.Data.MassHaul.dll = Service\HydroLibraries\Trimble.Vce.Data.MassHaul.dll
		Service\HydroLibraries\Trimble.Vce.Data.RawData.dll = Service\HydroLibraries\Trimble.Vce.Data.RawData.dll
		Service\HydroLibraries\Trimble.Vce.Data.Results.dll = Service\HydroLibraries\Trimble.Vce.Data.Results.dll
		Service\HydroLibraries\Trimble.Vce.Data.Scanning.dll = Service\HydroLibraries\Trimble.Vce.Data.Scanning.dll
		Service\HydroLibraries\Trimble.Vce.Data.Scanning.dll.config = Service\HydroLibraries\Trimble.Vce.Data.Scanning.dll.config
		Service\HydroLibraries\Trimble.Vce.Data.SCS.dll = Service\HydroLibraries\Trimble.Vce.Data.SCS.dll
		Service\HydroLibraries\Trimble.Vce.Data.SCS.Utilities.dll = Service\HydroLibraries\Trimble.Vce.Data.SCS.Utilities.dll
		Service\HydroLibraries\Trimble.Vce.Data.Skp.dll = Service\HydroLibraries\Trimble.Vce.Data.Skp.dll
		Service\HydroLibraries\Trimble.Vce.FeatureDefinitions.dll = Service\HydroLibraries\Trimble.Vce.FeatureDefinitions.dll
		Service\HydroLibraries\Trimble.Vce.Features.dll = Service\HydroLibraries\Trimble.Vce.Features.dll
		Service\HydroLibraries\Trimble.Vce.ForeignCad.dll = Service\HydroLibraries\Trimble.Vce.ForeignCad.dll
		Service\HydroLibraries\Trimble.Vce.Gem.dll = Service\HydroLibraries\Trimble.Vce.Gem.dll
		Service\HydroLibraries\Trimble.Vce.Geometry.dll = Service\HydroLibraries\Trimble.Vce.Geometry.dll
		Service\HydroLibraries\Trimble.Vce.Interfaces.dll = Service\HydroLibraries\Trimble.Vce.Interfaces.dll
		Service\HydroLibraries\Trimble.Vce.Persistence.dll = Service\HydroLibraries\Trimble.Vce.Persistence.dll
		Service\HydroLibraries\Trimble.Vce.Reports.dll = Service\HydroLibraries\Trimble.Vce.Reports.dll
		Service\HydroLibraries\Trimble.Vce.SurveyCAD.dll = Service\HydroLibraries\Trimble.Vce.SurveyCAD.dll
		Service\HydroLibraries\Trimble.Vce.SyncServiceIntegration.dll = Service\HydroLibraries\Trimble.Vce.SyncServiceIntegration.dll
		Service\HydroLibraries\Trimble.Vce.SyncServiceIntegration.dll.config = Service\HydroLibraries\Trimble.Vce.SyncServiceIntegration.dll.config
		Service\HydroLibraries\Trimble.Vce.TTMetrics.dll = Service\HydroLibraries\Trimble.Vce.TTMetrics.dll
		Service\HydroLibraries\Trimble.Vce.Units.dll = Service\HydroLibraries\Trimble.Vce.Units.dll
		Service\HydroLibraries\Trimble.Vis.Model.dll = Service\HydroLibraries\Trimble.Vis.Model.dll
		Service\HydroLibraries\Trimble.WinCE.dll = Service\HydroLibraries\Trimble.WinCE.dll
		Service\HydroLibraries\W3dTk.dll = Service\HydroLibraries\W3dTk.dll
		Service\HydroLibraries\WhipTk.dll = Service\HydroLibraries\WhipTk.dll
		Service\HydroLibraries\zlib.dll = Service\HydroLibraries\zlib.dll
	EndProjectSection
EndProject
Project("{2150E333-8FDC-42A3-9474-1A3956D46DE8}") = "Obfuscated", "Obfuscated", "{DA2B71D6-E0B6-4F90-94AE-12F839304167}"
	ProjectSection(SolutionItems) = preProject
		Service\HydroLibraries\Obfuscated\Morph.Module.Licensing.dll = Service\HydroLibraries\Obfuscated\Morph.Module.Licensing.dll
		Service\HydroLibraries\Obfuscated\Morph.Module.Services.dll = Service\HydroLibraries\Obfuscated\Morph.Module.Services.dll
		Service\HydroLibraries\Obfuscated\Morph.Service.Core.dll = Service\HydroLibraries\Obfuscated\Morph.Service.Core.dll
		Service\HydroLibraries\Obfuscated\Morph.Service.Engine.dll = Service\HydroLibraries\Obfuscated\Morph.Service.Engine.dll
		Service\HydroLibraries\Obfuscated\Morph.Utility.dll = Service\HydroLibraries\Obfuscated\Morph.Utility.dll
	EndProjectSection
EndProject
Project("{2150E333-8FDC-42A3-9474-1A3956D46DE8}") = "Sketchup", "Sketchup", "{00999AD9-D292-483B-B653-4330F9A1FD69}"
	ProjectSection(SolutionItems) = preProject
		Service\HydroLibraries\Sketchup\AltitudeTexture.png = Service\HydroLibraries\Sketchup\AltitudeTexture.png
		Service\HydroLibraries\Sketchup\LandLeveling.rb = Service\HydroLibraries\Sketchup\LandLeveling.rb
	EndProjectSection
EndProject
Global
	GlobalSection(SolutionConfigurationPlatforms) = preSolution
		Debug|Any CPU = Debug|Any CPU
		Debug|x64 = Debug|x64
		Debug|x86 = Debug|x86
		Release|Any CPU = Release|Any CPU
		Release|x64 = Release|x64
		Release|x86 = Release|x86
	EndGlobalSection
	GlobalSection(ProjectConfigurationPlatforms) = postSolution
		{725211D1-186E-4887-9706-CD1B838C2018}.Debug|Any CPU.ActiveCfg = Debug|x64
		{725211D1-186E-4887-9706-CD1B838C2018}.Debug|Any CPU.Build.0 = Debug|x64
		{725211D1-186E-4887-9706-CD1B838C2018}.Debug|x64.ActiveCfg = Debug|x64
		{725211D1-186E-4887-9706-CD1B838C2018}.Debug|x64.Build.0 = Debug|x64
		{725211D1-186E-4887-9706-CD1B838C2018}.Debug|x86.ActiveCfg = Debug|x64
		{725211D1-186E-4887-9706-CD1B838C2018}.Release|Any CPU.ActiveCfg = Release|x64
		{725211D1-186E-4887-9706-CD1B838C2018}.Release|x64.ActiveCfg = Release|x64
		{725211D1-186E-4887-9706-CD1B838C2018}.Release|x64.Build.0 = Release|x64
		{725211D1-186E-4887-9706-CD1B838C2018}.Release|x86.ActiveCfg = Release|x64
		{0738C3C1-8879-4A71-8025-8CD0D3541AB0}.Debug|Any CPU.ActiveCfg = Debug|x64
		{0738C3C1-8879-4A71-8025-8CD0D3541AB0}.Debug|Any CPU.Build.0 = Debug|x64
		{0738C3C1-8879-4A71-8025-8CD0D3541AB0}.Debug|x64.ActiveCfg = Debug|x64
		{0738C3C1-8879-4A71-8025-8CD0D3541AB0}.Debug|x64.Build.0 = Debug|x64
		{0738C3C1-8879-4A71-8025-8CD0D3541AB0}.Debug|x86.ActiveCfg = Debug|x64
		{0738C3C1-8879-4A71-8025-8CD0D3541AB0}.Release|Any CPU.ActiveCfg = Release|x64
		{0738C3C1-8879-4A71-8025-8CD0D3541AB0}.Release|x64.ActiveCfg = Release|x64
		{0738C3C1-8879-4A71-8025-8CD0D3541AB0}.Release|x64.Build.0 = Release|x64
		{0738C3C1-8879-4A71-8025-8CD0D3541AB0}.Release|x86.ActiveCfg = Release|x64
		{6CD2BBBA-1443-416D-AE03-33B1ECDAD96A}.Debug|Any CPU.ActiveCfg = Debug|Any CPU
		{6CD2BBBA-1443-416D-AE03-33B1ECDAD96A}.Debug|Any CPU.Build.0 = Debug|Any CPU
		{6CD2BBBA-1443-416D-AE03-33B1ECDAD96A}.Debug|x64.ActiveCfg = Debug|Any CPU
		{6CD2BBBA-1443-416D-AE03-33B1ECDAD96A}.Debug|x64.Build.0 = Debug|Any CPU
		{6CD2BBBA-1443-416D-AE03-33B1ECDAD96A}.Debug|x86.ActiveCfg = Debug|Any CPU
		{6CD2BBBA-1443-416D-AE03-33B1ECDAD96A}.Debug|x86.Build.0 = Debug|Any CPU
		{6CD2BBBA-1443-416D-AE03-33B1ECDAD96A}.Release|Any CPU.ActiveCfg = Release|Any CPU
		{6CD2BBBA-1443-416D-AE03-33B1ECDAD96A}.Release|Any CPU.Build.0 = Release|Any CPU
		{6CD2BBBA-1443-416D-AE03-33B1ECDAD96A}.Release|x64.ActiveCfg = Release|Any CPU
		{6CD2BBBA-1443-416D-AE03-33B1ECDAD96A}.Release|x64.Build.0 = Release|Any CPU
		{6CD2BBBA-1443-416D-AE03-33B1ECDAD96A}.Release|x86.ActiveCfg = Release|Any CPU
		{6CD2BBBA-1443-416D-AE03-33B1ECDAD96A}.Release|x86.Build.0 = Release|Any CPU
		{DE8DCA10-CDC7-47DE-9D4F-7C7B9FF24095}.Debug|Any CPU.ActiveCfg = Debug|Any CPU
		{DE8DCA10-CDC7-47DE-9D4F-7C7B9FF24095}.Debug|Any CPU.Build.0 = Debug|Any CPU
		{DE8DCA10-CDC7-47DE-9D4F-7C7B9FF24095}.Debug|x64.ActiveCfg = Debug|Any CPU
		{DE8DCA10-CDC7-47DE-9D4F-7C7B9FF24095}.Debug|x64.Build.0 = Debug|Any CPU
		{DE8DCA10-CDC7-47DE-9D4F-7C7B9FF24095}.Debug|x86.ActiveCfg = Debug|Any CPU
		{DE8DCA10-CDC7-47DE-9D4F-7C7B9FF24095}.Debug|x86.Build.0 = Debug|Any CPU
		{DE8DCA10-CDC7-47DE-9D4F-7C7B9FF24095}.Release|Any CPU.ActiveCfg = Release|Any CPU
		{DE8DCA10-CDC7-47DE-9D4F-7C7B9FF24095}.Release|Any CPU.Build.0 = Release|Any CPU
		{DE8DCA10-CDC7-47DE-9D4F-7C7B9FF24095}.Release|x64.ActiveCfg = Release|Any CPU
		{DE8DCA10-CDC7-47DE-9D4F-7C7B9FF24095}.Release|x64.Build.0 = Release|Any CPU
		{DE8DCA10-CDC7-47DE-9D4F-7C7B9FF24095}.Release|x86.ActiveCfg = Release|Any CPU
		{DE8DCA10-CDC7-47DE-9D4F-7C7B9FF24095}.Release|x86.Build.0 = Release|Any CPU
		{42F52F1D-3379-4C7C-9A64-2F52B99F5E19}.Debug|Any CPU.ActiveCfg = Debug|Any CPU
		{42F52F1D-3379-4C7C-9A64-2F52B99F5E19}.Debug|Any CPU.Build.0 = Debug|Any CPU
		{42F52F1D-3379-4C7C-9A64-2F52B99F5E19}.Debug|x64.ActiveCfg = Debug|Any CPU
		{42F52F1D-3379-4C7C-9A64-2F52B99F5E19}.Debug|x64.Build.0 = Debug|Any CPU
		{42F52F1D-3379-4C7C-9A64-2F52B99F5E19}.Debug|x86.ActiveCfg = Debug|Any CPU
		{42F52F1D-3379-4C7C-9A64-2F52B99F5E19}.Debug|x86.Build.0 = Debug|Any CPU
		{42F52F1D-3379-4C7C-9A64-2F52B99F5E19}.Release|Any CPU.ActiveCfg = Release|Any CPU
		{42F52F1D-3379-4C7C-9A64-2F52B99F5E19}.Release|Any CPU.Build.0 = Release|Any CPU
		{42F52F1D-3379-4C7C-9A64-2F52B99F5E19}.Release|x64.ActiveCfg = Release|Any CPU
		{42F52F1D-3379-4C7C-9A64-2F52B99F5E19}.Release|x64.Build.0 = Release|Any CPU
		{42F52F1D-3379-4C7C-9A64-2F52B99F5E19}.Release|x86.ActiveCfg = Release|Any CPU
		{42F52F1D-3379-4C7C-9A64-2F52B99F5E19}.Release|x86.Build.0 = Release|Any CPU
		{FABF0B1B-5C1A-4F6A-83AB-A17F865DA23B}.Debug|Any CPU.ActiveCfg = Debug|Any CPU
		{FABF0B1B-5C1A-4F6A-83AB-A17F865DA23B}.Debug|Any CPU.Build.0 = Debug|Any CPU
		{FABF0B1B-5C1A-4F6A-83AB-A17F865DA23B}.Debug|x64.ActiveCfg = Debug|Any CPU
		{FABF0B1B-5C1A-4F6A-83AB-A17F865DA23B}.Debug|x64.Build.0 = Debug|Any CPU
		{FABF0B1B-5C1A-4F6A-83AB-A17F865DA23B}.Debug|x86.ActiveCfg = Debug|Any CPU
		{FABF0B1B-5C1A-4F6A-83AB-A17F865DA23B}.Debug|x86.Build.0 = Debug|Any CPU
		{FABF0B1B-5C1A-4F6A-83AB-A17F865DA23B}.Release|Any CPU.ActiveCfg = Release|Any CPU
		{FABF0B1B-5C1A-4F6A-83AB-A17F865DA23B}.Release|Any CPU.Build.0 = Release|Any CPU
		{FABF0B1B-5C1A-4F6A-83AB-A17F865DA23B}.Release|x64.ActiveCfg = Release|Any CPU
		{FABF0B1B-5C1A-4F6A-83AB-A17F865DA23B}.Release|x64.Build.0 = Release|Any CPU
		{FABF0B1B-5C1A-4F6A-83AB-A17F865DA23B}.Release|x86.ActiveCfg = Release|Any CPU
		{FABF0B1B-5C1A-4F6A-83AB-A17F865DA23B}.Release|x86.Build.0 = Release|Any CPU
		{AAF471D1-21DA-43FA-979A-0639C080C428}.Debug|Any CPU.ActiveCfg = Debug|Any CPU
		{AAF471D1-21DA-43FA-979A-0639C080C428}.Debug|Any CPU.Build.0 = Debug|Any CPU
		{AAF471D1-21DA-43FA-979A-0639C080C428}.Debug|x64.ActiveCfg = Debug|Any CPU
		{AAF471D1-21DA-43FA-979A-0639C080C428}.Debug|x64.Build.0 = Debug|Any CPU
		{AAF471D1-21DA-43FA-979A-0639C080C428}.Debug|x86.ActiveCfg = Debug|Any CPU
		{AAF471D1-21DA-43FA-979A-0639C080C428}.Debug|x86.Build.0 = Debug|Any CPU
		{AAF471D1-21DA-43FA-979A-0639C080C428}.Release|Any CPU.ActiveCfg = Release|Any CPU
		{AAF471D1-21DA-43FA-979A-0639C080C428}.Release|Any CPU.Build.0 = Release|Any CPU
		{AAF471D1-21DA-43FA-979A-0639C080C428}.Release|x64.ActiveCfg = Release|Any CPU
		{AAF471D1-21DA-43FA-979A-0639C080C428}.Release|x64.Build.0 = Release|Any CPU
		{AAF471D1-21DA-43FA-979A-0639C080C428}.Release|x86.ActiveCfg = Release|Any CPU
		{AAF471D1-21DA-43FA-979A-0639C080C428}.Release|x86.Build.0 = Release|Any CPU
		{9DBD89E3-DB40-49E9-ADA2-FBA7592127EC}.Debug|Any CPU.ActiveCfg = Debug|Any CPU
		{9DBD89E3-DB40-49E9-ADA2-FBA7592127EC}.Debug|Any CPU.Build.0 = Debug|Any CPU
		{9DBD89E3-DB40-49E9-ADA2-FBA7592127EC}.Debug|x64.ActiveCfg = Debug|Any CPU
		{9DBD89E3-DB40-49E9-ADA2-FBA7592127EC}.Debug|x64.Build.0 = Debug|Any CPU
		{9DBD89E3-DB40-49E9-ADA2-FBA7592127EC}.Debug|x86.ActiveCfg = Debug|Any CPU
		{9DBD89E3-DB40-49E9-ADA2-FBA7592127EC}.Debug|x86.Build.0 = Debug|Any CPU
		{9DBD89E3-DB40-49E9-ADA2-FBA7592127EC}.Release|Any CPU.ActiveCfg = Release|Any CPU
		{9DBD89E3-DB40-49E9-ADA2-FBA7592127EC}.Release|Any CPU.Build.0 = Release|Any CPU
		{9DBD89E3-DB40-49E9-ADA2-FBA7592127EC}.Release|x64.ActiveCfg = Release|Any CPU
		{9DBD89E3-DB40-49E9-ADA2-FBA7592127EC}.Release|x64.Build.0 = Release|Any CPU
		{9DBD89E3-DB40-49E9-ADA2-FBA7592127EC}.Release|x86.ActiveCfg = Release|Any CPU
		{9DBD89E3-DB40-49E9-ADA2-FBA7592127EC}.Release|x86.Build.0 = Release|Any CPU
		{F7B4BD6A-8F80-4B95-B55C-82D516C6D793}.Debug|Any CPU.ActiveCfg = Debug|Any CPU
		{F7B4BD6A-8F80-4B95-B55C-82D516C6D793}.Debug|Any CPU.Build.0 = Debug|Any CPU
		{F7B4BD6A-8F80-4B95-B55C-82D516C6D793}.Debug|x64.ActiveCfg = Debug|Any CPU
		{F7B4BD6A-8F80-4B95-B55C-82D516C6D793}.Debug|x64.Build.0 = Debug|Any CPU
		{F7B4BD6A-8F80-4B95-B55C-82D516C6D793}.Debug|x86.ActiveCfg = Debug|Any CPU
		{F7B4BD6A-8F80-4B95-B55C-82D516C6D793}.Debug|x86.Build.0 = Debug|Any CPU
		{F7B4BD6A-8F80-4B95-B55C-82D516C6D793}.Release|Any CPU.ActiveCfg = Release|Any CPU
		{F7B4BD6A-8F80-4B95-B55C-82D516C6D793}.Release|Any CPU.Build.0 = Release|Any CPU
		{F7B4BD6A-8F80-4B95-B55C-82D516C6D793}.Release|x64.ActiveCfg = Release|Any CPU
		{F7B4BD6A-8F80-4B95-B55C-82D516C6D793}.Release|x64.Build.0 = Release|Any CPU
		{F7B4BD6A-8F80-4B95-B55C-82D516C6D793}.Release|x86.ActiveCfg = Release|Any CPU
		{F7B4BD6A-8F80-4B95-B55C-82D516C6D793}.Release|x86.Build.0 = Release|Any CPU
		{6560B971-DC25-4001-B39F-A660E0F6D96E}.Debug|Any CPU.ActiveCfg = Debug|Any CPU
		{6560B971-DC25-4001-B39F-A660E0F6D96E}.Debug|Any CPU.Build.0 = Debug|Any CPU
		{6560B971-DC25-4001-B39F-A660E0F6D96E}.Debug|x64.ActiveCfg = Debug|Any CPU
		{6560B971-DC25-4001-B39F-A660E0F6D96E}.Debug|x64.Build.0 = Debug|Any CPU
		{6560B971-DC25-4001-B39F-A660E0F6D96E}.Debug|x86.ActiveCfg = Debug|Any CPU
		{6560B971-DC25-4001-B39F-A660E0F6D96E}.Debug|x86.Build.0 = Debug|Any CPU
		{6560B971-DC25-4001-B39F-A660E0F6D96E}.Release|Any CPU.ActiveCfg = Release|Any CPU
		{6560B971-DC25-4001-B39F-A660E0F6D96E}.Release|Any CPU.Build.0 = Release|Any CPU
		{6560B971-DC25-4001-B39F-A660E0F6D96E}.Release|x64.ActiveCfg = Release|Any CPU
		{6560B971-DC25-4001-B39F-A660E0F6D96E}.Release|x64.Build.0 = Release|Any CPU
		{6560B971-DC25-4001-B39F-A660E0F6D96E}.Release|x86.ActiveCfg = Release|Any CPU
		{6560B971-DC25-4001-B39F-A660E0F6D96E}.Release|x86.Build.0 = Release|Any CPU
		{37B8DD5C-B99A-43B2-87CC-96337B3D177F}.Debug|Any CPU.ActiveCfg = Debug|Any CPU
		{37B8DD5C-B99A-43B2-87CC-96337B3D177F}.Debug|Any CPU.Build.0 = Debug|Any CPU
		{37B8DD5C-B99A-43B2-87CC-96337B3D177F}.Debug|x64.ActiveCfg = Debug|Any CPU
		{37B8DD5C-B99A-43B2-87CC-96337B3D177F}.Debug|x64.Build.0 = Debug|Any CPU
		{37B8DD5C-B99A-43B2-87CC-96337B3D177F}.Debug|x86.ActiveCfg = Debug|Any CPU
		{37B8DD5C-B99A-43B2-87CC-96337B3D177F}.Debug|x86.Build.0 = Debug|Any CPU
		{37B8DD5C-B99A-43B2-87CC-96337B3D177F}.Release|Any CPU.ActiveCfg = Release|Any CPU
		{37B8DD5C-B99A-43B2-87CC-96337B3D177F}.Release|Any CPU.Build.0 = Release|Any CPU
		{37B8DD5C-B99A-43B2-87CC-96337B3D177F}.Release|x64.ActiveCfg = Release|Any CPU
		{37B8DD5C-B99A-43B2-87CC-96337B3D177F}.Release|x64.Build.0 = Release|Any CPU
		{37B8DD5C-B99A-43B2-87CC-96337B3D177F}.Release|x86.ActiveCfg = Release|Any CPU
		{37B8DD5C-B99A-43B2-87CC-96337B3D177F}.Release|x86.Build.0 = Release|Any CPU
		{B3751DAC-C9C3-4CAD-8911-5B48D4BBD112}.Debug|Any CPU.ActiveCfg = Debug|Any CPU
		{B3751DAC-C9C3-4CAD-8911-5B48D4BBD112}.Debug|Any CPU.Build.0 = Debug|Any CPU
		{B3751DAC-C9C3-4CAD-8911-5B48D4BBD112}.Debug|x64.ActiveCfg = Debug|Any CPU
		{B3751DAC-C9C3-4CAD-8911-5B48D4BBD112}.Debug|x64.Build.0 = Debug|Any CPU
		{B3751DAC-C9C3-4CAD-8911-5B48D4BBD112}.Debug|x86.ActiveCfg = Debug|Any CPU
		{B3751DAC-C9C3-4CAD-8911-5B48D4BBD112}.Debug|x86.Build.0 = Debug|Any CPU
		{B3751DAC-C9C3-4CAD-8911-5B48D4BBD112}.Release|Any CPU.ActiveCfg = Release|Any CPU
		{B3751DAC-C9C3-4CAD-8911-5B48D4BBD112}.Release|Any CPU.Build.0 = Release|Any CPU
		{B3751DAC-C9C3-4CAD-8911-5B48D4BBD112}.Release|x64.ActiveCfg = Release|Any CPU
		{B3751DAC-C9C3-4CAD-8911-5B48D4BBD112}.Release|x64.Build.0 = Release|Any CPU
		{B3751DAC-C9C3-4CAD-8911-5B48D4BBD112}.Release|x86.ActiveCfg = Release|Any CPU
		{B3751DAC-C9C3-4CAD-8911-5B48D4BBD112}.Release|x86.Build.0 = Release|Any CPU
		{7D777AF1-8AAD-4579-BD9F-4A60D57FA14E}.Debug|Any CPU.ActiveCfg = Debug|Any CPU
		{7D777AF1-8AAD-4579-BD9F-4A60D57FA14E}.Debug|Any CPU.Build.0 = Debug|Any CPU
		{7D777AF1-8AAD-4579-BD9F-4A60D57FA14E}.Debug|x64.ActiveCfg = Debug|Any CPU
		{7D777AF1-8AAD-4579-BD9F-4A60D57FA14E}.Debug|x64.Build.0 = Debug|Any CPU
		{7D777AF1-8AAD-4579-BD9F-4A60D57FA14E}.Debug|x86.ActiveCfg = Debug|Any CPU
		{7D777AF1-8AAD-4579-BD9F-4A60D57FA14E}.Debug|x86.Build.0 = Debug|Any CPU
		{7D777AF1-8AAD-4579-BD9F-4A60D57FA14E}.Release|Any CPU.ActiveCfg = Release|Any CPU
		{7D777AF1-8AAD-4579-BD9F-4A60D57FA14E}.Release|Any CPU.Build.0 = Release|Any CPU
		{7D777AF1-8AAD-4579-BD9F-4A60D57FA14E}.Release|x64.ActiveCfg = Release|Any CPU
		{7D777AF1-8AAD-4579-BD9F-4A60D57FA14E}.Release|x64.Build.0 = Release|Any CPU
		{7D777AF1-8AAD-4579-BD9F-4A60D57FA14E}.Release|x86.ActiveCfg = Release|Any CPU
		{7D777AF1-8AAD-4579-BD9F-4A60D57FA14E}.Release|x86.Build.0 = Release|Any CPU
		{3B6A3182-D415-47F9-9EFB-4E975F96E39B}.Debug|Any CPU.ActiveCfg = Debug|Any CPU
		{3B6A3182-D415-47F9-9EFB-4E975F96E39B}.Debug|Any CPU.Build.0 = Debug|Any CPU
		{3B6A3182-D415-47F9-9EFB-4E975F96E39B}.Debug|x64.ActiveCfg = Debug|Any CPU
		{3B6A3182-D415-47F9-9EFB-4E975F96E39B}.Debug|x64.Build.0 = Debug|Any CPU
		{3B6A3182-D415-47F9-9EFB-4E975F96E39B}.Debug|x86.ActiveCfg = Debug|Any CPU
		{3B6A3182-D415-47F9-9EFB-4E975F96E39B}.Debug|x86.Build.0 = Debug|Any CPU
		{3B6A3182-D415-47F9-9EFB-4E975F96E39B}.Release|Any CPU.ActiveCfg = Release|Any CPU
		{3B6A3182-D415-47F9-9EFB-4E975F96E39B}.Release|Any CPU.Build.0 = Release|Any CPU
		{3B6A3182-D415-47F9-9EFB-4E975F96E39B}.Release|x64.ActiveCfg = Release|Any CPU
		{3B6A3182-D415-47F9-9EFB-4E975F96E39B}.Release|x64.Build.0 = Release|Any CPU
		{3B6A3182-D415-47F9-9EFB-4E975F96E39B}.Release|x86.ActiveCfg = Release|Any CPU
		{3B6A3182-D415-47F9-9EFB-4E975F96E39B}.Release|x86.Build.0 = Release|Any CPU
		{5D8543C1-D8BD-405B-9D50-D3B9E617E535}.Debug|Any CPU.ActiveCfg = Debug|Any CPU
		{5D8543C1-D8BD-405B-9D50-D3B9E617E535}.Debug|Any CPU.Build.0 = Debug|Any CPU
		{5D8543C1-D8BD-405B-9D50-D3B9E617E535}.Debug|x64.ActiveCfg = Debug|Any CPU
		{5D8543C1-D8BD-405B-9D50-D3B9E617E535}.Debug|x64.Build.0 = Debug|Any CPU
		{5D8543C1-D8BD-405B-9D50-D3B9E617E535}.Debug|x86.ActiveCfg = Debug|Any CPU
		{5D8543C1-D8BD-405B-9D50-D3B9E617E535}.Debug|x86.Build.0 = Debug|Any CPU
		{5D8543C1-D8BD-405B-9D50-D3B9E617E535}.Release|Any CPU.ActiveCfg = Release|Any CPU
		{5D8543C1-D8BD-405B-9D50-D3B9E617E535}.Release|Any CPU.Build.0 = Release|Any CPU
		{5D8543C1-D8BD-405B-9D50-D3B9E617E535}.Release|x64.ActiveCfg = Release|Any CPU
		{5D8543C1-D8BD-405B-9D50-D3B9E617E535}.Release|x64.Build.0 = Release|Any CPU
		{5D8543C1-D8BD-405B-9D50-D3B9E617E535}.Release|x86.ActiveCfg = Release|Any CPU
		{5D8543C1-D8BD-405B-9D50-D3B9E617E535}.Release|x86.Build.0 = Release|Any CPU
		{B1643F9A-5644-431E-B586-D2AC4691F2E4}.Debug|Any CPU.ActiveCfg = Debug|Any CPU
		{B1643F9A-5644-431E-B586-D2AC4691F2E4}.Debug|Any CPU.Build.0 = Debug|Any CPU
		{B1643F9A-5644-431E-B586-D2AC4691F2E4}.Debug|x64.ActiveCfg = Debug|Any CPU
		{B1643F9A-5644-431E-B586-D2AC4691F2E4}.Debug|x64.Build.0 = Debug|Any CPU
		{B1643F9A-5644-431E-B586-D2AC4691F2E4}.Debug|x86.ActiveCfg = Debug|Any CPU
		{B1643F9A-5644-431E-B586-D2AC4691F2E4}.Debug|x86.Build.0 = Debug|Any CPU
		{B1643F9A-5644-431E-B586-D2AC4691F2E4}.Release|Any CPU.ActiveCfg = Release|Any CPU
		{B1643F9A-5644-431E-B586-D2AC4691F2E4}.Release|Any CPU.Build.0 = Release|Any CPU
		{B1643F9A-5644-431E-B586-D2AC4691F2E4}.Release|x64.ActiveCfg = Release|Any CPU
		{B1643F9A-5644-431E-B586-D2AC4691F2E4}.Release|x64.Build.0 = Release|Any CPU
		{B1643F9A-5644-431E-B586-D2AC4691F2E4}.Release|x86.ActiveCfg = Release|Any CPU
		{B1643F9A-5644-431E-B586-D2AC4691F2E4}.Release|x86.Build.0 = Release|Any CPU
		{9137783A-A9E4-4E5E-922E-814834920D72}.Debug|Any CPU.ActiveCfg = Debug|Any CPU
		{9137783A-A9E4-4E5E-922E-814834920D72}.Debug|Any CPU.Build.0 = Debug|Any CPU
		{9137783A-A9E4-4E5E-922E-814834920D72}.Debug|x64.ActiveCfg = Debug|Any CPU
		{9137783A-A9E4-4E5E-922E-814834920D72}.Debug|x64.Build.0 = Debug|Any CPU
		{9137783A-A9E4-4E5E-922E-814834920D72}.Debug|x86.ActiveCfg = Debug|Any CPU
		{9137783A-A9E4-4E5E-922E-814834920D72}.Debug|x86.Build.0 = Debug|Any CPU
		{9137783A-A9E4-4E5E-922E-814834920D72}.Release|Any CPU.ActiveCfg = Release|Any CPU
		{9137783A-A9E4-4E5E-922E-814834920D72}.Release|Any CPU.Build.0 = Release|Any CPU
		{9137783A-A9E4-4E5E-922E-814834920D72}.Release|x64.ActiveCfg = Release|Any CPU
		{9137783A-A9E4-4E5E-922E-814834920D72}.Release|x64.Build.0 = Release|Any CPU
		{9137783A-A9E4-4E5E-922E-814834920D72}.Release|x86.ActiveCfg = Release|Any CPU
		{9137783A-A9E4-4E5E-922E-814834920D72}.Release|x86.Build.0 = Release|Any CPU
		{315FAD6D-D904-444D-BA59-6D17C5C1D293}.Debug|Any CPU.ActiveCfg = Debug|Any CPU
		{315FAD6D-D904-444D-BA59-6D17C5C1D293}.Debug|Any CPU.Build.0 = Debug|Any CPU
		{315FAD6D-D904-444D-BA59-6D17C5C1D293}.Debug|x64.ActiveCfg = Debug|Any CPU
		{315FAD6D-D904-444D-BA59-6D17C5C1D293}.Debug|x64.Build.0 = Debug|Any CPU
		{315FAD6D-D904-444D-BA59-6D17C5C1D293}.Debug|x86.ActiveCfg = Debug|Any CPU
		{315FAD6D-D904-444D-BA59-6D17C5C1D293}.Debug|x86.Build.0 = Debug|Any CPU
		{315FAD6D-D904-444D-BA59-6D17C5C1D293}.Release|Any CPU.ActiveCfg = Release|Any CPU
		{315FAD6D-D904-444D-BA59-6D17C5C1D293}.Release|Any CPU.Build.0 = Release|Any CPU
		{315FAD6D-D904-444D-BA59-6D17C5C1D293}.Release|x64.ActiveCfg = Release|Any CPU
		{315FAD6D-D904-444D-BA59-6D17C5C1D293}.Release|x64.Build.0 = Release|Any CPU
		{315FAD6D-D904-444D-BA59-6D17C5C1D293}.Release|x86.ActiveCfg = Release|Any CPU
		{315FAD6D-D904-444D-BA59-6D17C5C1D293}.Release|x86.Build.0 = Release|Any CPU
		{E1210579-5B27-46CB-A6E7-D407E425B66E}.Debug|Any CPU.ActiveCfg = Debug|Any CPU
		{E1210579-5B27-46CB-A6E7-D407E425B66E}.Debug|Any CPU.Build.0 = Debug|Any CPU
		{E1210579-5B27-46CB-A6E7-D407E425B66E}.Debug|x64.ActiveCfg = Debug|Any CPU
		{E1210579-5B27-46CB-A6E7-D407E425B66E}.Debug|x64.Build.0 = Debug|Any CPU
		{E1210579-5B27-46CB-A6E7-D407E425B66E}.Debug|x86.ActiveCfg = Debug|Any CPU
		{E1210579-5B27-46CB-A6E7-D407E425B66E}.Debug|x86.Build.0 = Debug|Any CPU
		{E1210579-5B27-46CB-A6E7-D407E425B66E}.Release|Any CPU.ActiveCfg = Release|Any CPU
		{E1210579-5B27-46CB-A6E7-D407E425B66E}.Release|Any CPU.Build.0 = Release|Any CPU
		{E1210579-5B27-46CB-A6E7-D407E425B66E}.Release|x64.ActiveCfg = Release|Any CPU
		{E1210579-5B27-46CB-A6E7-D407E425B66E}.Release|x64.Build.0 = Release|Any CPU
		{E1210579-5B27-46CB-A6E7-D407E425B66E}.Release|x86.ActiveCfg = Release|Any CPU
		{E1210579-5B27-46CB-A6E7-D407E425B66E}.Release|x86.Build.0 = Release|Any CPU
		{3EDA506A-AA51-46BA-AB1F-26A4DA2298CF}.Debug|Any CPU.ActiveCfg = Debug|x64
		{3EDA506A-AA51-46BA-AB1F-26A4DA2298CF}.Debug|Any CPU.Build.0 = Debug|x64
		{3EDA506A-AA51-46BA-AB1F-26A4DA2298CF}.Debug|x64.ActiveCfg = Debug|x64
		{3EDA506A-AA51-46BA-AB1F-26A4DA2298CF}.Debug|x64.Build.0 = Debug|x64
		{3EDA506A-AA51-46BA-AB1F-26A4DA2298CF}.Debug|x86.ActiveCfg = Debug|x64
		{3EDA506A-AA51-46BA-AB1F-26A4DA2298CF}.Release|Any CPU.ActiveCfg = Release|x64
		{3EDA506A-AA51-46BA-AB1F-26A4DA2298CF}.Release|x64.ActiveCfg = Release|x64
		{3EDA506A-AA51-46BA-AB1F-26A4DA2298CF}.Release|x64.Build.0 = Release|x64
		{3EDA506A-AA51-46BA-AB1F-26A4DA2298CF}.Release|x86.ActiveCfg = Release|x64
		{5B333BBB-01F3-44C6-A800-FDA3F0142A98}.Debug|Any CPU.ActiveCfg = Debug|x64
		{5B333BBB-01F3-44C6-A800-FDA3F0142A98}.Debug|Any CPU.Build.0 = Debug|x64
		{5B333BBB-01F3-44C6-A800-FDA3F0142A98}.Debug|x64.ActiveCfg = Debug|x64
		{5B333BBB-01F3-44C6-A800-FDA3F0142A98}.Debug|x64.Build.0 = Debug|x64
		{5B333BBB-01F3-44C6-A800-FDA3F0142A98}.Debug|x86.ActiveCfg = Debug|x64
		{5B333BBB-01F3-44C6-A800-FDA3F0142A98}.Release|Any CPU.ActiveCfg = Release|x64
		{5B333BBB-01F3-44C6-A800-FDA3F0142A98}.Release|x64.ActiveCfg = Release|x64
		{5B333BBB-01F3-44C6-A800-FDA3F0142A98}.Release|x64.Build.0 = Release|x64
		{5B333BBB-01F3-44C6-A800-FDA3F0142A98}.Release|x86.ActiveCfg = Release|x64
	EndGlobalSection
	GlobalSection(SolutionProperties) = preSolution
		HideSolutionNode = FALSE
	EndGlobalSection
	GlobalSection(NestedProjects) = preSolution
		{725211D1-186E-4887-9706-CD1B838C2018} = {43565126-429D-4188-9C6F-3F08A7E7793C}
		{0738C3C1-8879-4A71-8025-8CD0D3541AB0} = {43565126-429D-4188-9C6F-3F08A7E7793C}
		{D063D43B-8826-414E-9500-1C0B6A5B69D0} = {B196E4DE-BBBB-4F5F-A9D7-DB9AFE2063E9}
		{6CD2BBBA-1443-416D-AE03-33B1ECDAD96A} = {D063D43B-8826-414E-9500-1C0B6A5B69D0}
		{DE8DCA10-CDC7-47DE-9D4F-7C7B9FF24095} = {D063D43B-8826-414E-9500-1C0B6A5B69D0}
		{42F52F1D-3379-4C7C-9A64-2F52B99F5E19} = {D063D43B-8826-414E-9500-1C0B6A5B69D0}
		{FABF0B1B-5C1A-4F6A-83AB-A17F865DA23B} = {D063D43B-8826-414E-9500-1C0B6A5B69D0}
		{AAF471D1-21DA-43FA-979A-0639C080C428} = {D063D43B-8826-414E-9500-1C0B6A5B69D0}
		{9DBD89E3-DB40-49E9-ADA2-FBA7592127EC} = {D063D43B-8826-414E-9500-1C0B6A5B69D0}
		{F7B4BD6A-8F80-4B95-B55C-82D516C6D793} = {D063D43B-8826-414E-9500-1C0B6A5B69D0}
		{6560B971-DC25-4001-B39F-A660E0F6D96E} = {D063D43B-8826-414E-9500-1C0B6A5B69D0}
		{37B8DD5C-B99A-43B2-87CC-96337B3D177F} = {D063D43B-8826-414E-9500-1C0B6A5B69D0}
		{B3751DAC-C9C3-4CAD-8911-5B48D4BBD112} = {D063D43B-8826-414E-9500-1C0B6A5B69D0}
		{7D777AF1-8AAD-4579-BD9F-4A60D57FA14E} = {D063D43B-8826-414E-9500-1C0B6A5B69D0}
		{3B6A3182-D415-47F9-9EFB-4E975F96E39B} = {D063D43B-8826-414E-9500-1C0B6A5B69D0}
		{5D8543C1-D8BD-405B-9D50-D3B9E617E535} = {D063D43B-8826-414E-9500-1C0B6A5B69D0}
		{8E4258B0-875D-4652-9D49-EE2365257A43} = {B196E4DE-BBBB-4F5F-A9D7-DB9AFE2063E9}
		{B1643F9A-5644-431E-B586-D2AC4691F2E4} = {8E4258B0-875D-4652-9D49-EE2365257A43}
		{9137783A-A9E4-4E5E-922E-814834920D72} = {8E4258B0-875D-4652-9D49-EE2365257A43}
		{315FAD6D-D904-444D-BA59-6D17C5C1D293} = {D063D43B-8826-414E-9500-1C0B6A5B69D0}
		{85817275-1D54-47F5-BF00-3A66EB621EAF} = {B196E4DE-BBBB-4F5F-A9D7-DB9AFE2063E9}
		{E1210579-5B27-46CB-A6E7-D407E425B66E} = {85817275-1D54-47F5-BF00-3A66EB621EAF}
		{3EDA506A-AA51-46BA-AB1F-26A4DA2298CF} = {43565126-429D-4188-9C6F-3F08A7E7793C}
		{5B333BBB-01F3-44C6-A800-FDA3F0142A98} = {43565126-429D-4188-9C6F-3F08A7E7793C}
		{7AEC1E1A-BE3C-404D-8AEE-A7D9191AF462} = {43565126-429D-4188-9C6F-3F08A7E7793C}
		{DA2B71D6-E0B6-4F90-94AE-12F839304167} = {7AEC1E1A-BE3C-404D-8AEE-A7D9191AF462}
		{00999AD9-D292-483B-B653-4330F9A1FD69} = {7AEC1E1A-BE3C-404D-8AEE-A7D9191AF462}
	EndGlobalSection
	GlobalSection(ExtensibilityGlobals) = postSolution
		SolutionGuid = {BC80D564-806A-49F9-8B6D-0093E539EE81}
	EndGlobalSection
EndGlobal
