
Microsoft Visual Studio Solution File, Format Version 12.00
# Visual Studio 15
VisualStudioVersion = 15.0.26430.15
MinimumVisualStudioVersion = 10.0.40219.1
Project("{9A19103F-16F7-4668-BE54-9A1E7A4F7556}") = "TestUtility", "utilities\TestUtility\TestUtility.csproj", "{A40EA7A5-55CA-47BE-AFD0-18140375F8D9}"
EndProject
Project("{2150E333-8FDC-42A3-9474-1A3956D46DE8}") = "Utilities", "Utilities", "{C5EC0189-63A3-417E-A36A-9DB0657A9AFD}"
EndProject
Project("{9A19103F-16F7-4668-BE54-9A1E7A4F7556}") = "TestRun", "utilities\TestRun\TestRun.csproj", "{4B87A865-EAF7-49E1-B693-73A03A702323}"
EndProject
Project("{2150E333-8FDC-42A3-9474-1A3956D46DE8}") = "Tests", "Tests", "{B4B5A6DC-07EC-4C16-81AA-131902BB4110}"
EndProject
Project("{9A19103F-16F7-4668-BE54-9A1E7A4F7556}") = "EventTests", "tests\EventTests\EventTests.csproj", "{44C9DF3E-8C53-4572-B35C-FD2D89565C82}"
EndProject
Project("{9A19103F-16F7-4668-BE54-9A1E7A4F7556}") = "ExecutorTests", "tests\ExecutorTests\ExecutorTests.csproj", "{469BBAD1-DCE3-4BC7-A892-C6AF084610B5}"
EndProject
Project("{9A19103F-16F7-4668-BE54-9A1E7A4F7556}") = "IntegrationTests", "tests\IntegrationTests\IntegrationTests.csproj", "{A655A2F0-618C-4E54-9D9C-236626F2FEA3}"
EndProject
Project("{9A19103F-16F7-4668-BE54-9A1E7A4F7556}") = "RepositoryTests", "tests\RepositoryTests\RepositoryTests.csproj", "{DB80D4ED-656B-402B-A332-FB84B98EABE6}"
EndProject
Project("{9A19103F-16F7-4668-BE54-9A1E7A4F7556}") = "WebApiTests", "tests\WebApiTests\WebApiTests.csproj", "{B7D3B2D1-3E55-4A2A-8EED-6D62667217B7}"
EndProject
Project("{9A19103F-16F7-4668-BE54-9A1E7A4F7556}") = "VSS.Productivity3D.TagFileAuth.WebAPI.Models", "..\src\WebApiModels\VSS.Productivity3D.TagFileAuth.WebAPI.Models.csproj", "{1459B37B-B2BD-494E-9D2A-E95DA04F0BEE}"
EndProject
Project("{2150E333-8FDC-42A3-9474-1A3956D46DE8}") = "Solution Items", "Solution Items", "{EA615CE1-41FC-4663-8C38-945956C6F8AB}"
	ProjectSection(SolutionItems) = preProject
		..\.editorconfig = ..\.editorconfig
	EndProjectSection
EndProject
Global
	GlobalSection(SolutionConfigurationPlatforms) = preSolution
		Debug|Any CPU = Debug|Any CPU
		Debug|x64 = Debug|x64
		Release|Any CPU = Release|Any CPU
		Release|x64 = Release|x64
	EndGlobalSection
	GlobalSection(ProjectConfigurationPlatforms) = postSolution
		{A40EA7A5-55CA-47BE-AFD0-18140375F8D9}.Debug|Any CPU.ActiveCfg = Debug|x64
		{A40EA7A5-55CA-47BE-AFD0-18140375F8D9}.Debug|Any CPU.Build.0 = Debug|x64
		{A40EA7A5-55CA-47BE-AFD0-18140375F8D9}.Debug|x64.ActiveCfg = Debug|x64
		{A40EA7A5-55CA-47BE-AFD0-18140375F8D9}.Debug|x64.Build.0 = Debug|x64
		{A40EA7A5-55CA-47BE-AFD0-18140375F8D9}.Release|Any CPU.ActiveCfg = Release|x64
		{A40EA7A5-55CA-47BE-AFD0-18140375F8D9}.Release|Any CPU.Build.0 = Release|x64
		{A40EA7A5-55CA-47BE-AFD0-18140375F8D9}.Release|x64.ActiveCfg = Release|x64
		{A40EA7A5-55CA-47BE-AFD0-18140375F8D9}.Release|x64.Build.0 = Release|x64
		{4B87A865-EAF7-49E1-B693-73A03A702323}.Debug|Any CPU.ActiveCfg = Debug|x64
		{4B87A865-EAF7-49E1-B693-73A03A702323}.Debug|Any CPU.Build.0 = Debug|x64
		{4B87A865-EAF7-49E1-B693-73A03A702323}.Debug|x64.ActiveCfg = Debug|x64
		{4B87A865-EAF7-49E1-B693-73A03A702323}.Debug|x64.Build.0 = Debug|x64
		{4B87A865-EAF7-49E1-B693-73A03A702323}.Release|Any CPU.ActiveCfg = Release|x64
		{4B87A865-EAF7-49E1-B693-73A03A702323}.Release|Any CPU.Build.0 = Release|x64
		{4B87A865-EAF7-49E1-B693-73A03A702323}.Release|x64.ActiveCfg = Release|x64
		{4B87A865-EAF7-49E1-B693-73A03A702323}.Release|x64.Build.0 = Release|x64
		{44C9DF3E-8C53-4572-B35C-FD2D89565C82}.Debug|Any CPU.ActiveCfg = Debug|Any CPU
		{44C9DF3E-8C53-4572-B35C-FD2D89565C82}.Debug|Any CPU.Build.0 = Debug|Any CPU
		{44C9DF3E-8C53-4572-B35C-FD2D89565C82}.Debug|x64.ActiveCfg = Debug|Any CPU
		{44C9DF3E-8C53-4572-B35C-FD2D89565C82}.Debug|x64.Build.0 = Debug|Any CPU
		{44C9DF3E-8C53-4572-B35C-FD2D89565C82}.Release|Any CPU.ActiveCfg = Release|Any CPU
		{44C9DF3E-8C53-4572-B35C-FD2D89565C82}.Release|Any CPU.Build.0 = Release|Any CPU
		{44C9DF3E-8C53-4572-B35C-FD2D89565C82}.Release|x64.ActiveCfg = Release|Any CPU
		{44C9DF3E-8C53-4572-B35C-FD2D89565C82}.Release|x64.Build.0 = Release|Any CPU
		{469BBAD1-DCE3-4BC7-A892-C6AF084610B5}.Debug|Any CPU.ActiveCfg = Debug|Any CPU
		{469BBAD1-DCE3-4BC7-A892-C6AF084610B5}.Debug|Any CPU.Build.0 = Debug|Any CPU
		{469BBAD1-DCE3-4BC7-A892-C6AF084610B5}.Debug|x64.ActiveCfg = Debug|Any CPU
		{469BBAD1-DCE3-4BC7-A892-C6AF084610B5}.Debug|x64.Build.0 = Debug|Any CPU
		{469BBAD1-DCE3-4BC7-A892-C6AF084610B5}.Release|Any CPU.ActiveCfg = Release|Any CPU
		{469BBAD1-DCE3-4BC7-A892-C6AF084610B5}.Release|Any CPU.Build.0 = Release|Any CPU
		{469BBAD1-DCE3-4BC7-A892-C6AF084610B5}.Release|x64.ActiveCfg = Release|Any CPU
		{469BBAD1-DCE3-4BC7-A892-C6AF084610B5}.Release|x64.Build.0 = Release|Any CPU
		{A655A2F0-618C-4E54-9D9C-236626F2FEA3}.Debug|Any CPU.ActiveCfg = Debug|x64
		{A655A2F0-618C-4E54-9D9C-236626F2FEA3}.Debug|Any CPU.Build.0 = Debug|x64
		{A655A2F0-618C-4E54-9D9C-236626F2FEA3}.Debug|x64.ActiveCfg = Debug|x64
		{A655A2F0-618C-4E54-9D9C-236626F2FEA3}.Debug|x64.Build.0 = Debug|x64
		{A655A2F0-618C-4E54-9D9C-236626F2FEA3}.Release|Any CPU.ActiveCfg = Release|x64
		{A655A2F0-618C-4E54-9D9C-236626F2FEA3}.Release|Any CPU.Build.0 = Release|x64
		{A655A2F0-618C-4E54-9D9C-236626F2FEA3}.Release|x64.ActiveCfg = Release|x64
		{A655A2F0-618C-4E54-9D9C-236626F2FEA3}.Release|x64.Build.0 = Release|x64
		{DB80D4ED-656B-402B-A332-FB84B98EABE6}.Debug|Any CPU.ActiveCfg = Debug|x64
		{DB80D4ED-656B-402B-A332-FB84B98EABE6}.Debug|Any CPU.Build.0 = Debug|x64
		{DB80D4ED-656B-402B-A332-FB84B98EABE6}.Debug|x64.ActiveCfg = Debug|x64
		{DB80D4ED-656B-402B-A332-FB84B98EABE6}.Debug|x64.Build.0 = Debug|x64
		{DB80D4ED-656B-402B-A332-FB84B98EABE6}.Release|Any CPU.ActiveCfg = Release|x64
		{DB80D4ED-656B-402B-A332-FB84B98EABE6}.Release|Any CPU.Build.0 = Release|x64
		{DB80D4ED-656B-402B-A332-FB84B98EABE6}.Release|x64.ActiveCfg = Release|x64
		{DB80D4ED-656B-402B-A332-FB84B98EABE6}.Release|x64.Build.0 = Release|x64
		{B7D3B2D1-3E55-4A2A-8EED-6D62667217B7}.Debug|Any CPU.ActiveCfg = Debug|x64
		{B7D3B2D1-3E55-4A2A-8EED-6D62667217B7}.Debug|Any CPU.Build.0 = Debug|x64
		{B7D3B2D1-3E55-4A2A-8EED-6D62667217B7}.Debug|x64.ActiveCfg = Debug|x64
		{B7D3B2D1-3E55-4A2A-8EED-6D62667217B7}.Debug|x64.Build.0 = Debug|x64
		{B7D3B2D1-3E55-4A2A-8EED-6D62667217B7}.Release|Any CPU.ActiveCfg = Release|x64
		{B7D3B2D1-3E55-4A2A-8EED-6D62667217B7}.Release|Any CPU.Build.0 = Release|x64
		{B7D3B2D1-3E55-4A2A-8EED-6D62667217B7}.Release|x64.ActiveCfg = Release|x64
		{B7D3B2D1-3E55-4A2A-8EED-6D62667217B7}.Release|x64.Build.0 = Release|x64
		{1459B37B-B2BD-494E-9D2A-E95DA04F0BEE}.Debug|Any CPU.ActiveCfg = Debug|Any CPU
		{1459B37B-B2BD-494E-9D2A-E95DA04F0BEE}.Debug|Any CPU.Build.0 = Debug|Any CPU
		{1459B37B-B2BD-494E-9D2A-E95DA04F0BEE}.Debug|x64.ActiveCfg = Debug|Any CPU
		{1459B37B-B2BD-494E-9D2A-E95DA04F0BEE}.Debug|x64.Build.0 = Debug|Any CPU
		{1459B37B-B2BD-494E-9D2A-E95DA04F0BEE}.Release|Any CPU.ActiveCfg = Release|Any CPU
		{1459B37B-B2BD-494E-9D2A-E95DA04F0BEE}.Release|Any CPU.Build.0 = Release|Any CPU
		{1459B37B-B2BD-494E-9D2A-E95DA04F0BEE}.Release|x64.ActiveCfg = Release|Any CPU
		{1459B37B-B2BD-494E-9D2A-E95DA04F0BEE}.Release|x64.Build.0 = Release|Any CPU
	EndGlobalSection
	GlobalSection(SolutionProperties) = preSolution
		HideSolutionNode = FALSE
	EndGlobalSection
	GlobalSection(NestedProjects) = preSolution
		{A40EA7A5-55CA-47BE-AFD0-18140375F8D9} = {C5EC0189-63A3-417E-A36A-9DB0657A9AFD}
		{4B87A865-EAF7-49E1-B693-73A03A702323} = {C5EC0189-63A3-417E-A36A-9DB0657A9AFD}
		{44C9DF3E-8C53-4572-B35C-FD2D89565C82} = {B4B5A6DC-07EC-4C16-81AA-131902BB4110}
		{469BBAD1-DCE3-4BC7-A892-C6AF084610B5} = {B4B5A6DC-07EC-4C16-81AA-131902BB4110}
		{A655A2F0-618C-4E54-9D9C-236626F2FEA3} = {B4B5A6DC-07EC-4C16-81AA-131902BB4110}
		{DB80D4ED-656B-402B-A332-FB84B98EABE6} = {B4B5A6DC-07EC-4C16-81AA-131902BB4110}
		{B7D3B2D1-3E55-4A2A-8EED-6D62667217B7} = {B4B5A6DC-07EC-4C16-81AA-131902BB4110}
	EndGlobalSection
	GlobalSection(ExtensibilityGlobals) = postSolution
		SolutionGuid = {AB169E3F-0F9F-49DC-A5E2-858D844278E6}
	EndGlobalSection
EndGlobal
