
Microsoft Visual Studio Solution File, Format Version 12.00
# Visual Studio 15
VisualStudioVersion = 15.0.26430.6
MinimumVisualStudioVersion = 10.0.40219.1
Project("{2150E333-8FDC-42A3-9474-1A3956D46DE8}") = "Solution Items", "Solution Items", "{07ECB0F2-14A8-4854-80A6-3B281DCA5413}"
	ProjectSection(SolutionItems) = preProject
		Dockerfile = Dockerfile
		readme.md = readme.md
	EndProjectSection
EndProject
Project("{2150E333-8FDC-42A3-9474-1A3956D46DE8}") = "scripts", "scripts", "{D16E1DAF-C5E9-4A86-84A2-6BDE7FBA44E5}"
	ProjectSection(SolutionItems) = preProject
		scripts\deploy_linux.sh = scripts\deploy_linux.sh
		scripts\deploy_win.bat = scripts\deploy_win.bat
		scripts\runtests.sh = scripts\runtests.sh
		scripts\wait-for-it.sh = scripts\wait-for-it.sh
	EndProjectSection
EndProject
Project("{2150E333-8FDC-42A3-9474-1A3956D46DE8}") = "Tests", "Tests", "{1464640F-AEAE-4331-BC58-52898DF893B6}"
EndProject
Project("{9A19103F-16F7-4668-BE54-9A1E7A4F7556}") = "RepositoryTests.Local", "tests\RepositoryTests\RepositoryTests.Local.csproj", "{CABF023E-D85E-4211-9453-8FD47D0370F8}"
EndProject
Project("{9A19103F-16F7-4668-BE54-9A1E7A4F7556}") = "WebApiTests.Local", "tests\WebApiTests\WebApiTests.Local.csproj", "{75D09F86-E1F8-4166-A7C4-AA599D0DCBE7}"
EndProject
Project("{2150E333-8FDC-42A3-9474-1A3956D46DE8}") = "Utilities", "Utilities", "{E337B361-C7B1-4EDA-9F57-FFF63DD86483}"
EndProject
Project("{9A19103F-16F7-4668-BE54-9A1E7A4F7556}") = "TestUtility.Local", "utilities\TestUtility\TestUtility.Local.csproj", "{57B8146B-35C9-4DA1-940B-B9AD8639906E}"
EndProject
Project("{9A19103F-16F7-4668-BE54-9A1E7A4F7556}") = "VSS.MasterData.Models.Local", "..\..\MerinoSandbox\MasterDataModels\src\VSS.MasterData.Models.Local.csproj", "{82516C93-805E-4077-AEE5-6259C482B121}"
EndProject
Project("{9A19103F-16F7-4668-BE54-9A1E7A4F7556}") = "VSS.ConfigurationStore.Local", "..\..\MerinoSandbox\ConfigurationStore\src\VSS.ConfigurationStore.Local.csproj", "{6B48ADF2-0E47-4C43-8758-F2FB89CC21C9}"
EndProject
Project("{9A19103F-16F7-4668-BE54-9A1E7A4F7556}") = "VSS.Log4NetExtensions.Local", "..\..\MerinoSandbox\log4netExtensions\src\VSS.Log4NetExtensions.Local.csproj", "{9D0A2EA8-396B-430B-A246-808C74473791}"
EndProject
Global
	GlobalSection(SolutionConfigurationPlatforms) = preSolution
		Debug|Any CPU = Debug|Any CPU
		Release|Any CPU = Release|Any CPU
	EndGlobalSection
	GlobalSection(ProjectConfigurationPlatforms) = postSolution
		{CABF023E-D85E-4211-9453-8FD47D0370F8}.Debug|Any CPU.ActiveCfg = Debug|Any CPU
		{CABF023E-D85E-4211-9453-8FD47D0370F8}.Debug|Any CPU.Build.0 = Debug|Any CPU
		{CABF023E-D85E-4211-9453-8FD47D0370F8}.Release|Any CPU.ActiveCfg = Release|Any CPU
		{CABF023E-D85E-4211-9453-8FD47D0370F8}.Release|Any CPU.Build.0 = Release|Any CPU
		{75D09F86-E1F8-4166-A7C4-AA599D0DCBE7}.Debug|Any CPU.ActiveCfg = Debug|Any CPU
		{75D09F86-E1F8-4166-A7C4-AA599D0DCBE7}.Debug|Any CPU.Build.0 = Debug|Any CPU
		{75D09F86-E1F8-4166-A7C4-AA599D0DCBE7}.Release|Any CPU.ActiveCfg = Release|Any CPU
		{75D09F86-E1F8-4166-A7C4-AA599D0DCBE7}.Release|Any CPU.Build.0 = Release|Any CPU
		{57B8146B-35C9-4DA1-940B-B9AD8639906E}.Debug|Any CPU.ActiveCfg = Debug|Any CPU
		{57B8146B-35C9-4DA1-940B-B9AD8639906E}.Debug|Any CPU.Build.0 = Debug|Any CPU
		{57B8146B-35C9-4DA1-940B-B9AD8639906E}.Release|Any CPU.ActiveCfg = Release|Any CPU
		{57B8146B-35C9-4DA1-940B-B9AD8639906E}.Release|Any CPU.Build.0 = Release|Any CPU
		{82516C93-805E-4077-AEE5-6259C482B121}.Debug|Any CPU.ActiveCfg = Debug|Any CPU
		{82516C93-805E-4077-AEE5-6259C482B121}.Debug|Any CPU.Build.0 = Debug|Any CPU
		{82516C93-805E-4077-AEE5-6259C482B121}.Release|Any CPU.ActiveCfg = Release|Any CPU
		{82516C93-805E-4077-AEE5-6259C482B121}.Release|Any CPU.Build.0 = Release|Any CPU
		{6B48ADF2-0E47-4C43-8758-F2FB89CC21C9}.Debug|Any CPU.ActiveCfg = Debug|Any CPU
		{6B48ADF2-0E47-4C43-8758-F2FB89CC21C9}.Debug|Any CPU.Build.0 = Debug|Any CPU
		{6B48ADF2-0E47-4C43-8758-F2FB89CC21C9}.Release|Any CPU.ActiveCfg = Release|Any CPU
		{6B48ADF2-0E47-4C43-8758-F2FB89CC21C9}.Release|Any CPU.Build.0 = Release|Any CPU
		{9D0A2EA8-396B-430B-A246-808C74473791}.Debug|Any CPU.ActiveCfg = Debug|Any CPU
		{9D0A2EA8-396B-430B-A246-808C74473791}.Debug|Any CPU.Build.0 = Debug|Any CPU
		{9D0A2EA8-396B-430B-A246-808C74473791}.Release|Any CPU.ActiveCfg = Release|Any CPU
		{9D0A2EA8-396B-430B-A246-808C74473791}.Release|Any CPU.Build.0 = Release|Any CPU
	EndGlobalSection
	GlobalSection(SolutionProperties) = preSolution
		HideSolutionNode = FALSE
	EndGlobalSection
	GlobalSection(NestedProjects) = preSolution
		{D16E1DAF-C5E9-4A86-84A2-6BDE7FBA44E5} = {07ECB0F2-14A8-4854-80A6-3B281DCA5413}
		{CABF023E-D85E-4211-9453-8FD47D0370F8} = {1464640F-AEAE-4331-BC58-52898DF893B6}
		{75D09F86-E1F8-4166-A7C4-AA599D0DCBE7} = {1464640F-AEAE-4331-BC58-52898DF893B6}
		{57B8146B-35C9-4DA1-940B-B9AD8639906E} = {E337B361-C7B1-4EDA-9F57-FFF63DD86483}
	EndGlobalSection
	GlobalSection(ExtensibilityGlobals) = postSolution
		SolutionGuid = {8C09645C-2EAD-4D9F-BF0B-E83FF95CC915}
	EndGlobalSection
EndGlobal
