 
Microsoft Visual Studio Solution File, Format Version 12.00
# Visual Studio Version 16
VisualStudioVersion = 16.0.28803.156
MinimumVisualStudioVersion = 10.0.40219.1
Project("{9A19103F-16F7-4668-BE54-9A1E7A4F7556}") = "VSS.Serilog.Extensions", "SerilogExtensions\VSS.Serilog.Extensions.csproj", "{7D6290D4-9EDA-425B-A88A-B9C00021D6C5}"
EndProject
Project("{9A19103F-16F7-4668-BE54-9A1E7A4F7556}") = "VSS.Log4NetExtensions", "Log4NetExtensions\VSS.Log4NetExtensions.csproj", "{69EBDCA8-B301-4360-AFED-DC31511EDC4E}"
EndProject
Project("{FAE04EC0-301F-11D3-BF4B-00C04F79EFBC}") = "VSS.Serilog.Extensions.UnitTests", "tests\VSS.Serilog.Extensions.UnitTests\VSS.Serilog.Extensions.UnitTests.csproj", "{3C8DB5FC-456D-428D-9EF6-6C8B40C45D5D}"
EndProject
Project("{2150E333-8FDC-42A3-9474-1A3956D46DE8}") = "Tests", "Tests", "{17758DBD-8B7A-44EF-BBD2-1FD0A75EE627}"
EndProject
Global
	GlobalSection(SolutionConfigurationPlatforms) = preSolution
		Debug|Any CPU = Debug|Any CPU
		Release|Any CPU = Release|Any CPU
	EndGlobalSection
	GlobalSection(ProjectConfigurationPlatforms) = postSolution
		{7D6290D4-9EDA-425B-A88A-B9C00021D6C5}.Debug|Any CPU.ActiveCfg = Debug|Any CPU
		{7D6290D4-9EDA-425B-A88A-B9C00021D6C5}.Debug|Any CPU.Build.0 = Debug|Any CPU
		{7D6290D4-9EDA-425B-A88A-B9C00021D6C5}.Release|Any CPU.ActiveCfg = Release|Any CPU
		{7D6290D4-9EDA-425B-A88A-B9C00021D6C5}.Release|Any CPU.Build.0 = Release|Any CPU
		{69EBDCA8-B301-4360-AFED-DC31511EDC4E}.Debug|Any CPU.ActiveCfg = Debug|Any CPU
		{69EBDCA8-B301-4360-AFED-DC31511EDC4E}.Debug|Any CPU.Build.0 = Debug|Any CPU
		{69EBDCA8-B301-4360-AFED-DC31511EDC4E}.Release|Any CPU.ActiveCfg = Release|Any CPU
		{69EBDCA8-B301-4360-AFED-DC31511EDC4E}.Release|Any CPU.Build.0 = Release|Any CPU
		{3C8DB5FC-456D-428D-9EF6-6C8B40C45D5D}.Debug|Any CPU.ActiveCfg = Debug|Any CPU
		{3C8DB5FC-456D-428D-9EF6-6C8B40C45D5D}.Debug|Any CPU.Build.0 = Debug|Any CPU
		{3C8DB5FC-456D-428D-9EF6-6C8B40C45D5D}.Release|Any CPU.ActiveCfg = Release|Any CPU
		{3C8DB5FC-456D-428D-9EF6-6C8B40C45D5D}.Release|Any CPU.Build.0 = Release|Any CPU
	EndGlobalSection
	GlobalSection(SolutionProperties) = preSolution
		HideSolutionNode = FALSE
	EndGlobalSection
	GlobalSection(NestedProjects) = preSolution
		{3C8DB5FC-456D-428D-9EF6-6C8B40C45D5D} = {17758DBD-8B7A-44EF-BBD2-1FD0A75EE627}
	EndGlobalSection
	GlobalSection(ExtensibilityGlobals) = postSolution
		SolutionGuid = {73687ACA-7706-40E8-B503-DC94865FFA6A}
	EndGlobalSection
EndGlobal
