Microsoft Visual Studio Solution File, Format Version 12.00
# Visual Studio Version 16
VisualStudioVersion = 16.0.29609.76
MinimumVisualStudioVersion = 10.0.40219.1
Project("{9A19103F-16F7-4668-BE54-9A1E7A4F7556}") = "CCSS.TagFileSplitter.WebApi", "Service\TagFileSplitterWebApi\CCSS.TagFileSplitter.WebApi.csproj", "{5CEF0F77-FDD0-4798-951F-8317529B4779}"
EndProject
Project("{2150E333-8FDC-42A3-9474-1A3956D46DE8}") = "UnitTests", "UnitTests", "{8468BBE9-B385-4CFE-8F63-0A47E0849518}"
EndProject
Project("{2150E333-8FDC-42A3-9474-1A3956D46DE8}") = "Common", "Common", "{B5A1A9D8-19AB-47DD-80AB-1F2F82ED6734}"
EndProject
Project("{2150E333-8FDC-42A3-9474-1A3956D46DE8}") = "Service", "Service", "{C4DA3257-A1CE-488E-9641-5A8E9270982B}"
EndProject
Project("{2150E333-8FDC-42A3-9474-1A3956D46DE8}") = "External", "External", "{0B171363-3F4B-4614-B74A-AC6155E644FF}"
EndProject
Project("{2150E333-8FDC-42A3-9474-1A3956D46DE8}") = "Service", "Service", "{FAB24C16-91CA-4B24-BDC8-480DA504F29D}"
EndProject
Project("{2150E333-8FDC-42A3-9474-1A3956D46DE8}") = "Clients", "Clients", "{F5DF4F64-258E-41AE-8857-D1296A9927B5}"
EndProject
Project("{2150E333-8FDC-42A3-9474-1A3956D46DE8}") = "Solution Items", "Solution Items", "{497A0782-6967-46D5-9758-F162029A712B}"
	ProjectSection(SolutionItems) = preProject
		..\..\..\.editorconfig = ..\..\..\.editorconfig
	EndProjectSection
EndProject
Project("{9A19103F-16F7-4668-BE54-9A1E7A4F7556}") = "VSS.ConfigurationStore", "..\..\Common\ConfigurationStore\src\VSS.ConfigurationStore.csproj", "{F0814215-4B18-4C32-AEB9-AE66DEF913F3}"
EndProject
Project("{9A19103F-16F7-4668-BE54-9A1E7A4F7556}") = "VSS.WebApi.Common", "..\..\Common\WebApi.Common\src\VSS.WebApi.Common.csproj", "{DBDB61EE-4B15-4CB8-AF3F-BA08BE2DDF20}"
EndProject
Project("{9A19103F-16F7-4668-BE54-9A1E7A4F7556}") = "VSS.Common.ServiceDiscovery", "..\..\Common\VSS.Common.ServiceDiscovery\src\VSS.Common.ServiceDiscovery.csproj", "{656FC0C3-1296-4211-8D86-7956608B7530}"
EndProject
Project("{9A19103F-16F7-4668-BE54-9A1E7A4F7556}") = "VSS.Common.Kubernetes", "..\..\Common\VSS.Common.Kubernetes\VSS.Common.Kubernetes.csproj", "{EC6ED6F7-0D47-4E00-BC7E-033650926D9C}"
EndProject
Project("{9A19103F-16F7-4668-BE54-9A1E7A4F7556}") = "VSS.Serilog.Extensions", "..\..\Common\LoggingExtensions\SerilogExtensions\VSS.Serilog.Extensions.csproj", "{244AE8FD-6B04-45D0-BB42-DBFAFE9EC1B8}"
EndProject
Project("{2150E333-8FDC-42A3-9474-1A3956D46DE8}") = "VSS Productivity3D Service", "VSS Productivity3D Service", "{F0948F6B-6A28-413D-B880-E2CDAE308255}"
EndProject
Project("{9A19103F-16F7-4668-BE54-9A1E7A4F7556}") = "VSS.Productivity3D.Productivity3D.Abstractions", "..\3DP\Clients\Abstractions\VSS.Productivity3D.Productivity3D.Abstractions.csproj", "{E5423BF6-C775-4D60-AF1D-8F29F8029A90}"
EndProject
Project("{9A19103F-16F7-4668-BE54-9A1E7A4F7556}") = "VSS.Productivity3D.Productivity3D.Proxy", "..\3DP\Clients\Proxy\VSS.Productivity3D.Productivity3D.Proxy.csproj", "{DF1809D6-98BA-4E9F-8BF4-FED4D08C2279}"
EndProject
Project("{9A19103F-16F7-4668-BE54-9A1E7A4F7556}") = "VSS.MasterData.Proxies", "..\..\Common\MasterDataProxies\src\VSS.MasterData.Proxies.csproj", "{16EC8E28-C217-4125-8C04-F4690AD6BC13}"
EndProject
Project("{9A19103F-16F7-4668-BE54-9A1E7A4F7556}") = "CCSS.TagFileSplitter.WebApi.Common", "Service\TagFileSplitterWebApiCommon\CCSS.TagFileSplitter.WebApi.Common.csproj", "{6FB881F5-4F88-4629-BCB5-04888B30C1A0}"
EndProject
Project("{9A19103F-16F7-4668-BE54-9A1E7A4F7556}") = "CCSS.TagFileSplitter.WebApi.Tests", "UnitTests\CCSS.TagFileSplitter.WebApi.Tests.csproj", "{D97A6753-E9F9-4D07-800A-9CDCA6C308FB}"
	ProjectSection(ProjectDependencies) = postProject
		{6FB881F5-4F88-4629-BCB5-04888B30C1A0} = {6FB881F5-4F88-4629-BCB5-04888B30C1A0}
	EndProjectSection
EndProject
Project("{9A19103F-16F7-4668-BE54-9A1E7A4F7556}") = "VSS.Common.Abstractions", "..\..\Common\VSS.Common.Abstractions\VSS.Common.Abstractions.csproj", "{50BAECBC-C48B-4A2C-BE61-905263F0A1C8}"
EndProject
Project("{9A19103F-16F7-4668-BE54-9A1E7A4F7556}") = "CCSS.TagFileSplitter.Models", "Clients\Models\CCSS.TagFileSplitter.Models.csproj", "{6A5369E0-9AAF-4125-810E-DC5410D296D3}"
EndProject
Project("{9A19103F-16F7-4668-BE54-9A1E7A4F7556}") = "VSS.MasterData.Models", "..\..\Common\MasterDataModels\src\VSS.MasterData.Models.csproj", "{22DC2257-66D1-4792-8DFD-3CB1704723DA}"
EndProject
Project("{9A19103F-16F7-4668-BE54-9A1E7A4F7556}") = "VSS.Visionlink.Interfaces.Core", "..\..\Common\VSS.VisionLink.Interfaces\src\VSS.Visionlink.Interfaces.Core.csproj", "{DF5F68AC-DE09-48F5-8181-CBDA9D489925}"
EndProject
Global
	GlobalSection(SolutionConfigurationPlatforms) = preSolution
		Debug|Any CPU = Debug|Any CPU
		Release|Any CPU = Release|Any CPU
	EndGlobalSection
	GlobalSection(ProjectConfigurationPlatforms) = postSolution
		{5CEF0F77-FDD0-4798-951F-8317529B4779}.Debug|Any CPU.ActiveCfg = Debug|Any CPU
		{5CEF0F77-FDD0-4798-951F-8317529B4779}.Debug|Any CPU.Build.0 = Debug|Any CPU
		{5CEF0F77-FDD0-4798-951F-8317529B4779}.Release|Any CPU.ActiveCfg = Release|Any CPU
		{5CEF0F77-FDD0-4798-951F-8317529B4779}.Release|Any CPU.Build.0 = Release|Any CPU
		{F0814215-4B18-4C32-AEB9-AE66DEF913F3}.Debug|Any CPU.ActiveCfg = Debug|Any CPU
		{F0814215-4B18-4C32-AEB9-AE66DEF913F3}.Debug|Any CPU.Build.0 = Debug|Any CPU
		{F0814215-4B18-4C32-AEB9-AE66DEF913F3}.Release|Any CPU.ActiveCfg = Release|Any CPU
		{F0814215-4B18-4C32-AEB9-AE66DEF913F3}.Release|Any CPU.Build.0 = Release|Any CPU
		{DBDB61EE-4B15-4CB8-AF3F-BA08BE2DDF20}.Debug|Any CPU.ActiveCfg = Debug|Any CPU
		{DBDB61EE-4B15-4CB8-AF3F-BA08BE2DDF20}.Debug|Any CPU.Build.0 = Debug|Any CPU
		{DBDB61EE-4B15-4CB8-AF3F-BA08BE2DDF20}.Release|Any CPU.ActiveCfg = Release|Any CPU
		{DBDB61EE-4B15-4CB8-AF3F-BA08BE2DDF20}.Release|Any CPU.Build.0 = Release|Any CPU
		{656FC0C3-1296-4211-8D86-7956608B7530}.Debug|Any CPU.ActiveCfg = Debug|Any CPU
		{656FC0C3-1296-4211-8D86-7956608B7530}.Debug|Any CPU.Build.0 = Debug|Any CPU
		{656FC0C3-1296-4211-8D86-7956608B7530}.Release|Any CPU.ActiveCfg = Release|Any CPU
		{656FC0C3-1296-4211-8D86-7956608B7530}.Release|Any CPU.Build.0 = Release|Any CPU
		{EC6ED6F7-0D47-4E00-BC7E-033650926D9C}.Debug|Any CPU.ActiveCfg = Debug|Any CPU
		{EC6ED6F7-0D47-4E00-BC7E-033650926D9C}.Debug|Any CPU.Build.0 = Debug|Any CPU
		{EC6ED6F7-0D47-4E00-BC7E-033650926D9C}.Release|Any CPU.ActiveCfg = Release|Any CPU
		{EC6ED6F7-0D47-4E00-BC7E-033650926D9C}.Release|Any CPU.Build.0 = Release|Any CPU
		{244AE8FD-6B04-45D0-BB42-DBFAFE9EC1B8}.Debug|Any CPU.ActiveCfg = Debug|Any CPU
		{244AE8FD-6B04-45D0-BB42-DBFAFE9EC1B8}.Debug|Any CPU.Build.0 = Debug|Any CPU
		{244AE8FD-6B04-45D0-BB42-DBFAFE9EC1B8}.Release|Any CPU.ActiveCfg = Release|Any CPU
		{244AE8FD-6B04-45D0-BB42-DBFAFE9EC1B8}.Release|Any CPU.Build.0 = Release|Any CPU
		{E5423BF6-C775-4D60-AF1D-8F29F8029A90}.Debug|Any CPU.ActiveCfg = Debug|Any CPU
		{E5423BF6-C775-4D60-AF1D-8F29F8029A90}.Debug|Any CPU.Build.0 = Debug|Any CPU
		{E5423BF6-C775-4D60-AF1D-8F29F8029A90}.Release|Any CPU.ActiveCfg = Release|Any CPU
		{E5423BF6-C775-4D60-AF1D-8F29F8029A90}.Release|Any CPU.Build.0 = Release|Any CPU
		{DF1809D6-98BA-4E9F-8BF4-FED4D08C2279}.Debug|Any CPU.ActiveCfg = Debug|Any CPU
		{DF1809D6-98BA-4E9F-8BF4-FED4D08C2279}.Debug|Any CPU.Build.0 = Debug|Any CPU
		{DF1809D6-98BA-4E9F-8BF4-FED4D08C2279}.Release|Any CPU.ActiveCfg = Release|Any CPU
		{DF1809D6-98BA-4E9F-8BF4-FED4D08C2279}.Release|Any CPU.Build.0 = Release|Any CPU
		{16EC8E28-C217-4125-8C04-F4690AD6BC13}.Debug|Any CPU.ActiveCfg = Debug|Any CPU
		{16EC8E28-C217-4125-8C04-F4690AD6BC13}.Debug|Any CPU.Build.0 = Debug|Any CPU
		{16EC8E28-C217-4125-8C04-F4690AD6BC13}.Release|Any CPU.ActiveCfg = Release|Any CPU
		{16EC8E28-C217-4125-8C04-F4690AD6BC13}.Release|Any CPU.Build.0 = Release|Any CPU
		{6FB881F5-4F88-4629-BCB5-04888B30C1A0}.Debug|Any CPU.ActiveCfg = Debug|Any CPU
		{6FB881F5-4F88-4629-BCB5-04888B30C1A0}.Debug|Any CPU.Build.0 = Debug|Any CPU
		{6FB881F5-4F88-4629-BCB5-04888B30C1A0}.Release|Any CPU.ActiveCfg = Release|Any CPU
		{6FB881F5-4F88-4629-BCB5-04888B30C1A0}.Release|Any CPU.Build.0 = Release|Any CPU
		{D97A6753-E9F9-4D07-800A-9CDCA6C308FB}.Debug|Any CPU.ActiveCfg = Debug|Any CPU
		{D97A6753-E9F9-4D07-800A-9CDCA6C308FB}.Debug|Any CPU.Build.0 = Debug|Any CPU
		{D97A6753-E9F9-4D07-800A-9CDCA6C308FB}.Release|Any CPU.ActiveCfg = Release|Any CPU
		{D97A6753-E9F9-4D07-800A-9CDCA6C308FB}.Release|Any CPU.Build.0 = Release|Any CPU
		{50BAECBC-C48B-4A2C-BE61-905263F0A1C8}.Debug|Any CPU.ActiveCfg = Debug|Any CPU
		{50BAECBC-C48B-4A2C-BE61-905263F0A1C8}.Debug|Any CPU.Build.0 = Debug|Any CPU
		{50BAECBC-C48B-4A2C-BE61-905263F0A1C8}.Release|Any CPU.ActiveCfg = Release|Any CPU
		{50BAECBC-C48B-4A2C-BE61-905263F0A1C8}.Release|Any CPU.Build.0 = Release|Any CPU
		{6A5369E0-9AAF-4125-810E-DC5410D296D3}.Debug|Any CPU.ActiveCfg = Debug|Any CPU
		{6A5369E0-9AAF-4125-810E-DC5410D296D3}.Debug|Any CPU.Build.0 = Debug|Any CPU
		{6A5369E0-9AAF-4125-810E-DC5410D296D3}.Release|Any CPU.ActiveCfg = Release|Any CPU
		{6A5369E0-9AAF-4125-810E-DC5410D296D3}.Release|Any CPU.Build.0 = Release|Any CPU
		{22DC2257-66D1-4792-8DFD-3CB1704723DA}.Debug|Any CPU.ActiveCfg = Debug|Any CPU
		{22DC2257-66D1-4792-8DFD-3CB1704723DA}.Debug|Any CPU.Build.0 = Debug|Any CPU
		{22DC2257-66D1-4792-8DFD-3CB1704723DA}.Release|Any CPU.ActiveCfg = Release|Any CPU
		{22DC2257-66D1-4792-8DFD-3CB1704723DA}.Release|Any CPU.Build.0 = Release|Any CPU
		{DF5F68AC-DE09-48F5-8181-CBDA9D489925}.Debug|Any CPU.ActiveCfg = Debug|Any CPU
		{DF5F68AC-DE09-48F5-8181-CBDA9D489925}.Debug|Any CPU.Build.0 = Debug|Any CPU
		{DF5F68AC-DE09-48F5-8181-CBDA9D489925}.Release|Any CPU.ActiveCfg = Release|Any CPU
		{DF5F68AC-DE09-48F5-8181-CBDA9D489925}.Release|Any CPU.Build.0 = Release|Any CPU
	EndGlobalSection
	GlobalSection(SolutionProperties) = preSolution
		HideSolutionNode = FALSE
	EndGlobalSection
	GlobalSection(NestedProjects) = preSolution
		{5CEF0F77-FDD0-4798-951F-8317529B4779} = {C4DA3257-A1CE-488E-9641-5A8E9270982B}
		{B5A1A9D8-19AB-47DD-80AB-1F2F82ED6734} = {0B171363-3F4B-4614-B74A-AC6155E644FF}
		{C4DA3257-A1CE-488E-9641-5A8E9270982B} = {FAB24C16-91CA-4B24-BDC8-480DA504F29D}
		{F5DF4F64-258E-41AE-8857-D1296A9927B5} = {FAB24C16-91CA-4B24-BDC8-480DA504F29D}
		{F0814215-4B18-4C32-AEB9-AE66DEF913F3} = {B5A1A9D8-19AB-47DD-80AB-1F2F82ED6734}
		{DBDB61EE-4B15-4CB8-AF3F-BA08BE2DDF20} = {B5A1A9D8-19AB-47DD-80AB-1F2F82ED6734}
		{656FC0C3-1296-4211-8D86-7956608B7530} = {B5A1A9D8-19AB-47DD-80AB-1F2F82ED6734}
		{EC6ED6F7-0D47-4E00-BC7E-033650926D9C} = {B5A1A9D8-19AB-47DD-80AB-1F2F82ED6734}
		{244AE8FD-6B04-45D0-BB42-DBFAFE9EC1B8} = {B5A1A9D8-19AB-47DD-80AB-1F2F82ED6734}
		{F0948F6B-6A28-413D-B880-E2CDAE308255} = {0B171363-3F4B-4614-B74A-AC6155E644FF}
		{E5423BF6-C775-4D60-AF1D-8F29F8029A90} = {F0948F6B-6A28-413D-B880-E2CDAE308255}
		{DF1809D6-98BA-4E9F-8BF4-FED4D08C2279} = {F0948F6B-6A28-413D-B880-E2CDAE308255}
		{16EC8E28-C217-4125-8C04-F4690AD6BC13} = {B5A1A9D8-19AB-47DD-80AB-1F2F82ED6734}
		{6FB881F5-4F88-4629-BCB5-04888B30C1A0} = {C4DA3257-A1CE-488E-9641-5A8E9270982B}
		{D97A6753-E9F9-4D07-800A-9CDCA6C308FB} = {8468BBE9-B385-4CFE-8F63-0A47E0849518}
		{50BAECBC-C48B-4A2C-BE61-905263F0A1C8} = {B5A1A9D8-19AB-47DD-80AB-1F2F82ED6734}
		{6A5369E0-9AAF-4125-810E-DC5410D296D3} = {F5DF4F64-258E-41AE-8857-D1296A9927B5}
		{22DC2257-66D1-4792-8DFD-3CB1704723DA} = {B5A1A9D8-19AB-47DD-80AB-1F2F82ED6734}
		{DF5F68AC-DE09-48F5-8181-CBDA9D489925} = {B5A1A9D8-19AB-47DD-80AB-1F2F82ED6734}
	EndGlobalSection
	GlobalSection(ExtensibilityGlobals) = postSolution
		SolutionGuid = {25C1559E-35F7-42CA-B265-A63D8D5E412C}
	EndGlobalSection
EndGlobal
