
Microsoft Visual Studio Solution File, Format Version 12.00
# Visual Studio Version 16
VisualStudioVersion = 16.0.28922.388
MinimumVisualStudioVersion = 10.0.40219.1
Project("{9A19103F-16F7-4668-BE54-9A1E7A4F7556}") = "TCCToDataOcean", "TCCToDataOcean.csproj", "{FCB1D12F-3A06-419A-BE8F-57E43C6E6ECC}"
EndProject
Project("{9A19103F-16F7-4668-BE54-9A1E7A4F7556}") = "VSS.WebApi.Common", "..\..\Common\WebApi.Common\src\VSS.WebApi.Common.csproj", "{4C482FB5-B4BD-4ABD-ACA3-78999890202C}"
EndProject
Project("{9A19103F-16F7-4668-BE54-9A1E7A4F7556}") = "VSS.MasterData.Models", "..\..\Common\MasterDataModels\src\VSS.MasterData.Models.csproj", "{B90FA0AF-7FC1-4F23-9A0D-75BB5D0E1209}"
EndProject
Project("{9A19103F-16F7-4668-BE54-9A1E7A4F7556}") = "VSS.MasterData.Proxies", "..\..\Common\MasterDataProxies\src\VSS.MasterData.Proxies.csproj", "{A103F168-E62F-4D9B-978C-F95CB125460A}"
EndProject
Project("{9A19103F-16F7-4668-BE54-9A1E7A4F7556}") = "VSS.ConfigurationStore", "..\..\Common\ConfigurationStore\src\VSS.ConfigurationStore.csproj", "{3A184FD4-FA8B-4264-8704-CCACC53F30A0}"
EndProject
Project("{9A19103F-16F7-4668-BE54-9A1E7A4F7556}") = "VSS.Pegasus.Client.Models", "..\..\Common\Pegasus\VSS.Pegasus.Client.Models\VSS.Pegasus.Client.Models.csproj", "{2DCC57CE-33AB-4478-B0B3-2597E66D0F48}"
EndProject
Project("{9A19103F-16F7-4668-BE54-9A1E7A4F7556}") = "VSS.Productivity3D.Models", "..\..\Common\Productivity3DModels\src\VSS.Productivity3D.Models.csproj", "{10F09EEE-141B-4342-B565-B3D4CCC83F7F}"
EndProject
Project("{9A19103F-16F7-4668-BE54-9A1E7A4F7556}") = "VSS.MasterData.Repositories", "..\..\Common\MasterDataRepositories\src\VSS.MasterData.Repositories.csproj", "{E3E51B7F-6EFC-4C5C-B37C-43681C46C2C5}"
EndProject
Project("{9A19103F-16F7-4668-BE54-9A1E7A4F7556}") = "VSS.ITask", "..\..\Common\ITask\src\VSS.ITask.csproj", "{5CD29ABB-3DD9-4177-AACB-0850AF57F77C}"
EndProject
Project("{9A19103F-16F7-4668-BE54-9A1E7A4F7556}") = "VSS.TCCFileAccess", "..\..\Common\TCCFileAccess\src\VSS.TCCFileAccess.csproj", "{DC919EED-FAFB-4BD8-85F8-2982F5F812D3}"
EndProject
Project("{9A19103F-16F7-4668-BE54-9A1E7A4F7556}") = "VSS.DataOcean.Client", "..\..\Common\VSS.DataOcean.Client\src\VSS.DataOcean.Client.csproj", "{904BDD7F-DA6F-4A61-8327-8C30176EEF8E}"
EndProject
Project("{9A19103F-16F7-4668-BE54-9A1E7A4F7556}") = "VSS.Common.Abstractions", "..\..\Common\VSS.Common.Abstractions\VSS.Common.Abstractions.csproj", "{559FCBEC-E19D-420C-B877-829A4A754399}"
EndProject
Project("{9A19103F-16F7-4668-BE54-9A1E7A4F7556}") = "VSS.Common.Cache.MemoryCache", "..\..\Common\VSS.Common.Cache.MemoryCache\src\VSS.Common.Cache.MemoryCache.csproj", "{97EAC78E-FAFD-4B85-A435-ECDE0AAA7D37}"
EndProject
Project("{2150E333-8FDC-42A3-9474-1A3956D46DE8}") = "External", "External", "{FF289631-B443-4060-B974-578C4696854D}"
EndProject
Project("{2150E333-8FDC-42A3-9474-1A3956D46DE8}") = "Common", "Common", "{6AC82723-F302-41E6-A477-C239B5FA9955}"
EndProject
Project("{9A19103F-16F7-4668-BE54-9A1E7A4F7556}") = "VSS.SeriLog.Extensions", "..\..\Common\LoggingExtensions\SeriLogExtensions\VSS.SeriLog.Extensions.csproj", "{8905E1B6-C5EB-4EAA-94A6-523A8D800AFE}"
EndProject
Project("{9A19103F-16F7-4668-BE54-9A1E7A4F7556}") = "VSS.Productivity3D.Filter.Abstractions", "..\..\service\Filter\Clients\VSS.Productivity3D.Filter.Abstractions\VSS.Productivity3D.Filter.Abstractions.csproj", "{FD603EA4-FC88-402F-8F13-6EA14C307826}"
EndProject
Project("{9A19103F-16F7-4668-BE54-9A1E7A4F7556}") = "VSS.Productivity3D.Project.Repository", "..\..\service\Project\Clients\VSS.Productivity3D.Project.Repository\VSS.Productivity3D.Project.Repository.csproj", "{C5382695-1A9E-406D-9C7B-FA8E039A4009}"
EndProject
Project("{9A19103F-16F7-4668-BE54-9A1E7A4F7556}") = "VSS.Productivity3D.Scheduler.Abstractions", "..\..\service\Scheduler\Clients\VSS.Productivity3D.Scheduler.Abstractions\VSS.Productivity3D.Scheduler.Abstractions.csproj", "{D23C7F79-A7AE-4EDA-A380-2324FC6876F5}"
EndProject
Project("{9A19103F-16F7-4668-BE54-9A1E7A4F7556}") = "VSS.Productivity3D.Productivity3D.Models", "..\..\service\3DP\Clients\Models\VSS.Productivity3D.Productivity3D.Models.csproj", "{06497528-E2B3-4518-8AB1-A4ACBDEFE82C}"
EndProject
Project("{9A19103F-16F7-4668-BE54-9A1E7A4F7556}") = "VSS.Productivity3D.Scheduler.Models", "..\..\service\Scheduler\Clients\VSS.Productivity3D.Scheduler.Models\VSS.Productivity3D.Scheduler.Models.csproj", "{40D7ABD9-BBB7-466A-9231-99D0B4E1FBED}"
EndProject
Project("{9A19103F-16F7-4668-BE54-9A1E7A4F7556}") = "VSS.Productivity3D.Project.Abstractions", "..\..\service\Project\Clients\VSS.Productivity3D.Project.Abstractions\VSS.Productivity3D.Project.Abstractions.csproj", "{CB9C777B-93BD-45F8-B911-7E188260B064}"
EndProject
Project("{9A19103F-16F7-4668-BE54-9A1E7A4F7556}") = "VSS.Productivity3D.Project.Proxy", "..\..\service\Project\Clients\VSS.Productivity3D.Project.Proxy\VSS.Productivity3D.Project.Proxy.csproj", "{D330AD27-4C3D-4AD3-8960-92A3825084B4}"
EndProject
Project("{9A19103F-16F7-4668-BE54-9A1E7A4F7556}") = "VSS.Project.WebApi.Common", "..\..\service\Project\src\ProjectWebApiCommon\VSS.Project.WebApi.Common.csproj", "{F97B3041-797B-46A8-BAD0-BD456A025EFE}"
EndProject
Global
	GlobalSection(SolutionConfigurationPlatforms) = preSolution
		Debug|Any CPU = Debug|Any CPU
		Release|Any CPU = Release|Any CPU
	EndGlobalSection
	GlobalSection(ProjectConfigurationPlatforms) = postSolution
		{FCB1D12F-3A06-419A-BE8F-57E43C6E6ECC}.Debug|Any CPU.ActiveCfg = Debug|Any CPU
		{FCB1D12F-3A06-419A-BE8F-57E43C6E6ECC}.Debug|Any CPU.Build.0 = Debug|Any CPU
		{FCB1D12F-3A06-419A-BE8F-57E43C6E6ECC}.Release|Any CPU.ActiveCfg = Release|Any CPU
		{FCB1D12F-3A06-419A-BE8F-57E43C6E6ECC}.Release|Any CPU.Build.0 = Release|Any CPU
		{4C482FB5-B4BD-4ABD-ACA3-78999890202C}.Debug|Any CPU.ActiveCfg = Debug|Any CPU
		{4C482FB5-B4BD-4ABD-ACA3-78999890202C}.Debug|Any CPU.Build.0 = Debug|Any CPU
		{4C482FB5-B4BD-4ABD-ACA3-78999890202C}.Release|Any CPU.ActiveCfg = Release|Any CPU
		{4C482FB5-B4BD-4ABD-ACA3-78999890202C}.Release|Any CPU.Build.0 = Release|Any CPU
		{B90FA0AF-7FC1-4F23-9A0D-75BB5D0E1209}.Debug|Any CPU.ActiveCfg = Debug|Any CPU
		{B90FA0AF-7FC1-4F23-9A0D-75BB5D0E1209}.Debug|Any CPU.Build.0 = Debug|Any CPU
		{B90FA0AF-7FC1-4F23-9A0D-75BB5D0E1209}.Release|Any CPU.ActiveCfg = Release|Any CPU
		{B90FA0AF-7FC1-4F23-9A0D-75BB5D0E1209}.Release|Any CPU.Build.0 = Release|Any CPU
		{A103F168-E62F-4D9B-978C-F95CB125460A}.Debug|Any CPU.ActiveCfg = Debug|Any CPU
		{A103F168-E62F-4D9B-978C-F95CB125460A}.Debug|Any CPU.Build.0 = Debug|Any CPU
		{A103F168-E62F-4D9B-978C-F95CB125460A}.Release|Any CPU.ActiveCfg = Release|Any CPU
		{A103F168-E62F-4D9B-978C-F95CB125460A}.Release|Any CPU.Build.0 = Release|Any CPU
		{3A184FD4-FA8B-4264-8704-CCACC53F30A0}.Debug|Any CPU.ActiveCfg = Debug|Any CPU
		{3A184FD4-FA8B-4264-8704-CCACC53F30A0}.Debug|Any CPU.Build.0 = Debug|Any CPU
		{3A184FD4-FA8B-4264-8704-CCACC53F30A0}.Release|Any CPU.ActiveCfg = Release|Any CPU
		{3A184FD4-FA8B-4264-8704-CCACC53F30A0}.Release|Any CPU.Build.0 = Release|Any CPU
		{2DCC57CE-33AB-4478-B0B3-2597E66D0F48}.Debug|Any CPU.ActiveCfg = Debug|Any CPU
		{2DCC57CE-33AB-4478-B0B3-2597E66D0F48}.Debug|Any CPU.Build.0 = Debug|Any CPU
		{2DCC57CE-33AB-4478-B0B3-2597E66D0F48}.Release|Any CPU.ActiveCfg = Release|Any CPU
		{2DCC57CE-33AB-4478-B0B3-2597E66D0F48}.Release|Any CPU.Build.0 = Release|Any CPU
		{10F09EEE-141B-4342-B565-B3D4CCC83F7F}.Debug|Any CPU.ActiveCfg = Debug|Any CPU
		{10F09EEE-141B-4342-B565-B3D4CCC83F7F}.Debug|Any CPU.Build.0 = Debug|Any CPU
		{10F09EEE-141B-4342-B565-B3D4CCC83F7F}.Release|Any CPU.ActiveCfg = Release|Any CPU
		{10F09EEE-141B-4342-B565-B3D4CCC83F7F}.Release|Any CPU.Build.0 = Release|Any CPU
		{E3E51B7F-6EFC-4C5C-B37C-43681C46C2C5}.Debug|Any CPU.ActiveCfg = Debug|Any CPU
		{E3E51B7F-6EFC-4C5C-B37C-43681C46C2C5}.Debug|Any CPU.Build.0 = Debug|Any CPU
		{E3E51B7F-6EFC-4C5C-B37C-43681C46C2C5}.Release|Any CPU.ActiveCfg = Release|Any CPU
		{E3E51B7F-6EFC-4C5C-B37C-43681C46C2C5}.Release|Any CPU.Build.0 = Release|Any CPU
		{5CD29ABB-3DD9-4177-AACB-0850AF57F77C}.Debug|Any CPU.ActiveCfg = Debug|Any CPU
		{5CD29ABB-3DD9-4177-AACB-0850AF57F77C}.Debug|Any CPU.Build.0 = Debug|Any CPU
		{5CD29ABB-3DD9-4177-AACB-0850AF57F77C}.Release|Any CPU.ActiveCfg = Release|Any CPU
		{5CD29ABB-3DD9-4177-AACB-0850AF57F77C}.Release|Any CPU.Build.0 = Release|Any CPU
		{DC919EED-FAFB-4BD8-85F8-2982F5F812D3}.Debug|Any CPU.ActiveCfg = Debug|Any CPU
		{DC919EED-FAFB-4BD8-85F8-2982F5F812D3}.Debug|Any CPU.Build.0 = Debug|Any CPU
		{DC919EED-FAFB-4BD8-85F8-2982F5F812D3}.Release|Any CPU.ActiveCfg = Release|Any CPU
		{DC919EED-FAFB-4BD8-85F8-2982F5F812D3}.Release|Any CPU.Build.0 = Release|Any CPU
		{904BDD7F-DA6F-4A61-8327-8C30176EEF8E}.Debug|Any CPU.ActiveCfg = Debug|Any CPU
		{904BDD7F-DA6F-4A61-8327-8C30176EEF8E}.Debug|Any CPU.Build.0 = Debug|Any CPU
		{904BDD7F-DA6F-4A61-8327-8C30176EEF8E}.Release|Any CPU.ActiveCfg = Release|Any CPU
		{904BDD7F-DA6F-4A61-8327-8C30176EEF8E}.Release|Any CPU.Build.0 = Release|Any CPU
		{559FCBEC-E19D-420C-B877-829A4A754399}.Debug|Any CPU.ActiveCfg = Debug|Any CPU
		{559FCBEC-E19D-420C-B877-829A4A754399}.Debug|Any CPU.Build.0 = Debug|Any CPU
		{559FCBEC-E19D-420C-B877-829A4A754399}.Release|Any CPU.ActiveCfg = Release|Any CPU
		{559FCBEC-E19D-420C-B877-829A4A754399}.Release|Any CPU.Build.0 = Release|Any CPU
		{97EAC78E-FAFD-4B85-A435-ECDE0AAA7D37}.Debug|Any CPU.ActiveCfg = Debug|Any CPU
		{97EAC78E-FAFD-4B85-A435-ECDE0AAA7D37}.Debug|Any CPU.Build.0 = Debug|Any CPU
		{97EAC78E-FAFD-4B85-A435-ECDE0AAA7D37}.Release|Any CPU.ActiveCfg = Release|Any CPU
		{97EAC78E-FAFD-4B85-A435-ECDE0AAA7D37}.Release|Any CPU.Build.0 = Release|Any CPU
		{8905E1B6-C5EB-4EAA-94A6-523A8D800AFE}.Debug|Any CPU.ActiveCfg = Debug|Any CPU
		{8905E1B6-C5EB-4EAA-94A6-523A8D800AFE}.Debug|Any CPU.Build.0 = Debug|Any CPU
		{8905E1B6-C5EB-4EAA-94A6-523A8D800AFE}.Release|Any CPU.ActiveCfg = Release|Any CPU
		{8905E1B6-C5EB-4EAA-94A6-523A8D800AFE}.Release|Any CPU.Build.0 = Release|Any CPU
		{FD603EA4-FC88-402F-8F13-6EA14C307826}.Debug|Any CPU.ActiveCfg = Debug|Any CPU
		{FD603EA4-FC88-402F-8F13-6EA14C307826}.Debug|Any CPU.Build.0 = Debug|Any CPU
		{FD603EA4-FC88-402F-8F13-6EA14C307826}.Release|Any CPU.ActiveCfg = Release|Any CPU
		{FD603EA4-FC88-402F-8F13-6EA14C307826}.Release|Any CPU.Build.0 = Release|Any CPU
		{C5382695-1A9E-406D-9C7B-FA8E039A4009}.Debug|Any CPU.ActiveCfg = Debug|Any CPU
		{C5382695-1A9E-406D-9C7B-FA8E039A4009}.Debug|Any CPU.Build.0 = Debug|Any CPU
		{C5382695-1A9E-406D-9C7B-FA8E039A4009}.Release|Any CPU.ActiveCfg = Release|Any CPU
		{C5382695-1A9E-406D-9C7B-FA8E039A4009}.Release|Any CPU.Build.0 = Release|Any CPU
		{D23C7F79-A7AE-4EDA-A380-2324FC6876F5}.Debug|Any CPU.ActiveCfg = Debug|Any CPU
		{D23C7F79-A7AE-4EDA-A380-2324FC6876F5}.Debug|Any CPU.Build.0 = Debug|Any CPU
		{D23C7F79-A7AE-4EDA-A380-2324FC6876F5}.Release|Any CPU.ActiveCfg = Release|Any CPU
		{D23C7F79-A7AE-4EDA-A380-2324FC6876F5}.Release|Any CPU.Build.0 = Release|Any CPU
		{06497528-E2B3-4518-8AB1-A4ACBDEFE82C}.Debug|Any CPU.ActiveCfg = Debug|Any CPU
		{06497528-E2B3-4518-8AB1-A4ACBDEFE82C}.Debug|Any CPU.Build.0 = Debug|Any CPU
		{06497528-E2B3-4518-8AB1-A4ACBDEFE82C}.Release|Any CPU.ActiveCfg = Release|Any CPU
		{06497528-E2B3-4518-8AB1-A4ACBDEFE82C}.Release|Any CPU.Build.0 = Release|Any CPU
		{40D7ABD9-BBB7-466A-9231-99D0B4E1FBED}.Debug|Any CPU.ActiveCfg = Debug|Any CPU
		{40D7ABD9-BBB7-466A-9231-99D0B4E1FBED}.Debug|Any CPU.Build.0 = Debug|Any CPU
		{40D7ABD9-BBB7-466A-9231-99D0B4E1FBED}.Release|Any CPU.ActiveCfg = Release|Any CPU
		{40D7ABD9-BBB7-466A-9231-99D0B4E1FBED}.Release|Any CPU.Build.0 = Release|Any CPU
		{CB9C777B-93BD-45F8-B911-7E188260B064}.Debug|Any CPU.ActiveCfg = Debug|Any CPU
		{CB9C777B-93BD-45F8-B911-7E188260B064}.Debug|Any CPU.Build.0 = Debug|Any CPU
		{CB9C777B-93BD-45F8-B911-7E188260B064}.Release|Any CPU.ActiveCfg = Release|Any CPU
		{CB9C777B-93BD-45F8-B911-7E188260B064}.Release|Any CPU.Build.0 = Release|Any CPU
		{D330AD27-4C3D-4AD3-8960-92A3825084B4}.Debug|Any CPU.ActiveCfg = Debug|Any CPU
		{D330AD27-4C3D-4AD3-8960-92A3825084B4}.Debug|Any CPU.Build.0 = Debug|Any CPU
		{D330AD27-4C3D-4AD3-8960-92A3825084B4}.Release|Any CPU.ActiveCfg = Release|Any CPU
		{D330AD27-4C3D-4AD3-8960-92A3825084B4}.Release|Any CPU.Build.0 = Release|Any CPU
		{F97B3041-797B-46A8-BAD0-BD456A025EFE}.Debug|Any CPU.ActiveCfg = Debug|Any CPU
		{F97B3041-797B-46A8-BAD0-BD456A025EFE}.Debug|Any CPU.Build.0 = Debug|Any CPU
		{F97B3041-797B-46A8-BAD0-BD456A025EFE}.Release|Any CPU.ActiveCfg = Release|Any CPU
		{F97B3041-797B-46A8-BAD0-BD456A025EFE}.Release|Any CPU.Build.0 = Release|Any CPU
	EndGlobalSection
	GlobalSection(SolutionProperties) = preSolution
		HideSolutionNode = FALSE
	EndGlobalSection
	GlobalSection(NestedProjects) = preSolution
		{4C482FB5-B4BD-4ABD-ACA3-78999890202C} = {6AC82723-F302-41E6-A477-C239B5FA9955}
		{B90FA0AF-7FC1-4F23-9A0D-75BB5D0E1209} = {6AC82723-F302-41E6-A477-C239B5FA9955}
		{A103F168-E62F-4D9B-978C-F95CB125460A} = {6AC82723-F302-41E6-A477-C239B5FA9955}
		{3A184FD4-FA8B-4264-8704-CCACC53F30A0} = {6AC82723-F302-41E6-A477-C239B5FA9955}
		{2DCC57CE-33AB-4478-B0B3-2597E66D0F48} = {6AC82723-F302-41E6-A477-C239B5FA9955}
		{10F09EEE-141B-4342-B565-B3D4CCC83F7F} = {FF289631-B443-4060-B974-578C4696854D}
		{E3E51B7F-6EFC-4C5C-B37C-43681C46C2C5} = {6AC82723-F302-41E6-A477-C239B5FA9955}
		{5CD29ABB-3DD9-4177-AACB-0850AF57F77C} = {6AC82723-F302-41E6-A477-C239B5FA9955}
		{DC919EED-FAFB-4BD8-85F8-2982F5F812D3} = {FF289631-B443-4060-B974-578C4696854D}
		{904BDD7F-DA6F-4A61-8327-8C30176EEF8E} = {6AC82723-F302-41E6-A477-C239B5FA9955}
		{559FCBEC-E19D-420C-B877-829A4A754399} = {6AC82723-F302-41E6-A477-C239B5FA9955}
		{97EAC78E-FAFD-4B85-A435-ECDE0AAA7D37} = {6AC82723-F302-41E6-A477-C239B5FA9955}
		{6AC82723-F302-41E6-A477-C239B5FA9955} = {FF289631-B443-4060-B974-578C4696854D}
		{8905E1B6-C5EB-4EAA-94A6-523A8D800AFE} = {6AC82723-F302-41E6-A477-C239B5FA9955}
		{FD603EA4-FC88-402F-8F13-6EA14C307826} = {FF289631-B443-4060-B974-578C4696854D}
		{C5382695-1A9E-406D-9C7B-FA8E039A4009} = {FF289631-B443-4060-B974-578C4696854D}
		{D23C7F79-A7AE-4EDA-A380-2324FC6876F5} = {FF289631-B443-4060-B974-578C4696854D}
		{06497528-E2B3-4518-8AB1-A4ACBDEFE82C} = {FF289631-B443-4060-B974-578C4696854D}
		{40D7ABD9-BBB7-466A-9231-99D0B4E1FBED} = {FF289631-B443-4060-B974-578C4696854D}
		{CB9C777B-93BD-45F8-B911-7E188260B064} = {FF289631-B443-4060-B974-578C4696854D}
		{D330AD27-4C3D-4AD3-8960-92A3825084B4} = {FF289631-B443-4060-B974-578C4696854D}
		{F97B3041-797B-46A8-BAD0-BD456A025EFE} = {FF289631-B443-4060-B974-578C4696854D}
	EndGlobalSection
	GlobalSection(ExtensibilityGlobals) = postSolution
		SolutionGuid = {311DF43E-5F99-4346-8868-E18364967D05}
	EndGlobalSection
EndGlobal
